{
  "version": 4,
  "terraform_version": "1.0.8",
  "serial": 174,
  "lineage": "93b6b6b4-573d-042b-2fd2-fd87c6bad03e",
  "outputs": {
    "api_gateway_custom_domain_name": {
      "value": "dani.groveops.net",
      "type": "string"
    },
    "domain_output": {
      "value": "d1243g27tpqbtw.cloudfront.net",
      "type": "string"
    },
    "lambda_authorizer_invoke_arn": {
      "value": "arn:aws:apigateway:us-east-2:lambda:path/2015-03-31/functions/arn:aws:lambda:us-east-2:489994096722:function:vap-dani-s-test-api-key-authoriser/invocations",
      "type": "string"
    },
    "outputs": {
      "value": "daniyaldm",
      "type": "string"
    }
  },
  "resources": [
    {
      "mode": "data",
      "type": "aws_caller_identity",
      "name": "current",
      "provider": "provider[\"registry.terraform.io/hashicorp/aws\"]",
      "instances": [
        {
          "schema_version": 0,
          "attributes": {
            "account_id": "489994096722",
            "arn": "arn:aws:iam::489994096722:user/daniyal.lodhi",
            "id": "489994096722",
            "user_id": "AIDAXEFPMSBJMAX5CQT6I"
          },
          "sensitive_attributes": []
        }
      ]
    },
    {
      "mode": "data",
      "type": "aws_region",
      "name": "current",
      "provider": "provider[\"registry.terraform.io/hashicorp/aws\"]",
      "instances": [
        {
          "schema_version": 0,
          "attributes": {
            "description": "US East (Ohio)",
            "endpoint": "ec2.us-east-2.amazonaws.com",
            "id": "us-east-2",
            "name": "us-east-2"
          },
          "sensitive_attributes": []
        }
      ]
    },
    {
      "mode": "data",
      "type": "terraform_remote_state",
      "name": "vap-platform-infra",
      "provider": "provider[\"terraform.io/builtin/terraform\"]",
      "instances": [
        {
          "schema_version": 0,
          "attributes": {
            "backend": "s3",
            "config": {
              "value": {
                "bucket": "dani-dev-terraform-remote-state-centralised",
                "key": "vap-platform-infra/us-east-1/{{ENV}}/terraform.tfstate",
                "region": "us-east-1"
              },
              "type": [
                "object",
                {
                  "bucket": "string",
                  "key": "string",
                  "region": "string"
                }
              ]
            },
            "defaults": null,
            "outputs": {
              "value": {
                "ARTIFACT_S3_BUCKET_NAME": "vap-dani-s-test-artifacts-bucket",
                "BUCKET_REGIONAL_DOMAIN_NAME": "vap-dani-s-test-portal.s3.amazonaws.com",
                "DEV_PORTAL_CUSTOMERS_TABLE_ARN": "arn:aws:dynamodb:us-east-1:489994096722:table/vap-dani-s-test-user",
                "DEV_PORTAL_CUSTOMERS_TABLE_NAME": "vap-dani-s-test-user",
                "DEV_PORTAL_FEEDBACK_TABLE_ARN": "arn:aws:dynamodb:us-east-1:489994096722:table/vap-dani-s-test-feedback",
                "DEV_PORTAL_FEEDBACK_TABLE_NAME": "vap-dani-s-test-feedback",
                "DEV_PORTAL_PRE_LOGIN_ACCOUNTS_TABLE_ARN": "arn:aws:dynamodb:us-east-1:489994096722:table/vap-dani-s-test-prelogin-account",
                "DEV_PORTAL_PRE_LOGIN_ACCOUNTS_TABLE_NAME": "vap-dani-s-test-prelogin-account",
                "DEV_PORTAL_SITE_S3_BUCKET_NAME": "vap-dani-s-test-portal",
                "TOPIC_NAME": "arn:aws:sns:us-east-1:489994096722:vap-dani-s-test-send-feedback-email"
              },
              "type": [
                "object",
                {
                  "ARTIFACT_S3_BUCKET_NAME": "string",
                  "BUCKET_REGIONAL_DOMAIN_NAME": "string",
                  "DEV_PORTAL_CUSTOMERS_TABLE_ARN": "string",
                  "DEV_PORTAL_CUSTOMERS_TABLE_NAME": "string",
                  "DEV_PORTAL_FEEDBACK_TABLE_ARN": "string",
                  "DEV_PORTAL_FEEDBACK_TABLE_NAME": "string",
                  "DEV_PORTAL_PRE_LOGIN_ACCOUNTS_TABLE_ARN": "string",
                  "DEV_PORTAL_PRE_LOGIN_ACCOUNTS_TABLE_NAME": "string",
                  "DEV_PORTAL_SITE_S3_BUCKET_NAME": "string",
                  "TOPIC_NAME": "string"
                }
              ]
            },
            "workspace": null
          },
          "sensitive_attributes": []
        }
      ]
    },
    {
      "mode": "managed",
      "type": "aws_api_gateway_account",
      "name": "this",
      "provider": "provider[\"registry.terraform.io/hashicorp/aws\"]",
      "instances": [
        {
          "schema_version": 0,
          "attributes": {
            "cloudwatch_role_arn": "arn:aws:iam::489994096722:role/api-gateway-cloudwatch-role",
            "id": "api-gateway-account",
            "throttle_settings": [
              {
                "burst_limit": 5000,
                "rate_limit": 10000
              }
            ]
          },
          "sensitive_attributes": [],
          "private": "bnVsbA==",
          "dependencies": [
            "aws_iam_role.api_gateway_cloudwatch"
          ]
        }
      ]
    },
    {
      "mode": "managed",
      "type": "aws_iam_role",
      "name": "api_gateway_cloudwatch",
      "provider": "provider[\"registry.terraform.io/hashicorp/aws\"]",
      "instances": [
        {
          "schema_version": 0,
          "attributes": {
            "arn": "arn:aws:iam::489994096722:role/api-gateway-cloudwatch-role",
            "assume_role_policy": "{\"Version\":\"2012-10-17\",\"Statement\":[{\"Sid\":\"\",\"Effect\":\"Allow\",\"Principal\":{\"Service\":\"apigateway.amazonaws.com\"},\"Action\":\"sts:AssumeRole\"}]}",
            "create_date": "2021-11-17T18:23:37Z",
            "description": "",
            "force_detach_policies": false,
            "id": "api-gateway-cloudwatch-role",
            "inline_policy": [
              {
                "name": "",
                "policy": ""
              }
            ],
            "managed_policy_arns": [],
            "max_session_duration": 3600,
            "name": "api-gateway-cloudwatch-role",
            "name_prefix": null,
            "path": "/",
            "permissions_boundary": null,
            "tags": null,
            "tags_all": {},
            "unique_id": "AROAXEFPMSBJJDOWSAEGO"
          },
          "sensitive_attributes": [],
          "private": "bnVsbA=="
        }
      ]
    },
    {
      "mode": "managed",
      "type": "aws_iam_role_policy",
      "name": "api_gateway_cloudwatch",
      "provider": "provider[\"registry.terraform.io/hashicorp/aws\"]",
      "instances": [
        {
          "schema_version": 0,
          "attributes": {
            "id": "api-gateway-cloudwatch-role:api-gateway-cloudwatch-policy",
            "name": "api-gateway-cloudwatch-policy",
            "name_prefix": null,
            "policy": "{\n    \"Version\": \"2012-10-17\",\n    \"Statement\": [\n        {\n            \"Effect\": \"Allow\",\n            \"Action\": [\n                \"logs:CreateLogGroup\",\n                \"logs:CreateLogStream\",\n                \"logs:DescribeLogGroups\",\n                \"logs:DescribeLogStreams\",\n                \"logs:PutLogEvents\",\n                \"logs:GetLogEvents\",\n                \"logs:FilterLogEvents\"\n            ],\n            \"Resource\": \"arn:aws:logs:us-east-2:489994096722:log-group:*:*\"\n        }\n    ]\n}\n",
            "role": "api-gateway-cloudwatch-role"
          },
          "sensitive_attributes": [],
          "private": "bnVsbA==",
          "dependencies": [
            "aws_iam_role.api_gateway_cloudwatch",
            "data.aws_caller_identity.current",
            "data.aws_region.current"
          ]
        }
      ]
    },
    {
      "module": "module.api",
      "mode": "managed",
      "type": "aws_api_gateway_authorizer",
      "name": "lambda_authorizer",
      "provider": "provider[\"registry.terraform.io/hashicorp/aws\"]",
      "instances": [
        {
          "schema_version": 0,
          "attributes": {
            "authorizer_credentials": "arn:aws:iam::489994096722:role/vap-dani-s-test-api-key-authoriser_role",
            "authorizer_result_ttl_in_seconds": 300,
            "authorizer_uri": "arn:aws:apigateway:us-east-2:lambda:path/2015-03-31/functions/arn:aws:lambda:us-east-2:489994096722:function:vap-dani-s-test-api-key-authoriser/invocations",
            "id": "4brak0",
            "identity_source": "method.request.header.Authorization",
            "identity_validation_expression": "",
            "name": "vap-dani-s-test-lambda-authorizer",
            "provider_arns": null,
            "rest_api_id": "oz2ts9grb4",
            "type": "TOKEN"
          },
          "sensitive_attributes": [],
          "private": "bnVsbA==",
          "dependencies": [
            "data.aws_caller_identity.current",
            "data.aws_region.current",
            "data.terraform_remote_state.vap-platform-infra",
            "module.api.aws_api_gateway_rest_api.api-gateway",
            "module.cognito.aws_cognito_user_pool.cognito_user_pool",
            "module.lambda.aws_lambda_function.lambda_api_key_authoriser_function",
            "module.lambda.aws_lambda_layer_version.lambda-common-layer",
            "module.lambda.data.archive_file.lambda_api_key_authoriser_function",
            "module.role.aws_iam_role.api_key_authoriser_invocation_role",
            "module.role.aws_iam_role.cognito_sms_caller_role",
            "module.role.aws_iam_role.lambda_authorizer_role"
          ]
        }
      ]
    },
    {
      "module": "module.api",
      "mode": "managed",
      "type": "aws_api_gateway_deployment",
      "name": "api-gateway-deployment",
      "provider": "provider[\"registry.terraform.io/hashicorp/aws\"]",
      "instances": [
        {
          "schema_version": 0,
          "attributes": {
            "created_date": "2021-11-17T18:24:10Z",
            "description": "1.0",
            "execution_arn": "arn:aws:execute-api:us-east-2:489994096722:oz2ts9grb4/prod",
            "id": "8mt9lm",
            "invoke_url": "https://oz2ts9grb4.execute-api.us-east-2.amazonaws.com/prod",
            "rest_api_id": "oz2ts9grb4",
            "stage_description": "1.0",
            "stage_name": "prod",
            "triggers": null,
            "variables": {
              "DevPortalFunctionName": "vap-dani-s-test-backend"
            }
          },
          "sensitive_attributes": [],
          "private": "bnVsbA==",
          "dependencies": [
            "data.aws_caller_identity.current",
            "data.aws_region.current",
            "module.api.aws_api_gateway_resource.admin_catalog_resource",
            "module.api.aws_api_gateway_resource.admin_catalog_visibility_resource",
            "module.api.aws_api_gateway_resource.admin_resource",
            "module.api.aws_api_gateway_resource.catalog_resource",
            "module.api.aws_api_gateway_resource.feedback_resource",
            "module.api.aws_api_gateway_resource.proxy_resource",
            "module.api.aws_api_gateway_resource.register_resource",
            "module.api.aws_api_gateway_rest_api.api-gateway",
            "module.api.module.catalog.aws_api_gateway_integration.lambda_integration",
            "module.api.module.catalog.aws_api_gateway_method.lambda_method",
            "module.api.module.catalog.aws_api_gateway_method_response.lambda_method_response_200",
            "module.api.module.catalog_resource_OPTION.aws_api_gateway_method.lambda_method",
            "module.api.module.feedback_delete.aws_api_gateway_integration.lambda_integration",
            "module.api.module.feedback_delete.aws_api_gateway_method.lambda_method",
            "module.api.module.feedback_delete.aws_api_gateway_method_response.lambda_method_response_200",
            "module.api.module.feedback_get.aws_api_gateway_integration.lambda_integration",
            "module.api.module.feedback_get.aws_api_gateway_method.lambda_method",
            "module.api.module.feedback_get.aws_api_gateway_method_response.lambda_method_response_200",
            "module.api.module.feedback_post.aws_api_gateway_integration.lambda_integration",
            "module.api.module.feedback_post.aws_api_gateway_method.lambda_method",
            "module.api.module.feedback_post.aws_api_gateway_method_response.lambda_method_response_200",
            "module.api.module.feedback_resource_OPTION.aws_api_gateway_method.lambda_method",
            "module.api.module.proxy_post.aws_api_gateway_integration.lambda_integration",
            "module.api.module.proxy_post.aws_api_gateway_method.lambda_method",
            "module.api.module.proxy_post.aws_api_gateway_method_response.lambda_method_response_200",
            "module.api.module.proxy_resource_OPTION.aws_api_gateway_method.lambda_method",
            "module.api.module.register.aws_api_gateway_integration.lambda_integration",
            "module.api.module.register.aws_api_gateway_method.lambda_method",
            "module.api.module.register.aws_api_gateway_method_response.lambda_method_response_200",
            "module.api.module.register_resource_OPTION.aws_api_gateway_method.lambda_method",
            "module.api.module.root_resource_OPTION.aws_api_gateway_method.lambda_method",
            "module.api.module.version_resource_OPTION.aws_api_gateway_method.lambda_method",
            "module.api.module.visibility_get.aws_api_gateway_integration.lambda_integration",
            "module.api.module.visibility_get.aws_api_gateway_method.lambda_method",
            "module.api.module.visibility_get.aws_api_gateway_method_response.lambda_method_response_200",
            "module.api.module.visibility_post.aws_api_gateway_integration.lambda_integration",
            "module.api.module.visibility_post.aws_api_gateway_method.lambda_method",
            "module.api.module.visibility_post.aws_api_gateway_method_response.lambda_method_response_200",
            "module.api.module.visibility_resource_OPTION.aws_api_gateway_method.lambda_method"
          ],
          "create_before_destroy": true
        }
      ]
    },
    {
      "module": "module.api",
      "mode": "managed",
      "type": "aws_api_gateway_resource",
      "name": "admin_catalog_resource",
      "provider": "provider[\"registry.terraform.io/hashicorp/aws\"]",
      "instances": [
        {
          "schema_version": 0,
          "attributes": {
            "id": "4hezep",
            "parent_id": "hbwi7e",
            "path": "/admin/catalog",
            "path_part": "catalog",
            "rest_api_id": "oz2ts9grb4"
          },
          "sensitive_attributes": [],
          "private": "bnVsbA==",
          "dependencies": [
            "module.api.aws_api_gateway_resource.admin_resource",
            "module.api.aws_api_gateway_rest_api.api-gateway"
          ],
          "create_before_destroy": true
        }
      ]
    },
    {
      "module": "module.api",
      "mode": "managed",
      "type": "aws_api_gateway_resource",
      "name": "admin_catalog_visibility_resource",
      "provider": "provider[\"registry.terraform.io/hashicorp/aws\"]",
      "instances": [
        {
          "schema_version": 0,
          "attributes": {
            "id": "y6wtnl",
            "parent_id": "4hezep",
            "path": "/admin/catalog/visibility",
            "path_part": "visibility",
            "rest_api_id": "oz2ts9grb4"
          },
          "sensitive_attributes": [],
          "private": "bnVsbA==",
          "dependencies": [
            "module.api.aws_api_gateway_resource.admin_catalog_resource",
            "module.api.aws_api_gateway_resource.admin_resource",
            "module.api.aws_api_gateway_rest_api.api-gateway"
          ],
          "create_before_destroy": true
        }
      ]
    },
    {
      "module": "module.api",
      "mode": "managed",
      "type": "aws_api_gateway_resource",
      "name": "admin_resource",
      "provider": "provider[\"registry.terraform.io/hashicorp/aws\"]",
      "instances": [
        {
          "schema_version": 0,
          "attributes": {
            "id": "hbwi7e",
            "parent_id": "v4di5j2rsf",
            "path": "/admin",
            "path_part": "admin",
            "rest_api_id": "oz2ts9grb4"
          },
          "sensitive_attributes": [],
          "private": "bnVsbA==",
          "dependencies": [
            "module.api.aws_api_gateway_rest_api.api-gateway"
          ],
          "create_before_destroy": true
        }
      ]
    },
    {
      "module": "module.api",
      "mode": "managed",
      "type": "aws_api_gateway_resource",
      "name": "catalog_resource",
      "provider": "provider[\"registry.terraform.io/hashicorp/aws\"]",
      "instances": [
        {
          "schema_version": 0,
          "attributes": {
            "id": "khbs8x",
            "parent_id": "v4di5j2rsf",
            "path": "/catalog",
            "path_part": "catalog",
            "rest_api_id": "oz2ts9grb4"
          },
          "sensitive_attributes": [],
          "private": "bnVsbA==",
          "dependencies": [
            "module.api.aws_api_gateway_rest_api.api-gateway"
          ],
          "create_before_destroy": true
        }
      ]
    },
    {
      "module": "module.api",
      "mode": "managed",
      "type": "aws_api_gateway_resource",
      "name": "feedback_resource",
      "provider": "provider[\"registry.terraform.io/hashicorp/aws\"]",
      "instances": [
        {
          "schema_version": 0,
          "attributes": {
            "id": "clbpwh",
            "parent_id": "v4di5j2rsf",
            "path": "/feedback",
            "path_part": "feedback",
            "rest_api_id": "oz2ts9grb4"
          },
          "sensitive_attributes": [],
          "private": "bnVsbA==",
          "dependencies": [
            "module.api.aws_api_gateway_rest_api.api-gateway"
          ],
          "create_before_destroy": true
        }
      ]
    },
    {
      "module": "module.api",
      "mode": "managed",
      "type": "aws_api_gateway_resource",
      "name": "proxy_resource",
      "provider": "provider[\"registry.terraform.io/hashicorp/aws\"]",
      "instances": [
        {
          "schema_version": 0,
          "attributes": {
            "id": "u2jhz6",
            "parent_id": "v4di5j2rsf",
            "path": "/{proxy+}",
            "path_part": "{proxy+}",
            "rest_api_id": "oz2ts9grb4"
          },
          "sensitive_attributes": [],
          "private": "bnVsbA==",
          "dependencies": [
            "module.api.aws_api_gateway_rest_api.api-gateway"
          ],
          "create_before_destroy": true
        }
      ]
    },
    {
      "module": "module.api",
      "mode": "managed",
      "type": "aws_api_gateway_resource",
      "name": "register_resource",
      "provider": "provider[\"registry.terraform.io/hashicorp/aws\"]",
      "instances": [
        {
          "schema_version": 0,
          "attributes": {
            "id": "imwoue",
            "parent_id": "v4di5j2rsf",
            "path": "/register",
            "path_part": "register",
            "rest_api_id": "oz2ts9grb4"
          },
          "sensitive_attributes": [],
          "private": "bnVsbA==",
          "dependencies": [
            "module.api.aws_api_gateway_rest_api.api-gateway"
          ],
          "create_before_destroy": true
        }
      ]
    },
    {
      "module": "module.api",
      "mode": "managed",
      "type": "aws_api_gateway_resource",
      "name": "version_number_resource",
      "provider": "provider[\"registry.terraform.io/hashicorp/aws\"]",
      "instances": [
        {
          "schema_version": 0,
          "attributes": {
            "id": "kst4kp",
            "parent_id": "94jiro",
            "path": "/version/{v4_1_0}",
            "path_part": "{v4_1_0}",
            "rest_api_id": "oz2ts9grb4"
          },
          "sensitive_attributes": [],
          "private": "bnVsbA==",
          "dependencies": [
            "module.api.aws_api_gateway_resource.version_resource",
            "module.api.aws_api_gateway_rest_api.api-gateway"
          ]
        }
      ]
    },
    {
      "module": "module.api",
      "mode": "managed",
      "type": "aws_api_gateway_resource",
      "name": "version_resource",
      "provider": "provider[\"registry.terraform.io/hashicorp/aws\"]",
      "instances": [
        {
          "schema_version": 0,
          "attributes": {
            "id": "94jiro",
            "parent_id": "v4di5j2rsf",
            "path": "/version",
            "path_part": "version",
            "rest_api_id": "oz2ts9grb4"
          },
          "sensitive_attributes": [],
          "private": "bnVsbA==",
          "dependencies": [
            "module.api.aws_api_gateway_rest_api.api-gateway"
          ]
        }
      ]
    },
    {
      "module": "module.api",
      "mode": "managed",
      "type": "aws_api_gateway_rest_api",
      "name": "api-gateway",
      "provider": "provider[\"registry.terraform.io/hashicorp/aws\"]",
      "instances": [
        {
          "schema_version": 0,
          "attributes": {
            "api_key_source": "HEADER",
            "arn": "arn:aws:apigateway:us-east-2::/restapis/oz2ts9grb4",
            "binary_media_types": [],
            "body": null,
            "created_date": "2021-11-17T18:23:28Z",
            "description": "API to trigger lambda function.",
            "disable_execute_api_endpoint": false,
            "endpoint_configuration": [
              {
                "types": [
                  "EDGE"
                ],
                "vpc_endpoint_ids": []
              }
            ],
            "execution_arn": "arn:aws:execute-api:us-east-2:489994096722:oz2ts9grb4",
            "id": "oz2ts9grb4",
            "minimum_compression_size": -1,
            "name": "vap-dani-s-test-backend-api",
            "parameters": null,
            "policy": "",
            "root_resource_id": "v4di5j2rsf",
            "tags": null,
            "tags_all": {}
          },
          "sensitive_attributes": [],
          "private": "bnVsbA==",
          "create_before_destroy": true
        }
      ]
    },
    {
      "module": "module.api",
      "mode": "managed",
      "type": "aws_lambda_permission",
      "name": "lambda_permission1",
      "provider": "provider[\"registry.terraform.io/hashicorp/aws\"]",
      "instances": []
    },
    {
      "module": "module.api",
      "mode": "managed",
      "type": "aws_lambda_permission",
      "name": "lambda_permission2",
      "provider": "provider[\"registry.terraform.io/hashicorp/aws\"]",
      "instances": []
    },
    {
      "module": "module.api",
      "mode": "managed",
      "type": "aws_lambda_permission",
      "name": "lambda_permission3",
      "provider": "provider[\"registry.terraform.io/hashicorp/aws\"]",
      "instances": []
    },
    {
      "module": "module.api.module.catalog",
      "mode": "managed",
      "type": "aws_api_gateway_integration",
      "name": "lambda_integration",
      "provider": "provider[\"registry.terraform.io/hashicorp/aws\"]",
      "instances": [
        {
          "index_key": 0,
          "schema_version": 0,
          "attributes": {
            "cache_key_parameters": null,
            "cache_namespace": "khbs8x",
            "connection_id": "",
            "connection_type": "INTERNET",
            "content_handling": "",
            "credentials": "",
            "http_method": "GET",
            "id": "agi-oz2ts9grb4-khbs8x-GET",
            "integration_http_method": "POST",
            "passthrough_behavior": "WHEN_NO_MATCH",
            "request_parameters": null,
            "request_templates": {
              "application/json": ""
            },
            "resource_id": "khbs8x",
            "rest_api_id": "oz2ts9grb4",
            "timeout_milliseconds": 29000,
            "tls_config": [],
            "type": "AWS_PROXY",
            "uri": "arn:aws:apigateway:us-east-2:lambda:path/2015-03-31/functions/arn:aws:lambda:us-east-2:489994096722:function:${stageVariables.DevPortalFunctionName}/invocations"
          },
          "sensitive_attributes": [],
          "private": "bnVsbA==",
          "dependencies": [
            "data.aws_caller_identity.current",
            "data.aws_region.current",
            "module.api.aws_api_gateway_resource.catalog_resource",
            "module.api.aws_api_gateway_rest_api.api-gateway",
            "module.api.module.catalog.aws_api_gateway_method.lambda_method"
          ],
          "create_before_destroy": true
        }
      ]
    },
    {
      "module": "module.api.module.catalog",
      "mode": "managed",
      "type": "aws_api_gateway_integration_response",
      "name": "lambda_integration_response",
      "provider": "provider[\"registry.terraform.io/hashicorp/aws\"]",
      "instances": [
        {
          "index_key": 0,
          "schema_version": 0,
          "attributes": {
            "content_handling": "",
            "http_method": "GET",
            "id": "agir-oz2ts9grb4-khbs8x-GET-200",
            "resource_id": "khbs8x",
            "response_parameters": {
              "method.response.header.Access-Control-Allow-Headers": "'Authorization,authorization,Content-Type,X-Amz-Date,X-Amz-Security-Token,X-Api-Key'",
              "method.response.header.Access-Control-Allow-Methods": "'*'",
              "method.response.header.Access-Control-Allow-Origin": "'*'"
            },
            "response_templates": {
              "application/json": ""
            },
            "rest_api_id": "oz2ts9grb4",
            "selection_pattern": "",
            "status_code": "200"
          },
          "sensitive_attributes": [],
          "private": "bnVsbA==",
          "dependencies": [
            "data.aws_caller_identity.current",
            "data.aws_region.current",
            "module.api.aws_api_gateway_resource.catalog_resource",
            "module.api.aws_api_gateway_rest_api.api-gateway",
            "module.api.module.catalog.aws_api_gateway_integration.lambda_integration",
            "module.api.module.catalog.aws_api_gateway_method.lambda_method",
            "module.api.module.catalog.aws_api_gateway_method_response.lambda_method_response_200"
          ]
        }
      ]
    },
    {
      "module": "module.api.module.catalog",
      "mode": "managed",
      "type": "aws_api_gateway_method",
      "name": "lambda_method",
      "provider": "provider[\"registry.terraform.io/hashicorp/aws\"]",
      "instances": [
        {
          "index_key": 0,
          "schema_version": 0,
          "attributes": {
            "api_key_required": false,
            "authorization": "AWS_IAM",
            "authorization_scopes": null,
            "authorizer_id": null,
            "http_method": "GET",
            "id": "agm-oz2ts9grb4-khbs8x-GET",
            "operation_name": null,
            "request_models": null,
            "request_parameters": null,
            "request_validator_id": null,
            "resource_id": "khbs8x",
            "rest_api_id": "oz2ts9grb4"
          },
          "sensitive_attributes": [],
          "private": "bnVsbA==",
          "dependencies": [
            "module.api.aws_api_gateway_resource.catalog_resource",
            "module.api.aws_api_gateway_rest_api.api-gateway"
          ],
          "create_before_destroy": true
        }
      ]
    },
    {
      "module": "module.api.module.catalog",
      "mode": "managed",
      "type": "aws_api_gateway_method_response",
      "name": "lambda_method_response_200",
      "provider": "provider[\"registry.terraform.io/hashicorp/aws\"]",
      "instances": [
        {
          "index_key": 0,
          "schema_version": 0,
          "attributes": {
            "http_method": "GET",
            "id": "agmr-oz2ts9grb4-khbs8x-GET-200",
            "resource_id": "khbs8x",
            "response_models": null,
            "response_parameters": {
              "method.response.header.Access-Control-Allow-Headers": true,
              "method.response.header.Access-Control-Allow-Methods": true,
              "method.response.header.Access-Control-Allow-Origin": true
            },
            "rest_api_id": "oz2ts9grb4",
            "status_code": "200"
          },
          "sensitive_attributes": [],
          "private": "bnVsbA==",
          "dependencies": [
            "module.api.aws_api_gateway_resource.catalog_resource",
            "module.api.aws_api_gateway_rest_api.api-gateway",
            "module.api.module.catalog.aws_api_gateway_method.lambda_method"
          ],
          "create_before_destroy": true
        }
      ]
    },
    {
      "module": "module.api.module.catalog_resource_OPTION",
      "mode": "managed",
      "type": "aws_api_gateway_integration",
      "name": "options_root_integration",
      "provider": "provider[\"registry.terraform.io/hashicorp/aws\"]",
      "instances": [
        {
          "index_key": 0,
          "schema_version": 0,
          "attributes": {
            "cache_key_parameters": null,
            "cache_namespace": "khbs8x",
            "connection_id": "",
            "connection_type": "INTERNET",
            "content_handling": "",
            "credentials": "",
            "http_method": "OPTIONS",
            "id": "agi-oz2ts9grb4-khbs8x-OPTIONS",
            "integration_http_method": "",
            "passthrough_behavior": "WHEN_NO_MATCH",
            "request_parameters": null,
            "request_templates": {
              "application/json": "{ \"statusCode\": 200 }"
            },
            "resource_id": "khbs8x",
            "rest_api_id": "oz2ts9grb4",
            "timeout_milliseconds": 29000,
            "tls_config": [],
            "type": "MOCK",
            "uri": ""
          },
          "sensitive_attributes": [],
          "private": "bnVsbA==",
          "dependencies": [
            "module.api.aws_api_gateway_resource.catalog_resource",
            "module.api.aws_api_gateway_rest_api.api-gateway",
            "module.api.module.catalog_resource_OPTION.aws_api_gateway_method.options_root_method"
          ]
        }
      ]
    },
    {
      "module": "module.api.module.catalog_resource_OPTION",
      "mode": "managed",
      "type": "aws_api_gateway_integration_response",
      "name": "options_root_integration_response",
      "provider": "provider[\"registry.terraform.io/hashicorp/aws\"]",
      "instances": [
        {
          "index_key": 0,
          "schema_version": 0,
          "attributes": {
            "content_handling": "",
            "http_method": "OPTIONS",
            "id": "agir-oz2ts9grb4-khbs8x-OPTIONS-200",
            "resource_id": "khbs8x",
            "response_parameters": {
              "method.response.header.Access-Control-Allow-Headers": "'Authorization,authorization,Content-Type,X-Amz-Date,X-Amz-Security-Token,X-Api-Key'",
              "method.response.header.Access-Control-Allow-Methods": "'*'",
              "method.response.header.Access-Control-Allow-Origin": "'*'"
            },
            "response_templates": null,
            "rest_api_id": "oz2ts9grb4",
            "selection_pattern": "",
            "status_code": "200"
          },
          "sensitive_attributes": [],
          "private": "bnVsbA==",
          "dependencies": [
            "module.api.aws_api_gateway_resource.catalog_resource",
            "module.api.aws_api_gateway_rest_api.api-gateway",
            "module.api.module.catalog_resource_OPTION.aws_api_gateway_integration.options_root_integration",
            "module.api.module.catalog_resource_OPTION.aws_api_gateway_method.options_root_method",
            "module.api.module.catalog_resource_OPTION.aws_api_gateway_method_response.options_root_method_response_200"
          ]
        }
      ]
    },
    {
      "module": "module.api.module.catalog_resource_OPTION",
      "mode": "managed",
      "type": "aws_api_gateway_method",
      "name": "options_root_method",
      "provider": "provider[\"registry.terraform.io/hashicorp/aws\"]",
      "instances": [
        {
          "index_key": 0,
          "schema_version": 0,
          "attributes": {
            "api_key_required": false,
            "authorization": "NONE",
            "authorization_scopes": null,
            "authorizer_id": null,
            "http_method": "OPTIONS",
            "id": "agm-oz2ts9grb4-khbs8x-OPTIONS",
            "operation_name": null,
            "request_models": null,
            "request_parameters": null,
            "request_validator_id": null,
            "resource_id": "khbs8x",
            "rest_api_id": "oz2ts9grb4"
          },
          "sensitive_attributes": [],
          "private": "bnVsbA==",
          "dependencies": [
            "module.api.aws_api_gateway_resource.catalog_resource",
            "module.api.aws_api_gateway_rest_api.api-gateway"
          ]
        }
      ]
    },
    {
      "module": "module.api.module.catalog_resource_OPTION",
      "mode": "managed",
      "type": "aws_api_gateway_method_response",
      "name": "options_root_method_response_200",
      "provider": "provider[\"registry.terraform.io/hashicorp/aws\"]",
      "instances": [
        {
          "index_key": 0,
          "schema_version": 0,
          "attributes": {
            "http_method": "OPTIONS",
            "id": "agmr-oz2ts9grb4-khbs8x-OPTIONS-200",
            "resource_id": "khbs8x",
            "response_models": {
              "application/json": "Empty"
            },
            "response_parameters": {
              "method.response.header.Access-Control-Allow-Headers": true,
              "method.response.header.Access-Control-Allow-Methods": true,
              "method.response.header.Access-Control-Allow-Origin": true
            },
            "rest_api_id": "oz2ts9grb4",
            "status_code": "200"
          },
          "sensitive_attributes": [],
          "private": "bnVsbA==",
          "dependencies": [
            "module.api.aws_api_gateway_resource.catalog_resource",
            "module.api.aws_api_gateway_rest_api.api-gateway",
            "module.api.module.catalog_resource_OPTION.aws_api_gateway_method.options_root_method"
          ]
        }
      ]
    },
    {
      "module": "module.api.module.feedback_delete",
      "mode": "managed",
      "type": "aws_api_gateway_integration",
      "name": "lambda_integration",
      "provider": "provider[\"registry.terraform.io/hashicorp/aws\"]",
      "instances": [
        {
          "index_key": 0,
          "schema_version": 0,
          "attributes": {
            "cache_key_parameters": null,
            "cache_namespace": "clbpwh",
            "connection_id": "",
            "connection_type": "INTERNET",
            "content_handling": "",
            "credentials": "",
            "http_method": "DELETE",
            "id": "agi-oz2ts9grb4-clbpwh-DELETE",
            "integration_http_method": "POST",
            "passthrough_behavior": "WHEN_NO_MATCH",
            "request_parameters": null,
            "request_templates": {
              "application/json": ""
            },
            "resource_id": "clbpwh",
            "rest_api_id": "oz2ts9grb4",
            "timeout_milliseconds": 29000,
            "tls_config": [],
            "type": "AWS_PROXY",
            "uri": "arn:aws:apigateway:us-east-2:lambda:path/2015-03-31/functions/arn:aws:lambda:us-east-2:489994096722:function:${stageVariables.DevPortalFunctionName}/invocations"
          },
          "sensitive_attributes": [],
          "private": "bnVsbA==",
          "dependencies": [
            "data.aws_caller_identity.current",
            "data.aws_region.current",
            "module.api.aws_api_gateway_resource.feedback_resource",
            "module.api.aws_api_gateway_rest_api.api-gateway",
            "module.api.module.feedback_delete.aws_api_gateway_method.lambda_method"
          ],
          "create_before_destroy": true
        }
      ]
    },
    {
      "module": "module.api.module.feedback_delete",
      "mode": "managed",
      "type": "aws_api_gateway_integration_response",
      "name": "lambda_integration_response",
      "provider": "provider[\"registry.terraform.io/hashicorp/aws\"]",
      "instances": [
        {
          "index_key": 0,
          "schema_version": 0,
          "attributes": {
            "content_handling": "",
            "http_method": "DELETE",
            "id": "agir-oz2ts9grb4-clbpwh-DELETE-200",
            "resource_id": "clbpwh",
            "response_parameters": {
              "method.response.header.Access-Control-Allow-Headers": "'Authorization,authorization,Content-Type,X-Amz-Date,X-Amz-Security-Token,X-Api-Key'",
              "method.response.header.Access-Control-Allow-Methods": "'*'",
              "method.response.header.Access-Control-Allow-Origin": "'*'"
            },
            "response_templates": {
              "application/json": ""
            },
            "rest_api_id": "oz2ts9grb4",
            "selection_pattern": "",
            "status_code": "200"
          },
          "sensitive_attributes": [],
          "private": "bnVsbA==",
          "dependencies": [
            "data.aws_caller_identity.current",
            "data.aws_region.current",
            "module.api.aws_api_gateway_resource.feedback_resource",
            "module.api.aws_api_gateway_rest_api.api-gateway",
            "module.api.module.feedback_delete.aws_api_gateway_integration.lambda_integration",
            "module.api.module.feedback_delete.aws_api_gateway_method.lambda_method",
            "module.api.module.feedback_delete.aws_api_gateway_method_response.lambda_method_response_200"
          ]
        }
      ]
    },
    {
      "module": "module.api.module.feedback_delete",
      "mode": "managed",
      "type": "aws_api_gateway_method",
      "name": "lambda_method",
      "provider": "provider[\"registry.terraform.io/hashicorp/aws\"]",
      "instances": [
        {
          "index_key": 0,
          "schema_version": 0,
          "attributes": {
            "api_key_required": false,
            "authorization": "AWS_IAM",
            "authorization_scopes": null,
            "authorizer_id": null,
            "http_method": "DELETE",
            "id": "agm-oz2ts9grb4-clbpwh-DELETE",
            "operation_name": null,
            "request_models": null,
            "request_parameters": null,
            "request_validator_id": null,
            "resource_id": "clbpwh",
            "rest_api_id": "oz2ts9grb4"
          },
          "sensitive_attributes": [],
          "private": "bnVsbA==",
          "dependencies": [
            "module.api.aws_api_gateway_resource.feedback_resource",
            "module.api.aws_api_gateway_rest_api.api-gateway"
          ],
          "create_before_destroy": true
        }
      ]
    },
    {
      "module": "module.api.module.feedback_delete",
      "mode": "managed",
      "type": "aws_api_gateway_method_response",
      "name": "lambda_method_response_200",
      "provider": "provider[\"registry.terraform.io/hashicorp/aws\"]",
      "instances": [
        {
          "index_key": 0,
          "schema_version": 0,
          "attributes": {
            "http_method": "DELETE",
            "id": "agmr-oz2ts9grb4-clbpwh-DELETE-200",
            "resource_id": "clbpwh",
            "response_models": null,
            "response_parameters": {
              "method.response.header.Access-Control-Allow-Headers": true,
              "method.response.header.Access-Control-Allow-Methods": true,
              "method.response.header.Access-Control-Allow-Origin": true
            },
            "rest_api_id": "oz2ts9grb4",
            "status_code": "200"
          },
          "sensitive_attributes": [],
          "private": "bnVsbA==",
          "dependencies": [
            "module.api.aws_api_gateway_resource.feedback_resource",
            "module.api.aws_api_gateway_rest_api.api-gateway",
            "module.api.module.feedback_delete.aws_api_gateway_method.lambda_method"
          ],
          "create_before_destroy": true
        }
      ]
    },
    {
      "module": "module.api.module.feedback_get",
      "mode": "managed",
      "type": "aws_api_gateway_integration",
      "name": "lambda_integration",
      "provider": "provider[\"registry.terraform.io/hashicorp/aws\"]",
      "instances": [
        {
          "index_key": 0,
          "schema_version": 0,
          "attributes": {
            "cache_key_parameters": null,
            "cache_namespace": "clbpwh",
            "connection_id": "",
            "connection_type": "INTERNET",
            "content_handling": "",
            "credentials": "",
            "http_method": "GET",
            "id": "agi-oz2ts9grb4-clbpwh-GET",
            "integration_http_method": "POST",
            "passthrough_behavior": "WHEN_NO_MATCH",
            "request_parameters": null,
            "request_templates": {
              "application/json": ""
            },
            "resource_id": "clbpwh",
            "rest_api_id": "oz2ts9grb4",
            "timeout_milliseconds": 29000,
            "tls_config": [],
            "type": "AWS_PROXY",
            "uri": "arn:aws:apigateway:us-east-2:lambda:path/2015-03-31/functions/arn:aws:lambda:us-east-2:489994096722:function:${stageVariables.DevPortalFunctionName}/invocations"
          },
          "sensitive_attributes": [],
          "private": "bnVsbA==",
          "dependencies": [
            "data.aws_caller_identity.current",
            "data.aws_region.current",
            "module.api.aws_api_gateway_resource.feedback_resource",
            "module.api.aws_api_gateway_rest_api.api-gateway",
            "module.api.module.feedback_get.aws_api_gateway_method.lambda_method"
          ],
          "create_before_destroy": true
        }
      ]
    },
    {
      "module": "module.api.module.feedback_get",
      "mode": "managed",
      "type": "aws_api_gateway_integration_response",
      "name": "lambda_integration_response",
      "provider": "provider[\"registry.terraform.io/hashicorp/aws\"]",
      "instances": [
        {
          "index_key": 0,
          "schema_version": 0,
          "attributes": {
            "content_handling": "",
            "http_method": "GET",
            "id": "agir-oz2ts9grb4-clbpwh-GET-200",
            "resource_id": "clbpwh",
            "response_parameters": {
              "method.response.header.Access-Control-Allow-Headers": "'Authorization,authorization,Content-Type,X-Amz-Date,X-Amz-Security-Token,X-Api-Key'",
              "method.response.header.Access-Control-Allow-Methods": "'*'",
              "method.response.header.Access-Control-Allow-Origin": "'*'"
            },
            "response_templates": {
              "application/json": ""
            },
            "rest_api_id": "oz2ts9grb4",
            "selection_pattern": "",
            "status_code": "200"
          },
          "sensitive_attributes": [],
          "private": "bnVsbA==",
          "dependencies": [
            "data.aws_caller_identity.current",
            "data.aws_region.current",
            "module.api.aws_api_gateway_resource.feedback_resource",
            "module.api.aws_api_gateway_rest_api.api-gateway",
            "module.api.module.feedback_get.aws_api_gateway_integration.lambda_integration",
            "module.api.module.feedback_get.aws_api_gateway_method.lambda_method",
            "module.api.module.feedback_get.aws_api_gateway_method_response.lambda_method_response_200"
          ]
        }
      ]
    },
    {
      "module": "module.api.module.feedback_get",
      "mode": "managed",
      "type": "aws_api_gateway_method",
      "name": "lambda_method",
      "provider": "provider[\"registry.terraform.io/hashicorp/aws\"]",
      "instances": [
        {
          "index_key": 0,
          "schema_version": 0,
          "attributes": {
            "api_key_required": false,
            "authorization": "AWS_IAM",
            "authorization_scopes": null,
            "authorizer_id": null,
            "http_method": "GET",
            "id": "agm-oz2ts9grb4-clbpwh-GET",
            "operation_name": null,
            "request_models": null,
            "request_parameters": null,
            "request_validator_id": null,
            "resource_id": "clbpwh",
            "rest_api_id": "oz2ts9grb4"
          },
          "sensitive_attributes": [],
          "private": "bnVsbA==",
          "dependencies": [
            "module.api.aws_api_gateway_resource.feedback_resource",
            "module.api.aws_api_gateway_rest_api.api-gateway"
          ],
          "create_before_destroy": true
        }
      ]
    },
    {
      "module": "module.api.module.feedback_get",
      "mode": "managed",
      "type": "aws_api_gateway_method_response",
      "name": "lambda_method_response_200",
      "provider": "provider[\"registry.terraform.io/hashicorp/aws\"]",
      "instances": [
        {
          "index_key": 0,
          "schema_version": 0,
          "attributes": {
            "http_method": "GET",
            "id": "agmr-oz2ts9grb4-clbpwh-GET-200",
            "resource_id": "clbpwh",
            "response_models": null,
            "response_parameters": {
              "method.response.header.Access-Control-Allow-Headers": true,
              "method.response.header.Access-Control-Allow-Methods": true,
              "method.response.header.Access-Control-Allow-Origin": true
            },
            "rest_api_id": "oz2ts9grb4",
            "status_code": "200"
          },
          "sensitive_attributes": [],
          "private": "bnVsbA==",
          "dependencies": [
            "module.api.aws_api_gateway_resource.feedback_resource",
            "module.api.aws_api_gateway_rest_api.api-gateway",
            "module.api.module.feedback_get.aws_api_gateway_method.lambda_method"
          ],
          "create_before_destroy": true
        }
      ]
    },
    {
      "module": "module.api.module.feedback_post",
      "mode": "managed",
      "type": "aws_api_gateway_integration",
      "name": "lambda_integration",
      "provider": "provider[\"registry.terraform.io/hashicorp/aws\"]",
      "instances": [
        {
          "index_key": 0,
          "schema_version": 0,
          "attributes": {
            "cache_key_parameters": null,
            "cache_namespace": "clbpwh",
            "connection_id": "",
            "connection_type": "INTERNET",
            "content_handling": "",
            "credentials": "",
            "http_method": "POST",
            "id": "agi-oz2ts9grb4-clbpwh-POST",
            "integration_http_method": "POST",
            "passthrough_behavior": "WHEN_NO_MATCH",
            "request_parameters": null,
            "request_templates": {
              "application/json": ""
            },
            "resource_id": "clbpwh",
            "rest_api_id": "oz2ts9grb4",
            "timeout_milliseconds": 29000,
            "tls_config": [],
            "type": "AWS_PROXY",
            "uri": "arn:aws:apigateway:us-east-2:lambda:path/2015-03-31/functions/arn:aws:lambda:us-east-2:489994096722:function:${stageVariables.DevPortalFunctionName}/invocations"
          },
          "sensitive_attributes": [],
          "private": "bnVsbA==",
          "dependencies": [
            "data.aws_caller_identity.current",
            "data.aws_region.current",
            "module.api.aws_api_gateway_resource.feedback_resource",
            "module.api.aws_api_gateway_rest_api.api-gateway",
            "module.api.module.feedback_post.aws_api_gateway_method.lambda_method"
          ],
          "create_before_destroy": true
        }
      ]
    },
    {
      "module": "module.api.module.feedback_post",
      "mode": "managed",
      "type": "aws_api_gateway_integration_response",
      "name": "lambda_integration_response",
      "provider": "provider[\"registry.terraform.io/hashicorp/aws\"]",
      "instances": [
        {
          "index_key": 0,
          "schema_version": 0,
          "attributes": {
            "content_handling": "",
            "http_method": "POST",
            "id": "agir-oz2ts9grb4-clbpwh-POST-200",
            "resource_id": "clbpwh",
            "response_parameters": {
              "method.response.header.Access-Control-Allow-Headers": "'Authorization,authorization,Content-Type,X-Amz-Date,X-Amz-Security-Token,X-Api-Key'",
              "method.response.header.Access-Control-Allow-Methods": "'*'",
              "method.response.header.Access-Control-Allow-Origin": "'*'"
            },
            "response_templates": {
              "application/json": ""
            },
            "rest_api_id": "oz2ts9grb4",
            "selection_pattern": "",
            "status_code": "200"
          },
          "sensitive_attributes": [],
          "private": "bnVsbA==",
          "dependencies": [
            "data.aws_caller_identity.current",
            "data.aws_region.current",
            "module.api.aws_api_gateway_resource.feedback_resource",
            "module.api.aws_api_gateway_rest_api.api-gateway",
            "module.api.module.feedback_post.aws_api_gateway_integration.lambda_integration",
            "module.api.module.feedback_post.aws_api_gateway_method.lambda_method",
            "module.api.module.feedback_post.aws_api_gateway_method_response.lambda_method_response_200"
          ]
        }
      ]
    },
    {
      "module": "module.api.module.feedback_post",
      "mode": "managed",
      "type": "aws_api_gateway_method",
      "name": "lambda_method",
      "provider": "provider[\"registry.terraform.io/hashicorp/aws\"]",
      "instances": [
        {
          "index_key": 0,
          "schema_version": 0,
          "attributes": {
            "api_key_required": false,
            "authorization": "AWS_IAM",
            "authorization_scopes": null,
            "authorizer_id": null,
            "http_method": "POST",
            "id": "agm-oz2ts9grb4-clbpwh-POST",
            "operation_name": null,
            "request_models": null,
            "request_parameters": null,
            "request_validator_id": null,
            "resource_id": "clbpwh",
            "rest_api_id": "oz2ts9grb4"
          },
          "sensitive_attributes": [],
          "private": "bnVsbA==",
          "dependencies": [
            "module.api.aws_api_gateway_resource.feedback_resource",
            "module.api.aws_api_gateway_rest_api.api-gateway"
          ],
          "create_before_destroy": true
        }
      ]
    },
    {
      "module": "module.api.module.feedback_post",
      "mode": "managed",
      "type": "aws_api_gateway_method_response",
      "name": "lambda_method_response_200",
      "provider": "provider[\"registry.terraform.io/hashicorp/aws\"]",
      "instances": [
        {
          "index_key": 0,
          "schema_version": 0,
          "attributes": {
            "http_method": "POST",
            "id": "agmr-oz2ts9grb4-clbpwh-POST-200",
            "resource_id": "clbpwh",
            "response_models": null,
            "response_parameters": {
              "method.response.header.Access-Control-Allow-Headers": true,
              "method.response.header.Access-Control-Allow-Methods": true,
              "method.response.header.Access-Control-Allow-Origin": true
            },
            "rest_api_id": "oz2ts9grb4",
            "status_code": "200"
          },
          "sensitive_attributes": [],
          "private": "bnVsbA==",
          "dependencies": [
            "module.api.aws_api_gateway_resource.feedback_resource",
            "module.api.aws_api_gateway_rest_api.api-gateway",
            "module.api.module.feedback_post.aws_api_gateway_method.lambda_method"
          ],
          "create_before_destroy": true
        }
      ]
    },
    {
      "module": "module.api.module.feedback_resource_OPTION",
      "mode": "managed",
      "type": "aws_api_gateway_integration",
      "name": "options_root_integration",
      "provider": "provider[\"registry.terraform.io/hashicorp/aws\"]",
      "instances": [
        {
          "index_key": 0,
          "schema_version": 0,
          "attributes": {
            "cache_key_parameters": null,
            "cache_namespace": "clbpwh",
            "connection_id": "",
            "connection_type": "INTERNET",
            "content_handling": "",
            "credentials": "",
            "http_method": "OPTIONS",
            "id": "agi-oz2ts9grb4-clbpwh-OPTIONS",
            "integration_http_method": "",
            "passthrough_behavior": "WHEN_NO_MATCH",
            "request_parameters": null,
            "request_templates": {
              "application/json": "{ \"statusCode\": 200 }"
            },
            "resource_id": "clbpwh",
            "rest_api_id": "oz2ts9grb4",
            "timeout_milliseconds": 29000,
            "tls_config": [],
            "type": "MOCK",
            "uri": ""
          },
          "sensitive_attributes": [],
          "private": "bnVsbA==",
          "dependencies": [
            "module.api.aws_api_gateway_resource.feedback_resource",
            "module.api.aws_api_gateway_rest_api.api-gateway",
            "module.api.module.feedback_resource_OPTION.aws_api_gateway_method.options_root_method"
          ]
        }
      ]
    },
    {
      "module": "module.api.module.feedback_resource_OPTION",
      "mode": "managed",
      "type": "aws_api_gateway_integration_response",
      "name": "options_root_integration_response",
      "provider": "provider[\"registry.terraform.io/hashicorp/aws\"]",
      "instances": [
        {
          "index_key": 0,
          "schema_version": 0,
          "attributes": {
            "content_handling": "",
            "http_method": "OPTIONS",
            "id": "agir-oz2ts9grb4-clbpwh-OPTIONS-200",
            "resource_id": "clbpwh",
            "response_parameters": {
              "method.response.header.Access-Control-Allow-Headers": "'Authorization,authorization,Content-Type,X-Amz-Date,X-Amz-Security-Token,X-Api-Key'",
              "method.response.header.Access-Control-Allow-Methods": "'*'",
              "method.response.header.Access-Control-Allow-Origin": "'*'"
            },
            "response_templates": null,
            "rest_api_id": "oz2ts9grb4",
            "selection_pattern": "",
            "status_code": "200"
          },
          "sensitive_attributes": [],
          "private": "bnVsbA==",
          "dependencies": [
            "module.api.aws_api_gateway_resource.feedback_resource",
            "module.api.aws_api_gateway_rest_api.api-gateway",
            "module.api.module.feedback_resource_OPTION.aws_api_gateway_integration.options_root_integration",
            "module.api.module.feedback_resource_OPTION.aws_api_gateway_method.options_root_method",
            "module.api.module.feedback_resource_OPTION.aws_api_gateway_method_response.options_root_method_response_200"
          ]
        }
      ]
    },
    {
      "module": "module.api.module.feedback_resource_OPTION",
      "mode": "managed",
      "type": "aws_api_gateway_method",
      "name": "options_root_method",
      "provider": "provider[\"registry.terraform.io/hashicorp/aws\"]",
      "instances": [
        {
          "index_key": 0,
          "schema_version": 0,
          "attributes": {
            "api_key_required": false,
            "authorization": "NONE",
            "authorization_scopes": null,
            "authorizer_id": null,
            "http_method": "OPTIONS",
            "id": "agm-oz2ts9grb4-clbpwh-OPTIONS",
            "operation_name": null,
            "request_models": null,
            "request_parameters": null,
            "request_validator_id": null,
            "resource_id": "clbpwh",
            "rest_api_id": "oz2ts9grb4"
          },
          "sensitive_attributes": [],
          "private": "bnVsbA==",
          "dependencies": [
            "module.api.aws_api_gateway_resource.feedback_resource",
            "module.api.aws_api_gateway_rest_api.api-gateway"
          ]
        }
      ]
    },
    {
      "module": "module.api.module.feedback_resource_OPTION",
      "mode": "managed",
      "type": "aws_api_gateway_method_response",
      "name": "options_root_method_response_200",
      "provider": "provider[\"registry.terraform.io/hashicorp/aws\"]",
      "instances": [
        {
          "index_key": 0,
          "schema_version": 0,
          "attributes": {
            "http_method": "OPTIONS",
            "id": "agmr-oz2ts9grb4-clbpwh-OPTIONS-200",
            "resource_id": "clbpwh",
            "response_models": {
              "application/json": "Empty"
            },
            "response_parameters": {
              "method.response.header.Access-Control-Allow-Headers": true,
              "method.response.header.Access-Control-Allow-Methods": true,
              "method.response.header.Access-Control-Allow-Origin": true
            },
            "rest_api_id": "oz2ts9grb4",
            "status_code": "200"
          },
          "sensitive_attributes": [],
          "private": "bnVsbA==",
          "dependencies": [
            "module.api.aws_api_gateway_resource.feedback_resource",
            "module.api.aws_api_gateway_rest_api.api-gateway",
            "module.api.module.feedback_resource_OPTION.aws_api_gateway_method.options_root_method"
          ]
        }
      ]
    },
    {
      "module": "module.api.module.proxy_post",
      "mode": "managed",
      "type": "aws_api_gateway_integration",
      "name": "lambda_integration",
      "provider": "provider[\"registry.terraform.io/hashicorp/aws\"]",
      "instances": [
        {
          "index_key": 0,
          "schema_version": 0,
          "attributes": {
            "cache_key_parameters": null,
            "cache_namespace": "u2jhz6",
            "connection_id": "",
            "connection_type": "INTERNET",
            "content_handling": "",
            "credentials": "",
            "http_method": "ANY",
            "id": "agi-oz2ts9grb4-u2jhz6-ANY",
            "integration_http_method": "POST",
            "passthrough_behavior": "WHEN_NO_MATCH",
            "request_parameters": null,
            "request_templates": null,
            "resource_id": "u2jhz6",
            "rest_api_id": "oz2ts9grb4",
            "timeout_milliseconds": 29000,
            "tls_config": [],
            "type": "AWS_PROXY",
            "uri": "arn:aws:apigateway:us-east-2:lambda:path/2015-03-31/functions/arn:aws:lambda:us-east-2:489994096722:function:${stageVariables.DevPortalFunctionName}/invocations"
          },
          "sensitive_attributes": [],
          "private": "bnVsbA==",
          "dependencies": [
            "data.aws_caller_identity.current",
            "data.aws_region.current",
            "module.api.aws_api_gateway_resource.proxy_resource",
            "module.api.aws_api_gateway_rest_api.api-gateway",
            "module.api.module.proxy_post.aws_api_gateway_method.lambda_method"
          ],
          "create_before_destroy": true
        }
      ]
    },
    {
      "module": "module.api.module.proxy_post",
      "mode": "managed",
      "type": "aws_api_gateway_method",
      "name": "lambda_method",
      "provider": "provider[\"registry.terraform.io/hashicorp/aws\"]",
      "instances": [
        {
          "index_key": 0,
          "schema_version": 0,
          "attributes": {
            "api_key_required": false,
            "authorization": "AWS_IAM",
            "authorization_scopes": null,
            "authorizer_id": null,
            "http_method": "ANY",
            "id": "agm-oz2ts9grb4-u2jhz6-ANY",
            "operation_name": null,
            "request_models": null,
            "request_parameters": null,
            "request_validator_id": null,
            "resource_id": "u2jhz6",
            "rest_api_id": "oz2ts9grb4"
          },
          "sensitive_attributes": [],
          "private": "bnVsbA==",
          "dependencies": [
            "module.api.aws_api_gateway_resource.proxy_resource",
            "module.api.aws_api_gateway_rest_api.api-gateway"
          ],
          "create_before_destroy": true
        }
      ]
    },
    {
      "module": "module.api.module.proxy_resource_OPTION",
      "mode": "managed",
      "type": "aws_api_gateway_integration",
      "name": "options_root_integration",
      "provider": "provider[\"registry.terraform.io/hashicorp/aws\"]",
      "instances": [
        {
          "index_key": 0,
          "schema_version": 0,
          "attributes": {
            "cache_key_parameters": null,
            "cache_namespace": "u2jhz6",
            "connection_id": "",
            "connection_type": "INTERNET",
            "content_handling": "",
            "credentials": "",
            "http_method": "OPTIONS",
            "id": "agi-oz2ts9grb4-u2jhz6-OPTIONS",
            "integration_http_method": "",
            "passthrough_behavior": "WHEN_NO_MATCH",
            "request_parameters": null,
            "request_templates": {
              "application/json": "{ \"statusCode\": 200 }"
            },
            "resource_id": "u2jhz6",
            "rest_api_id": "oz2ts9grb4",
            "timeout_milliseconds": 29000,
            "tls_config": [],
            "type": "MOCK",
            "uri": ""
          },
          "sensitive_attributes": [],
          "private": "bnVsbA==",
          "dependencies": [
            "module.api.aws_api_gateway_resource.proxy_resource",
            "module.api.aws_api_gateway_rest_api.api-gateway",
            "module.api.module.proxy_resource_OPTION.aws_api_gateway_method.options_root_method"
          ]
        }
      ]
    },
    {
      "module": "module.api.module.proxy_resource_OPTION",
      "mode": "managed",
      "type": "aws_api_gateway_integration_response",
      "name": "options_root_integration_response",
      "provider": "provider[\"registry.terraform.io/hashicorp/aws\"]",
      "instances": [
        {
          "index_key": 0,
          "schema_version": 0,
          "attributes": {
            "content_handling": "",
            "http_method": "OPTIONS",
            "id": "agir-oz2ts9grb4-u2jhz6-OPTIONS-200",
            "resource_id": "u2jhz6",
            "response_parameters": {
              "method.response.header.Access-Control-Allow-Headers": "'Authorization,authorization,Content-Type,X-Amz-Date,X-Amz-Security-Token,X-Api-Key'",
              "method.response.header.Access-Control-Allow-Methods": "'*'",
              "method.response.header.Access-Control-Allow-Origin": "'*'"
            },
            "response_templates": null,
            "rest_api_id": "oz2ts9grb4",
            "selection_pattern": "",
            "status_code": "200"
          },
          "sensitive_attributes": [],
          "private": "bnVsbA==",
          "dependencies": [
            "module.api.aws_api_gateway_resource.proxy_resource",
            "module.api.aws_api_gateway_rest_api.api-gateway",
            "module.api.module.proxy_resource_OPTION.aws_api_gateway_integration.options_root_integration",
            "module.api.module.proxy_resource_OPTION.aws_api_gateway_method.options_root_method",
            "module.api.module.proxy_resource_OPTION.aws_api_gateway_method_response.options_root_method_response_200"
          ]
        }
      ]
    },
    {
      "module": "module.api.module.proxy_resource_OPTION",
      "mode": "managed",
      "type": "aws_api_gateway_method",
      "name": "options_root_method",
      "provider": "provider[\"registry.terraform.io/hashicorp/aws\"]",
      "instances": [
        {
          "index_key": 0,
          "schema_version": 0,
          "attributes": {
            "api_key_required": false,
            "authorization": "NONE",
            "authorization_scopes": null,
            "authorizer_id": null,
            "http_method": "OPTIONS",
            "id": "agm-oz2ts9grb4-u2jhz6-OPTIONS",
            "operation_name": null,
            "request_models": null,
            "request_parameters": null,
            "request_validator_id": null,
            "resource_id": "u2jhz6",
            "rest_api_id": "oz2ts9grb4"
          },
          "sensitive_attributes": [],
          "private": "bnVsbA==",
          "dependencies": [
            "module.api.aws_api_gateway_resource.proxy_resource",
            "module.api.aws_api_gateway_rest_api.api-gateway"
          ]
        }
      ]
    },
    {
      "module": "module.api.module.proxy_resource_OPTION",
      "mode": "managed",
      "type": "aws_api_gateway_method_response",
      "name": "options_root_method_response_200",
      "provider": "provider[\"registry.terraform.io/hashicorp/aws\"]",
      "instances": [
        {
          "index_key": 0,
          "schema_version": 0,
          "attributes": {
            "http_method": "OPTIONS",
            "id": "agmr-oz2ts9grb4-u2jhz6-OPTIONS-200",
            "resource_id": "u2jhz6",
            "response_models": {
              "application/json": "Empty"
            },
            "response_parameters": {
              "method.response.header.Access-Control-Allow-Headers": true,
              "method.response.header.Access-Control-Allow-Methods": true,
              "method.response.header.Access-Control-Allow-Origin": true
            },
            "rest_api_id": "oz2ts9grb4",
            "status_code": "200"
          },
          "sensitive_attributes": [],
          "private": "bnVsbA==",
          "dependencies": [
            "module.api.aws_api_gateway_resource.proxy_resource",
            "module.api.aws_api_gateway_rest_api.api-gateway",
            "module.api.module.proxy_resource_OPTION.aws_api_gateway_method.options_root_method"
          ]
        }
      ]
    },
    {
      "module": "module.api.module.register",
      "mode": "managed",
      "type": "aws_api_gateway_integration",
      "name": "lambda_integration",
      "provider": "provider[\"registry.terraform.io/hashicorp/aws\"]",
      "instances": [
        {
          "index_key": 0,
          "schema_version": 0,
          "attributes": {
            "cache_key_parameters": null,
            "cache_namespace": "imwoue",
            "connection_id": "",
            "connection_type": "INTERNET",
            "content_handling": "",
            "credentials": "",
            "http_method": "POST",
            "id": "agi-oz2ts9grb4-imwoue-POST",
            "integration_http_method": "POST",
            "passthrough_behavior": "WHEN_NO_MATCH",
            "request_parameters": null,
            "request_templates": {
              "application/json": ""
            },
            "resource_id": "imwoue",
            "rest_api_id": "oz2ts9grb4",
            "timeout_milliseconds": 29000,
            "tls_config": [],
            "type": "AWS_PROXY",
            "uri": "arn:aws:apigateway:us-east-2:lambda:path/2015-03-31/functions/arn:aws:lambda:us-east-2:489994096722:function:${stageVariables.DevPortalFunctionName}/invocations"
          },
          "sensitive_attributes": [],
          "private": "bnVsbA==",
          "dependencies": [
            "data.aws_caller_identity.current",
            "data.aws_region.current",
            "module.api.aws_api_gateway_resource.register_resource",
            "module.api.aws_api_gateway_rest_api.api-gateway",
            "module.api.module.register.aws_api_gateway_method.lambda_method"
          ],
          "create_before_destroy": true
        }
      ]
    },
    {
      "module": "module.api.module.register",
      "mode": "managed",
      "type": "aws_api_gateway_integration_response",
      "name": "lambda_integration_response",
      "provider": "provider[\"registry.terraform.io/hashicorp/aws\"]",
      "instances": [
        {
          "index_key": 0,
          "schema_version": 0,
          "attributes": {
            "content_handling": "",
            "http_method": "POST",
            "id": "agir-oz2ts9grb4-imwoue-POST-200",
            "resource_id": "imwoue",
            "response_parameters": {
              "method.response.header.Access-Control-Allow-Headers": "'Authorization,authorization,Content-Type,X-Amz-Date,X-Amz-Security-Token,X-Api-Key'",
              "method.response.header.Access-Control-Allow-Methods": "'*'",
              "method.response.header.Access-Control-Allow-Origin": "'*'"
            },
            "response_templates": {
              "application/json": ""
            },
            "rest_api_id": "oz2ts9grb4",
            "selection_pattern": "",
            "status_code": "200"
          },
          "sensitive_attributes": [],
          "private": "bnVsbA==",
          "dependencies": [
            "data.aws_caller_identity.current",
            "data.aws_region.current",
            "module.api.aws_api_gateway_resource.register_resource",
            "module.api.aws_api_gateway_rest_api.api-gateway",
            "module.api.module.register.aws_api_gateway_integration.lambda_integration",
            "module.api.module.register.aws_api_gateway_method.lambda_method",
            "module.api.module.register.aws_api_gateway_method_response.lambda_method_response_200"
          ]
        }
      ]
    },
    {
      "module": "module.api.module.register",
      "mode": "managed",
      "type": "aws_api_gateway_method",
      "name": "lambda_method",
      "provider": "provider[\"registry.terraform.io/hashicorp/aws\"]",
      "instances": [
        {
          "index_key": 0,
          "schema_version": 0,
          "attributes": {
            "api_key_required": false,
            "authorization": "AWS_IAM",
            "authorization_scopes": null,
            "authorizer_id": null,
            "http_method": "POST",
            "id": "agm-oz2ts9grb4-imwoue-POST",
            "operation_name": null,
            "request_models": null,
            "request_parameters": null,
            "request_validator_id": null,
            "resource_id": "imwoue",
            "rest_api_id": "oz2ts9grb4"
          },
          "sensitive_attributes": [],
          "private": "bnVsbA==",
          "dependencies": [
            "module.api.aws_api_gateway_resource.register_resource",
            "module.api.aws_api_gateway_rest_api.api-gateway"
          ],
          "create_before_destroy": true
        }
      ]
    },
    {
      "module": "module.api.module.register",
      "mode": "managed",
      "type": "aws_api_gateway_method_response",
      "name": "lambda_method_response_200",
      "provider": "provider[\"registry.terraform.io/hashicorp/aws\"]",
      "instances": [
        {
          "index_key": 0,
          "schema_version": 0,
          "attributes": {
            "http_method": "POST",
            "id": "agmr-oz2ts9grb4-imwoue-POST-200",
            "resource_id": "imwoue",
            "response_models": null,
            "response_parameters": {
              "method.response.header.Access-Control-Allow-Headers": true,
              "method.response.header.Access-Control-Allow-Methods": true,
              "method.response.header.Access-Control-Allow-Origin": true
            },
            "rest_api_id": "oz2ts9grb4",
            "status_code": "200"
          },
          "sensitive_attributes": [],
          "private": "bnVsbA==",
          "dependencies": [
            "module.api.aws_api_gateway_resource.register_resource",
            "module.api.aws_api_gateway_rest_api.api-gateway",
            "module.api.module.register.aws_api_gateway_method.lambda_method"
          ],
          "create_before_destroy": true
        }
      ]
    },
    {
      "module": "module.api.module.register_resource_OPTION",
      "mode": "managed",
      "type": "aws_api_gateway_integration",
      "name": "options_root_integration",
      "provider": "provider[\"registry.terraform.io/hashicorp/aws\"]",
      "instances": [
        {
          "index_key": 0,
          "schema_version": 0,
          "attributes": {
            "cache_key_parameters": null,
            "cache_namespace": "imwoue",
            "connection_id": "",
            "connection_type": "INTERNET",
            "content_handling": "",
            "credentials": "",
            "http_method": "OPTIONS",
            "id": "agi-oz2ts9grb4-imwoue-OPTIONS",
            "integration_http_method": "",
            "passthrough_behavior": "WHEN_NO_MATCH",
            "request_parameters": null,
            "request_templates": {
              "application/json": "{ \"statusCode\": 200 }"
            },
            "resource_id": "imwoue",
            "rest_api_id": "oz2ts9grb4",
            "timeout_milliseconds": 29000,
            "tls_config": [],
            "type": "MOCK",
            "uri": ""
          },
          "sensitive_attributes": [],
          "private": "bnVsbA==",
          "dependencies": [
            "module.api.aws_api_gateway_resource.register_resource",
            "module.api.aws_api_gateway_rest_api.api-gateway",
            "module.api.module.register_resource_OPTION.aws_api_gateway_method.options_root_method"
          ]
        }
      ]
    },
    {
      "module": "module.api.module.register_resource_OPTION",
      "mode": "managed",
      "type": "aws_api_gateway_integration_response",
      "name": "options_root_integration_response",
      "provider": "provider[\"registry.terraform.io/hashicorp/aws\"]",
      "instances": [
        {
          "index_key": 0,
          "schema_version": 0,
          "attributes": {
            "content_handling": "",
            "http_method": "OPTIONS",
            "id": "agir-oz2ts9grb4-imwoue-OPTIONS-200",
            "resource_id": "imwoue",
            "response_parameters": {
              "method.response.header.Access-Control-Allow-Headers": "'Authorization,authorization,Content-Type,X-Amz-Date,X-Amz-Security-Token,X-Api-Key'",
              "method.response.header.Access-Control-Allow-Methods": "'*'",
              "method.response.header.Access-Control-Allow-Origin": "'*'"
            },
            "response_templates": null,
            "rest_api_id": "oz2ts9grb4",
            "selection_pattern": "",
            "status_code": "200"
          },
          "sensitive_attributes": [],
          "private": "bnVsbA==",
          "dependencies": [
            "module.api.aws_api_gateway_resource.register_resource",
            "module.api.aws_api_gateway_rest_api.api-gateway",
            "module.api.module.register_resource_OPTION.aws_api_gateway_integration.options_root_integration",
            "module.api.module.register_resource_OPTION.aws_api_gateway_method.options_root_method",
            "module.api.module.register_resource_OPTION.aws_api_gateway_method_response.options_root_method_response_200"
          ]
        }
      ]
    },
    {
      "module": "module.api.module.register_resource_OPTION",
      "mode": "managed",
      "type": "aws_api_gateway_method",
      "name": "options_root_method",
      "provider": "provider[\"registry.terraform.io/hashicorp/aws\"]",
      "instances": [
        {
          "index_key": 0,
          "schema_version": 0,
          "attributes": {
            "api_key_required": false,
            "authorization": "NONE",
            "authorization_scopes": null,
            "authorizer_id": null,
            "http_method": "OPTIONS",
            "id": "agm-oz2ts9grb4-imwoue-OPTIONS",
            "operation_name": null,
            "request_models": null,
            "request_parameters": null,
            "request_validator_id": null,
            "resource_id": "imwoue",
            "rest_api_id": "oz2ts9grb4"
          },
          "sensitive_attributes": [],
          "private": "bnVsbA==",
          "dependencies": [
            "module.api.aws_api_gateway_resource.register_resource",
            "module.api.aws_api_gateway_rest_api.api-gateway"
          ]
        }
      ]
    },
    {
      "module": "module.api.module.register_resource_OPTION",
      "mode": "managed",
      "type": "aws_api_gateway_method_response",
      "name": "options_root_method_response_200",
      "provider": "provider[\"registry.terraform.io/hashicorp/aws\"]",
      "instances": [
        {
          "index_key": 0,
          "schema_version": 0,
          "attributes": {
            "http_method": "OPTIONS",
            "id": "agmr-oz2ts9grb4-imwoue-OPTIONS-200",
            "resource_id": "imwoue",
            "response_models": {
              "application/json": "Empty"
            },
            "response_parameters": {
              "method.response.header.Access-Control-Allow-Headers": true,
              "method.response.header.Access-Control-Allow-Methods": true,
              "method.response.header.Access-Control-Allow-Origin": true
            },
            "rest_api_id": "oz2ts9grb4",
            "status_code": "200"
          },
          "sensitive_attributes": [],
          "private": "bnVsbA==",
          "dependencies": [
            "module.api.aws_api_gateway_resource.register_resource",
            "module.api.aws_api_gateway_rest_api.api-gateway",
            "module.api.module.register_resource_OPTION.aws_api_gateway_method.options_root_method"
          ]
        }
      ]
    },
    {
      "module": "module.api.module.root_resource",
      "mode": "managed",
      "type": "aws_api_gateway_integration",
      "name": "lambda_integration",
      "provider": "provider[\"registry.terraform.io/hashicorp/aws\"]",
      "instances": [
        {
          "index_key": 0,
          "schema_version": 0,
          "attributes": {
            "cache_key_parameters": null,
            "cache_namespace": "v4di5j2rsf",
            "connection_id": "",
            "connection_type": "INTERNET",
            "content_handling": "",
            "credentials": "",
            "http_method": "ANY",
            "id": "agi-oz2ts9grb4-v4di5j2rsf-ANY",
            "integration_http_method": "POST",
            "passthrough_behavior": "WHEN_NO_MATCH",
            "request_parameters": null,
            "request_templates": {
              "application/json": ""
            },
            "resource_id": "v4di5j2rsf",
            "rest_api_id": "oz2ts9grb4",
            "timeout_milliseconds": 29000,
            "tls_config": [],
            "type": "AWS_PROXY",
            "uri": "arn:aws:apigateway:us-east-2:lambda:path/2015-03-31/functions/arn:aws:lambda:us-east-2:489994096722:function:${stageVariables.DevPortalFunctionName}/invocations"
          },
          "sensitive_attributes": [],
          "private": "bnVsbA==",
          "dependencies": [
            "data.aws_caller_identity.current",
            "data.aws_region.current",
            "module.api.aws_api_gateway_rest_api.api-gateway",
            "module.api.module.root_resource.aws_api_gateway_method.lambda_method"
          ]
        }
      ]
    },
    {
      "module": "module.api.module.root_resource",
      "mode": "managed",
      "type": "aws_api_gateway_method",
      "name": "lambda_method",
      "provider": "provider[\"registry.terraform.io/hashicorp/aws\"]",
      "instances": [
        {
          "index_key": 0,
          "schema_version": 0,
          "attributes": {
            "api_key_required": false,
            "authorization": "AWS_IAM",
            "authorization_scopes": null,
            "authorizer_id": null,
            "http_method": "ANY",
            "id": "agm-oz2ts9grb4-v4di5j2rsf-ANY",
            "operation_name": null,
            "request_models": null,
            "request_parameters": null,
            "request_validator_id": null,
            "resource_id": "v4di5j2rsf",
            "rest_api_id": "oz2ts9grb4"
          },
          "sensitive_attributes": [],
          "private": "bnVsbA==",
          "dependencies": [
            "module.api.aws_api_gateway_rest_api.api-gateway"
          ]
        }
      ]
    },
    {
      "module": "module.api.module.root_resource_OPTION",
      "mode": "managed",
      "type": "aws_api_gateway_integration",
      "name": "options_root_integration",
      "provider": "provider[\"registry.terraform.io/hashicorp/aws\"]",
      "instances": [
        {
          "index_key": 0,
          "schema_version": 0,
          "attributes": {
            "cache_key_parameters": null,
            "cache_namespace": "v4di5j2rsf",
            "connection_id": "",
            "connection_type": "INTERNET",
            "content_handling": "",
            "credentials": "",
            "http_method": "OPTIONS",
            "id": "agi-oz2ts9grb4-v4di5j2rsf-OPTIONS",
            "integration_http_method": "",
            "passthrough_behavior": "WHEN_NO_MATCH",
            "request_parameters": null,
            "request_templates": {
              "application/json": "{ \"statusCode\": 200 }"
            },
            "resource_id": "v4di5j2rsf",
            "rest_api_id": "oz2ts9grb4",
            "timeout_milliseconds": 29000,
            "tls_config": [],
            "type": "MOCK",
            "uri": ""
          },
          "sensitive_attributes": [],
          "private": "bnVsbA==",
          "dependencies": [
            "module.api.aws_api_gateway_rest_api.api-gateway",
            "module.api.module.root_resource_OPTION.aws_api_gateway_method.options_root_method"
          ]
        }
      ]
    },
    {
      "module": "module.api.module.root_resource_OPTION",
      "mode": "managed",
      "type": "aws_api_gateway_integration_response",
      "name": "options_root_integration_response",
      "provider": "provider[\"registry.terraform.io/hashicorp/aws\"]",
      "instances": [
        {
          "index_key": 0,
          "schema_version": 0,
          "attributes": {
            "content_handling": "",
            "http_method": "OPTIONS",
            "id": "agir-oz2ts9grb4-v4di5j2rsf-OPTIONS-200",
            "resource_id": "v4di5j2rsf",
            "response_parameters": {
              "method.response.header.Access-Control-Allow-Headers": "'Authorization,authorization,Content-Type,X-Amz-Date,X-Amz-Security-Token,X-Api-Key'",
              "method.response.header.Access-Control-Allow-Methods": "'*'",
              "method.response.header.Access-Control-Allow-Origin": "'*'"
            },
            "response_templates": null,
            "rest_api_id": "oz2ts9grb4",
            "selection_pattern": "",
            "status_code": "200"
          },
          "sensitive_attributes": [],
          "private": "bnVsbA==",
          "dependencies": [
            "module.api.aws_api_gateway_rest_api.api-gateway",
            "module.api.module.root_resource_OPTION.aws_api_gateway_integration.options_root_integration",
            "module.api.module.root_resource_OPTION.aws_api_gateway_method.options_root_method",
            "module.api.module.root_resource_OPTION.aws_api_gateway_method_response.options_root_method_response_200"
          ]
        }
      ]
    },
    {
      "module": "module.api.module.root_resource_OPTION",
      "mode": "managed",
      "type": "aws_api_gateway_method",
      "name": "options_root_method",
      "provider": "provider[\"registry.terraform.io/hashicorp/aws\"]",
      "instances": [
        {
          "index_key": 0,
          "schema_version": 0,
          "attributes": {
            "api_key_required": false,
            "authorization": "NONE",
            "authorization_scopes": null,
            "authorizer_id": null,
            "http_method": "OPTIONS",
            "id": "agm-oz2ts9grb4-v4di5j2rsf-OPTIONS",
            "operation_name": null,
            "request_models": null,
            "request_parameters": null,
            "request_validator_id": null,
            "resource_id": "v4di5j2rsf",
            "rest_api_id": "oz2ts9grb4"
          },
          "sensitive_attributes": [],
          "private": "bnVsbA==",
          "dependencies": [
            "module.api.aws_api_gateway_rest_api.api-gateway"
          ]
        }
      ]
    },
    {
      "module": "module.api.module.root_resource_OPTION",
      "mode": "managed",
      "type": "aws_api_gateway_method_response",
      "name": "options_root_method_response_200",
      "provider": "provider[\"registry.terraform.io/hashicorp/aws\"]",
      "instances": [
        {
          "index_key": 0,
          "schema_version": 0,
          "attributes": {
            "http_method": "OPTIONS",
            "id": "agmr-oz2ts9grb4-v4di5j2rsf-OPTIONS-200",
            "resource_id": "v4di5j2rsf",
            "response_models": {
              "application/json": "Empty"
            },
            "response_parameters": {
              "method.response.header.Access-Control-Allow-Headers": true,
              "method.response.header.Access-Control-Allow-Methods": true,
              "method.response.header.Access-Control-Allow-Origin": true
            },
            "rest_api_id": "oz2ts9grb4",
            "status_code": "200"
          },
          "sensitive_attributes": [],
          "private": "bnVsbA==",
          "dependencies": [
            "module.api.aws_api_gateway_rest_api.api-gateway",
            "module.api.module.root_resource_OPTION.aws_api_gateway_method.options_root_method"
          ]
        }
      ]
    },
    {
      "module": "module.api.module.version_resource_OPTION",
      "mode": "managed",
      "type": "aws_api_gateway_integration",
      "name": "options_root_integration",
      "provider": "provider[\"registry.terraform.io/hashicorp/aws\"]",
      "instances": [
        {
          "index_key": 0,
          "schema_version": 0,
          "attributes": {
            "cache_key_parameters": null,
            "cache_namespace": "kst4kp",
            "connection_id": "",
            "connection_type": "INTERNET",
            "content_handling": "",
            "credentials": "",
            "http_method": "OPTIONS",
            "id": "agi-oz2ts9grb4-kst4kp-OPTIONS",
            "integration_http_method": "",
            "passthrough_behavior": "WHEN_NO_MATCH",
            "request_parameters": null,
            "request_templates": {
              "application/json": "{ \"statusCode\": 200 }"
            },
            "resource_id": "kst4kp",
            "rest_api_id": "oz2ts9grb4",
            "timeout_milliseconds": 29000,
            "tls_config": [],
            "type": "MOCK",
            "uri": ""
          },
          "sensitive_attributes": [],
          "private": "bnVsbA==",
          "dependencies": [
            "module.api.aws_api_gateway_resource.version_number_resource",
            "module.api.aws_api_gateway_resource.version_resource",
            "module.api.aws_api_gateway_rest_api.api-gateway",
            "module.api.module.version_resource_OPTION.aws_api_gateway_method.options_root_method"
          ]
        }
      ]
    },
    {
      "module": "module.api.module.version_resource_OPTION",
      "mode": "managed",
      "type": "aws_api_gateway_integration_response",
      "name": "options_root_integration_response",
      "provider": "provider[\"registry.terraform.io/hashicorp/aws\"]",
      "instances": [
        {
          "index_key": 0,
          "schema_version": 0,
          "attributes": {
            "content_handling": "",
            "http_method": "OPTIONS",
            "id": "agir-oz2ts9grb4-kst4kp-OPTIONS-200",
            "resource_id": "kst4kp",
            "response_parameters": {
              "method.response.header.Access-Control-Allow-Headers": "'Authorization,authorization,Content-Type,X-Amz-Date,X-Amz-Security-Token,X-Api-Key'",
              "method.response.header.Access-Control-Allow-Methods": "'*'",
              "method.response.header.Access-Control-Allow-Origin": "'*'"
            },
            "response_templates": null,
            "rest_api_id": "oz2ts9grb4",
            "selection_pattern": "",
            "status_code": "200"
          },
          "sensitive_attributes": [],
          "private": "bnVsbA==",
          "dependencies": [
            "module.api.aws_api_gateway_resource.version_number_resource",
            "module.api.aws_api_gateway_resource.version_resource",
            "module.api.aws_api_gateway_rest_api.api-gateway",
            "module.api.module.version_resource_OPTION.aws_api_gateway_integration.options_root_integration",
            "module.api.module.version_resource_OPTION.aws_api_gateway_method.options_root_method",
            "module.api.module.version_resource_OPTION.aws_api_gateway_method_response.options_root_method_response_200"
          ]
        }
      ]
    },
    {
      "module": "module.api.module.version_resource_OPTION",
      "mode": "managed",
      "type": "aws_api_gateway_method",
      "name": "options_root_method",
      "provider": "provider[\"registry.terraform.io/hashicorp/aws\"]",
      "instances": [
        {
          "index_key": 0,
          "schema_version": 0,
          "attributes": {
            "api_key_required": false,
            "authorization": "NONE",
            "authorization_scopes": null,
            "authorizer_id": null,
            "http_method": "OPTIONS",
            "id": "agm-oz2ts9grb4-kst4kp-OPTIONS",
            "operation_name": null,
            "request_models": null,
            "request_parameters": null,
            "request_validator_id": null,
            "resource_id": "kst4kp",
            "rest_api_id": "oz2ts9grb4"
          },
          "sensitive_attributes": [],
          "private": "bnVsbA==",
          "dependencies": [
            "module.api.aws_api_gateway_resource.version_number_resource",
            "module.api.aws_api_gateway_resource.version_resource",
            "module.api.aws_api_gateway_rest_api.api-gateway"
          ]
        }
      ]
    },
    {
      "module": "module.api.module.version_resource_OPTION",
      "mode": "managed",
      "type": "aws_api_gateway_method_response",
      "name": "options_root_method_response_200",
      "provider": "provider[\"registry.terraform.io/hashicorp/aws\"]",
      "instances": [
        {
          "index_key": 0,
          "schema_version": 0,
          "attributes": {
            "http_method": "OPTIONS",
            "id": "agmr-oz2ts9grb4-kst4kp-OPTIONS-200",
            "resource_id": "kst4kp",
            "response_models": {
              "application/json": "Empty"
            },
            "response_parameters": {
              "method.response.header.Access-Control-Allow-Headers": true,
              "method.response.header.Access-Control-Allow-Methods": true,
              "method.response.header.Access-Control-Allow-Origin": true
            },
            "rest_api_id": "oz2ts9grb4",
            "status_code": "200"
          },
          "sensitive_attributes": [],
          "private": "bnVsbA==",
          "dependencies": [
            "module.api.aws_api_gateway_resource.version_number_resource",
            "module.api.aws_api_gateway_resource.version_resource",
            "module.api.aws_api_gateway_rest_api.api-gateway",
            "module.api.module.version_resource_OPTION.aws_api_gateway_method.options_root_method"
          ]
        }
      ]
    },
    {
      "module": "module.api.module.visibility_get",
      "mode": "managed",
      "type": "aws_api_gateway_integration",
      "name": "lambda_integration",
      "provider": "provider[\"registry.terraform.io/hashicorp/aws\"]",
      "instances": [
        {
          "index_key": 0,
          "schema_version": 0,
          "attributes": {
            "cache_key_parameters": null,
            "cache_namespace": "y6wtnl",
            "connection_id": "",
            "connection_type": "INTERNET",
            "content_handling": "",
            "credentials": "",
            "http_method": "GET",
            "id": "agi-oz2ts9grb4-y6wtnl-GET",
            "integration_http_method": "POST",
            "passthrough_behavior": "WHEN_NO_MATCH",
            "request_parameters": null,
            "request_templates": {
              "application/json": ""
            },
            "resource_id": "y6wtnl",
            "rest_api_id": "oz2ts9grb4",
            "timeout_milliseconds": 29000,
            "tls_config": [],
            "type": "AWS_PROXY",
            "uri": "arn:aws:apigateway:us-east-2:lambda:path/2015-03-31/functions/arn:aws:lambda:us-east-2:489994096722:function:${stageVariables.DevPortalFunctionName}/invocations"
          },
          "sensitive_attributes": [],
          "private": "bnVsbA==",
          "dependencies": [
            "data.aws_caller_identity.current",
            "data.aws_region.current",
            "module.api.aws_api_gateway_resource.admin_catalog_resource",
            "module.api.aws_api_gateway_resource.admin_catalog_visibility_resource",
            "module.api.aws_api_gateway_resource.admin_resource",
            "module.api.aws_api_gateway_rest_api.api-gateway",
            "module.api.module.visibility_get.aws_api_gateway_method.lambda_method"
          ],
          "create_before_destroy": true
        }
      ]
    },
    {
      "module": "module.api.module.visibility_get",
      "mode": "managed",
      "type": "aws_api_gateway_integration_response",
      "name": "lambda_integration_response",
      "provider": "provider[\"registry.terraform.io/hashicorp/aws\"]",
      "instances": [
        {
          "index_key": 0,
          "schema_version": 0,
          "attributes": {
            "content_handling": "",
            "http_method": "GET",
            "id": "agir-oz2ts9grb4-y6wtnl-GET-200",
            "resource_id": "y6wtnl",
            "response_parameters": {
              "method.response.header.Access-Control-Allow-Headers": "'Authorization,authorization,Content-Type,X-Amz-Date,X-Amz-Security-Token,X-Api-Key'",
              "method.response.header.Access-Control-Allow-Methods": "'*'",
              "method.response.header.Access-Control-Allow-Origin": "'*'"
            },
            "response_templates": {
              "application/json": ""
            },
            "rest_api_id": "oz2ts9grb4",
            "selection_pattern": "",
            "status_code": "200"
          },
          "sensitive_attributes": [],
          "private": "bnVsbA==",
          "dependencies": [
            "data.aws_caller_identity.current",
            "data.aws_region.current",
            "module.api.aws_api_gateway_resource.admin_catalog_resource",
            "module.api.aws_api_gateway_resource.admin_catalog_visibility_resource",
            "module.api.aws_api_gateway_resource.admin_resource",
            "module.api.aws_api_gateway_rest_api.api-gateway",
            "module.api.module.visibility_get.aws_api_gateway_integration.lambda_integration",
            "module.api.module.visibility_get.aws_api_gateway_method.lambda_method",
            "module.api.module.visibility_get.aws_api_gateway_method_response.lambda_method_response_200"
          ]
        }
      ]
    },
    {
      "module": "module.api.module.visibility_get",
      "mode": "managed",
      "type": "aws_api_gateway_method",
      "name": "lambda_method",
      "provider": "provider[\"registry.terraform.io/hashicorp/aws\"]",
      "instances": [
        {
          "index_key": 0,
          "schema_version": 0,
          "attributes": {
            "api_key_required": false,
            "authorization": "AWS_IAM",
            "authorization_scopes": null,
            "authorizer_id": null,
            "http_method": "GET",
            "id": "agm-oz2ts9grb4-y6wtnl-GET",
            "operation_name": null,
            "request_models": null,
            "request_parameters": null,
            "request_validator_id": null,
            "resource_id": "y6wtnl",
            "rest_api_id": "oz2ts9grb4"
          },
          "sensitive_attributes": [],
          "private": "bnVsbA==",
          "dependencies": [
            "module.api.aws_api_gateway_resource.admin_catalog_resource",
            "module.api.aws_api_gateway_resource.admin_catalog_visibility_resource",
            "module.api.aws_api_gateway_resource.admin_resource",
            "module.api.aws_api_gateway_rest_api.api-gateway"
          ],
          "create_before_destroy": true
        }
      ]
    },
    {
      "module": "module.api.module.visibility_get",
      "mode": "managed",
      "type": "aws_api_gateway_method_response",
      "name": "lambda_method_response_200",
      "provider": "provider[\"registry.terraform.io/hashicorp/aws\"]",
      "instances": [
        {
          "index_key": 0,
          "schema_version": 0,
          "attributes": {
            "http_method": "GET",
            "id": "agmr-oz2ts9grb4-y6wtnl-GET-200",
            "resource_id": "y6wtnl",
            "response_models": null,
            "response_parameters": {
              "method.response.header.Access-Control-Allow-Headers": true,
              "method.response.header.Access-Control-Allow-Methods": true,
              "method.response.header.Access-Control-Allow-Origin": true
            },
            "rest_api_id": "oz2ts9grb4",
            "status_code": "200"
          },
          "sensitive_attributes": [],
          "private": "bnVsbA==",
          "dependencies": [
            "module.api.aws_api_gateway_resource.admin_catalog_resource",
            "module.api.aws_api_gateway_resource.admin_catalog_visibility_resource",
            "module.api.aws_api_gateway_resource.admin_resource",
            "module.api.aws_api_gateway_rest_api.api-gateway",
            "module.api.module.visibility_get.aws_api_gateway_method.lambda_method"
          ],
          "create_before_destroy": true
        }
      ]
    },
    {
      "module": "module.api.module.visibility_post",
      "mode": "managed",
      "type": "aws_api_gateway_integration",
      "name": "lambda_integration",
      "provider": "provider[\"registry.terraform.io/hashicorp/aws\"]",
      "instances": [
        {
          "index_key": 0,
          "schema_version": 0,
          "attributes": {
            "cache_key_parameters": null,
            "cache_namespace": "y6wtnl",
            "connection_id": "",
            "connection_type": "INTERNET",
            "content_handling": "",
            "credentials": "",
            "http_method": "POST",
            "id": "agi-oz2ts9grb4-y6wtnl-POST",
            "integration_http_method": "POST",
            "passthrough_behavior": "WHEN_NO_MATCH",
            "request_parameters": null,
            "request_templates": {
              "application/json": ""
            },
            "resource_id": "y6wtnl",
            "rest_api_id": "oz2ts9grb4",
            "timeout_milliseconds": 29000,
            "tls_config": [],
            "type": "AWS_PROXY",
            "uri": "arn:aws:apigateway:us-east-2:lambda:path/2015-03-31/functions/arn:aws:lambda:us-east-2:489994096722:function:${stageVariables.DevPortalFunctionName}/invocations"
          },
          "sensitive_attributes": [],
          "private": "bnVsbA==",
          "dependencies": [
            "data.aws_caller_identity.current",
            "data.aws_region.current",
            "module.api.aws_api_gateway_resource.admin_catalog_resource",
            "module.api.aws_api_gateway_resource.admin_catalog_visibility_resource",
            "module.api.aws_api_gateway_resource.admin_resource",
            "module.api.aws_api_gateway_rest_api.api-gateway",
            "module.api.module.visibility_post.aws_api_gateway_method.lambda_method"
          ],
          "create_before_destroy": true
        }
      ]
    },
    {
      "module": "module.api.module.visibility_post",
      "mode": "managed",
      "type": "aws_api_gateway_integration_response",
      "name": "lambda_integration_response",
      "provider": "provider[\"registry.terraform.io/hashicorp/aws\"]",
      "instances": [
        {
          "index_key": 0,
          "schema_version": 0,
          "attributes": {
            "content_handling": "",
            "http_method": "POST",
            "id": "agir-oz2ts9grb4-y6wtnl-POST-200",
            "resource_id": "y6wtnl",
            "response_parameters": {
              "method.response.header.Access-Control-Allow-Headers": "'Authorization,authorization,Content-Type,X-Amz-Date,X-Amz-Security-Token,X-Api-Key'",
              "method.response.header.Access-Control-Allow-Methods": "'*'",
              "method.response.header.Access-Control-Allow-Origin": "'*'"
            },
            "response_templates": {
              "application/json": ""
            },
            "rest_api_id": "oz2ts9grb4",
            "selection_pattern": "",
            "status_code": "200"
          },
          "sensitive_attributes": [],
          "private": "bnVsbA==",
          "dependencies": [
            "data.aws_caller_identity.current",
            "data.aws_region.current",
            "module.api.aws_api_gateway_resource.admin_catalog_resource",
            "module.api.aws_api_gateway_resource.admin_catalog_visibility_resource",
            "module.api.aws_api_gateway_resource.admin_resource",
            "module.api.aws_api_gateway_rest_api.api-gateway",
            "module.api.module.visibility_post.aws_api_gateway_integration.lambda_integration",
            "module.api.module.visibility_post.aws_api_gateway_method.lambda_method",
            "module.api.module.visibility_post.aws_api_gateway_method_response.lambda_method_response_200"
          ]
        }
      ]
    },
    {
      "module": "module.api.module.visibility_post",
      "mode": "managed",
      "type": "aws_api_gateway_method",
      "name": "lambda_method",
      "provider": "provider[\"registry.terraform.io/hashicorp/aws\"]",
      "instances": [
        {
          "index_key": 0,
          "schema_version": 0,
          "attributes": {
            "api_key_required": false,
            "authorization": "AWS_IAM",
            "authorization_scopes": null,
            "authorizer_id": null,
            "http_method": "POST",
            "id": "agm-oz2ts9grb4-y6wtnl-POST",
            "operation_name": null,
            "request_models": null,
            "request_parameters": null,
            "request_validator_id": null,
            "resource_id": "y6wtnl",
            "rest_api_id": "oz2ts9grb4"
          },
          "sensitive_attributes": [],
          "private": "bnVsbA==",
          "dependencies": [
            "module.api.aws_api_gateway_resource.admin_catalog_resource",
            "module.api.aws_api_gateway_resource.admin_catalog_visibility_resource",
            "module.api.aws_api_gateway_resource.admin_resource",
            "module.api.aws_api_gateway_rest_api.api-gateway"
          ],
          "create_before_destroy": true
        }
      ]
    },
    {
      "module": "module.api.module.visibility_post",
      "mode": "managed",
      "type": "aws_api_gateway_method_response",
      "name": "lambda_method_response_200",
      "provider": "provider[\"registry.terraform.io/hashicorp/aws\"]",
      "instances": [
        {
          "index_key": 0,
          "schema_version": 0,
          "attributes": {
            "http_method": "POST",
            "id": "agmr-oz2ts9grb4-y6wtnl-POST-200",
            "resource_id": "y6wtnl",
            "response_models": null,
            "response_parameters": {
              "method.response.header.Access-Control-Allow-Headers": true,
              "method.response.header.Access-Control-Allow-Methods": true,
              "method.response.header.Access-Control-Allow-Origin": true
            },
            "rest_api_id": "oz2ts9grb4",
            "status_code": "200"
          },
          "sensitive_attributes": [],
          "private": "bnVsbA==",
          "dependencies": [
            "module.api.aws_api_gateway_resource.admin_catalog_resource",
            "module.api.aws_api_gateway_resource.admin_catalog_visibility_resource",
            "module.api.aws_api_gateway_resource.admin_resource",
            "module.api.aws_api_gateway_rest_api.api-gateway",
            "module.api.module.visibility_post.aws_api_gateway_method.lambda_method"
          ],
          "create_before_destroy": true
        }
      ]
    },
    {
      "module": "module.api.module.visibility_resource_OPTION",
      "mode": "managed",
      "type": "aws_api_gateway_integration",
      "name": "options_root_integration",
      "provider": "provider[\"registry.terraform.io/hashicorp/aws\"]",
      "instances": [
        {
          "index_key": 0,
          "schema_version": 0,
          "attributes": {
            "cache_key_parameters": null,
            "cache_namespace": "y6wtnl",
            "connection_id": "",
            "connection_type": "INTERNET",
            "content_handling": "",
            "credentials": "",
            "http_method": "OPTIONS",
            "id": "agi-oz2ts9grb4-y6wtnl-OPTIONS",
            "integration_http_method": "",
            "passthrough_behavior": "WHEN_NO_MATCH",
            "request_parameters": null,
            "request_templates": {
              "application/json": "{ \"statusCode\": 200 }"
            },
            "resource_id": "y6wtnl",
            "rest_api_id": "oz2ts9grb4",
            "timeout_milliseconds": 29000,
            "tls_config": [],
            "type": "MOCK",
            "uri": ""
          },
          "sensitive_attributes": [],
          "private": "bnVsbA==",
          "dependencies": [
            "module.api.aws_api_gateway_resource.admin_catalog_resource",
            "module.api.aws_api_gateway_resource.admin_catalog_visibility_resource",
            "module.api.aws_api_gateway_resource.admin_resource",
            "module.api.aws_api_gateway_rest_api.api-gateway",
            "module.api.module.visibility_resource_OPTION.aws_api_gateway_method.options_root_method"
          ]
        }
      ]
    },
    {
      "module": "module.api.module.visibility_resource_OPTION",
      "mode": "managed",
      "type": "aws_api_gateway_integration_response",
      "name": "options_root_integration_response",
      "provider": "provider[\"registry.terraform.io/hashicorp/aws\"]",
      "instances": [
        {
          "index_key": 0,
          "schema_version": 0,
          "attributes": {
            "content_handling": "",
            "http_method": "OPTIONS",
            "id": "agir-oz2ts9grb4-y6wtnl-OPTIONS-200",
            "resource_id": "y6wtnl",
            "response_parameters": {
              "method.response.header.Access-Control-Allow-Headers": "'Authorization,authorization,Content-Type,X-Amz-Date,X-Amz-Security-Token,X-Api-Key'",
              "method.response.header.Access-Control-Allow-Methods": "'*'",
              "method.response.header.Access-Control-Allow-Origin": "'*'"
            },
            "response_templates": null,
            "rest_api_id": "oz2ts9grb4",
            "selection_pattern": "",
            "status_code": "200"
          },
          "sensitive_attributes": [],
          "private": "bnVsbA==",
          "dependencies": [
            "module.api.aws_api_gateway_resource.admin_catalog_resource",
            "module.api.aws_api_gateway_resource.admin_catalog_visibility_resource",
            "module.api.aws_api_gateway_resource.admin_resource",
            "module.api.aws_api_gateway_rest_api.api-gateway",
            "module.api.module.visibility_resource_OPTION.aws_api_gateway_integration.options_root_integration",
            "module.api.module.visibility_resource_OPTION.aws_api_gateway_method.options_root_method",
            "module.api.module.visibility_resource_OPTION.aws_api_gateway_method_response.options_root_method_response_200"
          ]
        }
      ]
    },
    {
      "module": "module.api.module.visibility_resource_OPTION",
      "mode": "managed",
      "type": "aws_api_gateway_method",
      "name": "options_root_method",
      "provider": "provider[\"registry.terraform.io/hashicorp/aws\"]",
      "instances": [
        {
          "index_key": 0,
          "schema_version": 0,
          "attributes": {
            "api_key_required": false,
            "authorization": "NONE",
            "authorization_scopes": null,
            "authorizer_id": null,
            "http_method": "OPTIONS",
            "id": "agm-oz2ts9grb4-y6wtnl-OPTIONS",
            "operation_name": null,
            "request_models": null,
            "request_parameters": null,
            "request_validator_id": null,
            "resource_id": "y6wtnl",
            "rest_api_id": "oz2ts9grb4"
          },
          "sensitive_attributes": [],
          "private": "bnVsbA==",
          "dependencies": [
            "module.api.aws_api_gateway_resource.admin_catalog_resource",
            "module.api.aws_api_gateway_resource.admin_catalog_visibility_resource",
            "module.api.aws_api_gateway_resource.admin_resource",
            "module.api.aws_api_gateway_rest_api.api-gateway"
          ]
        }
      ]
    },
    {
      "module": "module.api.module.visibility_resource_OPTION",
      "mode": "managed",
      "type": "aws_api_gateway_method_response",
      "name": "options_root_method_response_200",
      "provider": "provider[\"registry.terraform.io/hashicorp/aws\"]",
      "instances": [
        {
          "index_key": 0,
          "schema_version": 0,
          "attributes": {
            "http_method": "OPTIONS",
            "id": "agmr-oz2ts9grb4-y6wtnl-OPTIONS-200",
            "resource_id": "y6wtnl",
            "response_models": {
              "application/json": "Empty"
            },
            "response_parameters": {
              "method.response.header.Access-Control-Allow-Headers": true,
              "method.response.header.Access-Control-Allow-Methods": true,
              "method.response.header.Access-Control-Allow-Origin": true
            },
            "rest_api_id": "oz2ts9grb4",
            "status_code": "200"
          },
          "sensitive_attributes": [],
          "private": "bnVsbA==",
          "dependencies": [
            "module.api.aws_api_gateway_resource.admin_catalog_resource",
            "module.api.aws_api_gateway_resource.admin_catalog_visibility_resource",
            "module.api.aws_api_gateway_resource.admin_resource",
            "module.api.aws_api_gateway_rest_api.api-gateway",
            "module.api.module.visibility_resource_OPTION.aws_api_gateway_method.options_root_method"
          ]
        }
      ]
    },
    {
      "module": "module.cloudfront",
      "mode": "managed",
      "type": "aws_cloudfront_distribution",
      "name": "default_domain_cloudfront_distribution",
      "provider": "provider[\"registry.terraform.io/hashicorp/aws\"].global_region",
      "instances": [
        {
          "index_key": 0,
          "schema_version": 1,
          "attributes": {
            "aliases": null,
            "arn": "arn:aws:cloudfront::489994096722:distribution/E3T2IOB23C3BJQ",
            "caller_reference": "terraform-20211117182408935200000002",
            "comment": null,
            "custom_error_response": [
              {
                "error_caching_min_ttl": 300,
                "error_code": 403,
                "response_code": 403,
                "response_page_path": "/index.html"
              }
            ],
            "default_cache_behavior": [
              {
                "allowed_methods": [
                  "GET",
                  "HEAD"
                ],
                "cache_policy_id": "",
                "cached_methods": [
                  "GET",
                  "HEAD"
                ],
                "compress": false,
                "default_ttl": 0,
                "field_level_encryption_id": "",
                "forwarded_values": [
                  {
                    "cookies": [
                      {
                        "forward": "none",
                        "whitelisted_names": []
                      }
                    ],
                    "headers": [],
                    "query_string": true,
                    "query_string_cache_keys": []
                  }
                ],
                "function_association": [],
                "lambda_function_association": [
                  {
                    "event_type": "origin-response",
                    "include_body": false,
                    "lambda_arn": "arn:aws:lambda:us-east-1:489994096722:function:vap-dani-s-test-cloudfront-security:6"
                  }
                ],
                "max_ttl": 0,
                "min_ttl": 0,
                "origin_request_policy_id": "",
                "realtime_log_config_arn": "",
                "smooth_streaming": false,
                "target_origin_id": "vap-dani-s-test-portal.s3.amazonaws.com",
                "trusted_key_groups": [],
                "trusted_signers": [],
                "viewer_protocol_policy": "redirect-to-https"
              }
            ],
            "default_root_object": "index.html",
            "domain_name": "d1243g27tpqbtw.cloudfront.net",
            "enabled": true,
            "etag": "E2WBG5O96VB36Z",
            "hosted_zone_id": "Z2FDTNDATAQYW2",
            "http_version": "http1.1",
            "id": "E3T2IOB23C3BJQ",
            "in_progress_validation_batches": 0,
            "is_ipv6_enabled": false,
            "last_modified_time": "2021-11-17 18:24:09.805 +0000 UTC",
            "logging_config": [],
            "ordered_cache_behavior": [],
            "origin": [
              {
                "connection_attempts": 3,
                "connection_timeout": 10,
                "custom_header": [],
                "custom_origin_config": [],
                "domain_name": "vap-dani-s-test-portal.s3-us-east-2.amazonaws.com",
                "origin_id": "vap-dani-s-test-portal.s3.amazonaws.com",
                "origin_path": "",
                "origin_shield": [],
                "s3_origin_config": [
                  {
                    "origin_access_identity": "origin-access-identity/cloudfront/E9Q8HDK4NJQ6U"
                  }
                ]
              }
            ],
            "origin_group": [],
            "price_class": "PriceClass_All",
            "restrictions": [
              {
                "geo_restriction": [
                  {
                    "locations": [],
                    "restriction_type": "none"
                  }
                ]
              }
            ],
            "retain_on_delete": false,
            "status": "Deployed",
            "tags": null,
            "tags_all": {},
            "trusted_key_groups": [
              {
                "enabled": false,
                "items": []
              }
            ],
            "trusted_signers": [
              {
                "enabled": false,
                "items": []
              }
            ],
            "viewer_certificate": [
              {
                "acm_certificate_arn": "",
                "cloudfront_default_certificate": true,
                "iam_certificate_id": "",
                "minimum_protocol_version": "TLSv1",
                "ssl_support_method": ""
              }
            ],
            "wait_for_deployment": true,
            "web_acl_id": ""
          },
          "sensitive_attributes": [],
          "private": "eyJzY2hlbWFfdmVyc2lvbiI6IjEifQ==",
          "dependencies": [
            "data.aws_region.current",
            "data.terraform_remote_state.vap-platform-infra",
            "module.cloudfront.aws_cloudfront_origin_access_identity.cloudfront_origin_access_identity",
            "module.lambda.aws_lambda_function.lambda_cloudfront_security_function",
            "module.lambda.data.archive_file.lambda_cloudfront_security_function",
            "module.role.aws_iam_role.lambda_cloudfront_security_role"
          ]
        }
      ]
    },
    {
      "module": "module.cloudfront",
      "mode": "managed",
      "type": "aws_cloudfront_origin_access_identity",
      "name": "cloudfront_origin_access_identity",
      "provider": "provider[\"registry.terraform.io/hashicorp/aws\"].global_region",
      "instances": [
        {
          "schema_version": 0,
          "attributes": {
            "caller_reference": "terraform-20211117182343173800000001",
            "cloudfront_access_identity_path": "origin-access-identity/cloudfront/E9Q8HDK4NJQ6U",
            "comment": "vap-dani-s-test",
            "etag": "E1EDEXQS0J3TAW",
            "iam_arn": "arn:aws:iam::cloudfront:user/CloudFront Origin Access Identity E9Q8HDK4NJQ6U",
            "id": "E9Q8HDK4NJQ6U",
            "s3_canonical_user_id": "a92d05df8d11ed9f9abac08dbc124b98692b734db2ea4251db8b228678d23335efa0e081a45e0a7492dbd25d6755f61a"
          },
          "sensitive_attributes": [],
          "private": "bnVsbA=="
        }
      ]
    },
    {
      "module": "module.cognito",
      "mode": "managed",
      "type": "aws_cognito_identity_pool",
      "name": "cognito_identity_pool",
      "provider": "provider[\"registry.terraform.io/hashicorp/aws\"]",
      "instances": [
        {
          "schema_version": 0,
          "attributes": {
            "allow_classic_flow": true,
            "allow_unauthenticated_identities": false,
            "arn": "arn:aws:cognito-identity:us-east-2:489994096722:identitypool/us-east-2:5cf626e4-2b9b-44d2-8df9-c270722e419a",
            "cognito_identity_providers": [
              {
                "client_id": "64r0j2vnpqr1mjic3ostg6upua",
                "provider_name": "cognito-idp.us-east-2.amazonaws.com/us-east-2_JA7tiuoKI",
                "server_side_token_check": false
              }
            ],
            "developer_provider_name": "",
            "id": "us-east-2:5cf626e4-2b9b-44d2-8df9-c270722e419a",
            "identity_pool_name": "identity pool",
            "openid_connect_provider_arns": null,
            "saml_provider_arns": null,
            "supported_login_providers": null,
            "tags": null,
            "tags_all": {}
          },
          "sensitive_attributes": [],
          "private": "bnVsbA==",
          "dependencies": [
            "data.aws_caller_identity.current",
            "data.aws_region.current",
            "data.terraform_remote_state.vap-platform-infra",
            "module.cloudfront.aws_cloudfront_distribution.default_domain_cloudfront_distribution",
            "module.cloudfront.aws_cloudfront_distribution.s3_distribution",
            "module.cloudfront.aws_cloudfront_origin_access_identity.cloudfront_origin_access_identity",
            "module.cognito.aws_cognito_user_pool.cognito_user_pool",
            "module.cognito.aws_cognito_user_pool_client.cognito_user_pool_client",
            "module.lambda.aws_lambda_function.lambda_cloudfront_security_function",
            "module.lambda.data.archive_file.lambda_cloudfront_security_function",
            "module.role.aws_iam_role.cognito_sms_caller_role",
            "module.role.aws_iam_role.lambda_cloudfront_security_role"
          ]
        }
      ]
    },
    {
      "module": "module.cognito",
      "mode": "managed",
      "type": "aws_cognito_identity_pool_roles_attachment",
      "name": "main",
      "provider": "provider[\"registry.terraform.io/hashicorp/aws\"]",
      "instances": [
        {
          "schema_version": 0,
          "attributes": {
            "id": "us-east-2:5cf626e4-2b9b-44d2-8df9-c270722e419a",
            "identity_pool_id": "us-east-2:5cf626e4-2b9b-44d2-8df9-c270722e419a",
            "role_mapping": [],
            "roles": {
              "authenticated": "arn:aws:iam::489994096722:role/vap-dani-s-test-cognito_authenticated"
            }
          },
          "sensitive_attributes": [],
          "private": "bnVsbA==",
          "dependencies": [
            "data.aws_caller_identity.current",
            "data.aws_region.current",
            "data.terraform_remote_state.vap-platform-infra",
            "module.cloudfront.aws_cloudfront_distribution.default_domain_cloudfront_distribution",
            "module.cloudfront.aws_cloudfront_distribution.s3_distribution",
            "module.cloudfront.aws_cloudfront_origin_access_identity.cloudfront_origin_access_identity",
            "module.cognito.aws_cognito_identity_pool.cognito_identity_pool",
            "module.cognito.aws_cognito_user_pool.cognito_user_pool",
            "module.cognito.aws_cognito_user_pool_client.cognito_user_pool_client",
            "module.cognito.aws_iam_role.authenticated",
            "module.lambda.aws_lambda_function.lambda_cloudfront_security_function",
            "module.lambda.data.archive_file.lambda_cloudfront_security_function",
            "module.role.aws_iam_role.cognito_sms_caller_role",
            "module.role.aws_iam_role.lambda_cloudfront_security_role"
          ]
        }
      ]
    },
    {
      "module": "module.cognito",
      "mode": "managed",
      "type": "aws_cognito_user_group",
      "name": "cognito_admin_group",
      "provider": "provider[\"registry.terraform.io/hashicorp/aws\"]",
      "instances": [
        {
          "schema_version": 0,
          "attributes": {
            "description": "Group for Admins",
            "id": "us-east-2_JA7tiuoKI/vap-dani-s-test-admin-group",
            "name": "vap-dani-s-test-admin-group",
            "precedence": 0,
            "role_arn": "arn:aws:iam::489994096722:role/vap-dani-s-test-CognitoAdminRole-role",
            "user_pool_id": "us-east-2_JA7tiuoKI"
          },
          "sensitive_attributes": [],
          "private": "bnVsbA==",
          "dependencies": [
            "data.aws_caller_identity.current",
            "data.aws_region.current",
            "data.terraform_remote_state.vap-platform-infra",
            "module.cloudfront.aws_cloudfront_distribution.default_domain_cloudfront_distribution",
            "module.cloudfront.aws_cloudfront_distribution.s3_distribution",
            "module.cloudfront.aws_cloudfront_origin_access_identity.cloudfront_origin_access_identity",
            "module.cognito.aws_cognito_identity_pool.cognito_identity_pool",
            "module.cognito.aws_cognito_user_pool.cognito_user_pool",
            "module.cognito.aws_cognito_user_pool_client.cognito_user_pool_client",
            "module.lambda.aws_lambda_function.lambda_cloudfront_security_function",
            "module.lambda.data.archive_file.lambda_cloudfront_security_function",
            "module.role.aws_iam_role.cognito_admin_group_role",
            "module.role.aws_iam_role.cognito_sms_caller_role",
            "module.role.aws_iam_role.lambda_cloudfront_security_role"
          ]
        }
      ]
    },
    {
      "module": "module.cognito",
      "mode": "managed",
      "type": "aws_cognito_user_group",
      "name": "cognito_registered_group",
      "provider": "provider[\"registry.terraform.io/hashicorp/aws\"]",
      "instances": [
        {
          "schema_version": 0,
          "attributes": {
            "description": "Group for registered users",
            "id": "us-east-2_JA7tiuoKI/vap-dani-s-test-registered-group",
            "name": "vap-dani-s-test-registered-group",
            "precedence": 1,
            "role_arn": "arn:aws:iam::489994096722:role/vap-dani-s-test-CognitoRegisteredRole-role",
            "user_pool_id": "us-east-2_JA7tiuoKI"
          },
          "sensitive_attributes": [],
          "private": "bnVsbA==",
          "dependencies": [
            "data.aws_caller_identity.current",
            "data.aws_region.current",
            "data.terraform_remote_state.vap-platform-infra",
            "module.cloudfront.aws_cloudfront_distribution.default_domain_cloudfront_distribution",
            "module.cloudfront.aws_cloudfront_distribution.s3_distribution",
            "module.cloudfront.aws_cloudfront_origin_access_identity.cloudfront_origin_access_identity",
            "module.cognito.aws_cognito_identity_pool.cognito_identity_pool",
            "module.cognito.aws_cognito_user_pool.cognito_user_pool",
            "module.cognito.aws_cognito_user_pool_client.cognito_user_pool_client",
            "module.lambda.aws_lambda_function.lambda_cloudfront_security_function",
            "module.lambda.data.archive_file.lambda_cloudfront_security_function",
            "module.role.aws_iam_role.cognito_registered_group_role",
            "module.role.aws_iam_role.cognito_sms_caller_role",
            "module.role.aws_iam_role.lambda_cloudfront_security_role"
          ]
        }
      ]
    },
    {
      "module": "module.cognito",
      "mode": "managed",
      "type": "aws_cognito_user_pool",
      "name": "cognito_user_pool",
      "provider": "provider[\"registry.terraform.io/hashicorp/aws\"]",
      "instances": [
        {
          "schema_version": 0,
          "attributes": {
            "account_recovery_setting": [
              {
                "recovery_mechanism": [
                  {
                    "name": "verified_email",
                    "priority": 1
                  }
                ]
              }
            ],
            "admin_create_user_config": [
              {
                "allow_admin_create_user_only": false,
                "invite_message_template": [
                  {
                    "email_message": "\u003ch2\u003eDeveloper Portal\u003c/h2\u003e\u003cp\u003eYou have been invited to access the developer portal at \u003ca href=\u003e\u003c/a\u003e.\u003c/p\u003e\u003cp\u003e\u003cb\u003eUsername:\u003c/b\u003e {username} \u003cbr\u003e\u003cb\u003eTemporary Password\u003c/b\u003e {####}\u003c/p\u003e",
                    "email_subject": "Developer Portal - Invitation",
                    "sms_message": "\u003cp\u003e\u003cb\u003eUsername:\u003c/b\u003e {username} \u003cbr\u003e\u003cb\u003eTemporary Password\u003c/b\u003e {####}\u003c/p\u003e"
                  }
                ]
              }
            ],
            "alias_attributes": null,
            "arn": "arn:aws:cognito-idp:us-east-2:489994096722:userpool/us-east-2_JA7tiuoKI",
            "auto_verified_attributes": [
              "email"
            ],
            "creation_date": "2021-11-17T18:23:57Z",
            "custom_domain": "",
            "device_configuration": [],
            "domain": "",
            "email_configuration": [
              {
                "configuration_set": "",
                "email_sending_account": "COGNITO_DEFAULT",
                "from_email_address": "",
                "reply_to_email_address": "",
                "source_arn": ""
              }
            ],
            "email_verification_message": "'\u003ch2\u003eDeveloper Portal\u003c/h2\u003e\u003cp\u003eYour verification code is \u003cb\u003e{####}\u003c/b\u003e\u003c/p\u003e'",
            "email_verification_subject": "Developer Portal - Invitation",
            "endpoint": "cognito-idp.us-east-2.amazonaws.com/us-east-2_JA7tiuoKI",
            "estimated_number_of_users": 0,
            "id": "us-east-2_JA7tiuoKI",
            "lambda_config": [
              {
                "create_auth_challenge": "",
                "custom_email_sender": [],
                "custom_message": "",
                "custom_sms_sender": [],
                "define_auth_challenge": "",
                "kms_key_id": "",
                "post_authentication": "arn:aws:lambda:us-east-2:489994096722:function:vap-dani-s-test-CognitoPostAuthenticationTriggerFn",
                "post_confirmation": "arn:aws:lambda:us-east-2:489994096722:function:vap-dani-s-test-CognitoPostConfirmationTriggerFn",
                "pre_authentication": "",
                "pre_sign_up": "arn:aws:lambda:us-east-2:489994096722:function:vap-dani-s-test-CognitoPreSignupTriggerFn",
                "pre_token_generation": "",
                "user_migration": "",
                "verify_auth_challenge_response": ""
              }
            ],
            "last_modified_date": "2021-11-17T18:23:57Z",
            "mfa_configuration": "OPTIONAL",
            "name": "vap-dani-s-test-user-pool",
            "password_policy": [
              {
                "minimum_length": 12,
                "require_lowercase": true,
                "require_numbers": true,
                "require_symbols": false,
                "require_uppercase": false,
                "temporary_password_validity_days": 7
              }
            ],
            "schema": [
              {
                "attribute_data_type": "String",
                "developer_only_attribute": null,
                "mutable": false,
                "name": "email",
                "number_attribute_constraints": [],
                "required": true,
                "string_attribute_constraints": [
                  {
                    "max_length": "2048",
                    "min_length": "1"
                  }
                ]
              },
              {
                "attribute_data_type": "String",
                "developer_only_attribute": null,
                "mutable": false,
                "name": "phone_number",
                "number_attribute_constraints": [],
                "required": false,
                "string_attribute_constraints": [
                  {
                    "max_length": "2048",
                    "min_length": "1"
                  }
                ]
              }
            ],
            "sms_authentication_message": null,
            "sms_configuration": [
              {
                "external_id": "vap-dani-s-test-SMS-ROLE",
                "sns_caller_arn": "arn:aws:iam::489994096722:role/vap-dani-s-test-cognito_sms_caller_role"
              }
            ],
            "sms_verification_message": null,
            "software_token_mfa_configuration": [],
            "tags": null,
            "tags_all": {},
            "user_pool_add_ons": [],
            "username_attributes": [
              "email"
            ],
            "username_configuration": [],
            "verification_message_template": [
              {
                "default_email_option": "CONFIRM_WITH_CODE",
                "email_message": "'\u003ch2\u003eDeveloper Portal\u003c/h2\u003e\u003cp\u003eYour verification code is \u003cb\u003e{####}\u003c/b\u003e\u003c/p\u003e'",
                "email_message_by_link": "",
                "email_subject": "Developer Portal - Invitation",
                "email_subject_by_link": "",
                "sms_message": ""
              }
            ]
          },
          "sensitive_attributes": [],
          "private": "bnVsbA==",
          "dependencies": [
            "data.aws_caller_identity.current",
            "data.aws_region.current",
            "module.role.aws_iam_role.cognito_sms_caller_role"
          ]
        }
      ]
    },
    {
      "module": "module.cognito",
      "mode": "managed",
      "type": "aws_cognito_user_pool_client",
      "name": "cognito_user_pool_client",
      "provider": "provider[\"registry.terraform.io/hashicorp/aws\"]",
      "instances": [
        {
          "schema_version": 0,
          "attributes": {
            "access_token_validity": 0,
            "allowed_oauth_flows": [
              "implicit"
            ],
            "allowed_oauth_flows_user_pool_client": true,
            "allowed_oauth_scopes": [
              "openid"
            ],
            "analytics_configuration": [],
            "callback_urls": [
              "https://d1243g27tpqbtw.cloudfront.net/index.html?action=login"
            ],
            "client_secret": "",
            "default_redirect_uri": "",
            "enable_token_revocation": true,
            "explicit_auth_flows": null,
            "generate_secret": false,
            "id": "64r0j2vnpqr1mjic3ostg6upua",
            "id_token_validity": 0,
            "logout_urls": [
              "https://d1243g27tpqbtw.cloudfront.net/index.html?action=logout"
            ],
            "name": "vap-dani-s-test-user-pool-client",
            "prevent_user_existence_errors": "ENABLED",
            "read_attributes": null,
            "refresh_token_validity": 30,
            "supported_identity_providers": [
              "COGNITO"
            ],
            "token_validity_units": [],
            "user_pool_id": "us-east-2_JA7tiuoKI",
            "write_attributes": null
          },
          "sensitive_attributes": [],
          "private": "bnVsbA==",
          "dependencies": [
            "data.aws_caller_identity.current",
            "data.aws_region.current",
            "data.terraform_remote_state.vap-platform-infra",
            "module.cloudfront.aws_cloudfront_distribution.default_domain_cloudfront_distribution",
            "module.cloudfront.aws_cloudfront_distribution.s3_distribution",
            "module.cloudfront.aws_cloudfront_origin_access_identity.cloudfront_origin_access_identity",
            "module.cognito.aws_cognito_user_pool.cognito_user_pool",
            "module.lambda.aws_lambda_function.lambda_cloudfront_security_function",
            "module.lambda.data.archive_file.lambda_cloudfront_security_function",
            "module.role.aws_iam_role.cognito_sms_caller_role",
            "module.role.aws_iam_role.lambda_cloudfront_security_role"
          ]
        }
      ]
    },
    {
      "module": "module.cognito",
      "mode": "managed",
      "type": "aws_cognito_user_pool_domain",
      "name": "main",
      "provider": "provider[\"registry.terraform.io/hashicorp/aws\"]",
      "instances": [
        {
          "schema_version": 0,
          "attributes": {
            "aws_account_id": "489994096722",
            "certificate_arn": "",
            "cloudfront_distribution_arn": "d1lcia0inyjsq.cloudfront.net",
            "domain": "daniyaldm",
            "id": "daniyaldm",
            "s3_bucket": "aws-cognito-prod-cmh-assets",
            "user_pool_id": "us-east-2_JA7tiuoKI",
            "version": "20211117182404"
          },
          "sensitive_attributes": [],
          "private": "bnVsbA==",
          "dependencies": [
            "data.aws_caller_identity.current",
            "data.aws_region.current",
            "module.cognito.aws_cognito_user_pool.cognito_user_pool",
            "module.role.aws_iam_role.cognito_sms_caller_role"
          ]
        }
      ]
    },
    {
      "module": "module.cognito",
      "mode": "managed",
      "type": "aws_iam_role",
      "name": "authenticated",
      "provider": "provider[\"registry.terraform.io/hashicorp/aws\"]",
      "instances": [
        {
          "schema_version": 0,
          "attributes": {
            "arn": "arn:aws:iam::489994096722:role/vap-dani-s-test-cognito_authenticated",
            "assume_role_policy": "{\"Version\":\"2012-10-17\",\"Statement\":[{\"Effect\":\"Allow\",\"Principal\":{\"Federated\":\"cognito-identity.amazonaws.com\"},\"Action\":\"sts:AssumeRoleWithWebIdentity\"}]}",
            "create_date": "2021-11-17T18:23:40Z",
            "description": "",
            "force_detach_policies": false,
            "id": "vap-dani-s-test-cognito_authenticated",
            "inline_policy": [
              {
                "name": "",
                "policy": ""
              }
            ],
            "managed_policy_arns": [],
            "max_session_duration": 3600,
            "name": "vap-dani-s-test-cognito_authenticated",
            "name_prefix": null,
            "path": "/",
            "permissions_boundary": null,
            "tags": null,
            "tags_all": {},
            "unique_id": "AROAXEFPMSBJCLFSRC7UR"
          },
          "sensitive_attributes": [],
          "private": "bnVsbA=="
        }
      ]
    },
    {
      "module": "module.cognito",
      "mode": "managed",
      "type": "aws_iam_role_policy",
      "name": "authenticated",
      "provider": "provider[\"registry.terraform.io/hashicorp/aws\"]",
      "instances": [
        {
          "schema_version": 0,
          "attributes": {
            "id": "vap-dani-s-test-cognito_authenticated:vap-dani-s-test-authenticated_policy",
            "name": "vap-dani-s-test-authenticated_policy",
            "name_prefix": null,
            "policy": "{\n  \"Version\": \"2012-10-17\",\n  \"Statement\": [\n    {\n      \"Effect\": \"Allow\",\n      \"Action\": [\n        \"mobileanalytics:PutEvents\",\n        \"cognito-sync:*\",\n        \"cognito-identity:*\"\n      ],\n      \"Resource\": [\n        \"*\"\n      ]\n    }\n  ]\n}\n",
            "role": "vap-dani-s-test-cognito_authenticated"
          },
          "sensitive_attributes": [],
          "private": "bnVsbA==",
          "dependencies": [
            "module.cognito.aws_iam_role.authenticated"
          ]
        }
      ]
    },
    {
      "module": "module.cw",
      "mode": "managed",
      "type": "aws_cloudwatch_event_rule",
      "name": "trigger_api_key_rotation",
      "provider": "provider[\"registry.terraform.io/hashicorp/aws\"]",
      "instances": [
        {
          "schema_version": 0,
          "attributes": {
            "arn": "arn:aws:events:us-east-2:489994096722:rule/vap-dani-s-test-api-key-rotation-cw",
            "description": "Fires vap-dani-s-test-api-key-rotation",
            "event_bus_name": "default",
            "event_pattern": null,
            "id": "vap-dani-s-test-api-key-rotation-cw",
            "is_enabled": true,
            "name": "vap-dani-s-test-api-key-rotation-cw",
            "name_prefix": "",
            "role_arn": "",
            "schedule_expression": "cron(* 5 * * ? *)",
            "tags": null,
            "tags_all": {}
          },
          "sensitive_attributes": [],
          "private": "bnVsbA=="
        }
      ]
    },
    {
      "module": "module.cw",
      "mode": "managed",
      "type": "aws_cloudwatch_event_target",
      "name": "target_api_key_rotation",
      "provider": "provider[\"registry.terraform.io/hashicorp/aws\"]",
      "instances": [
        {
          "schema_version": 1,
          "attributes": {
            "arn": "arn:aws:lambda:us-east-2:489994096722:function:vap-dani-s-test-api-key-rotation",
            "batch_target": [],
            "dead_letter_config": [],
            "ecs_target": [],
            "event_bus_name": "default",
            "http_target": [],
            "id": "vap-dani-s-test-api-key-rotation-cw-vap-dani-s-test-api-key-rotation",
            "input": "",
            "input_path": "",
            "input_transformer": [],
            "kinesis_target": [],
            "redshift_target": [],
            "retry_policy": [],
            "role_arn": "",
            "rule": "vap-dani-s-test-api-key-rotation-cw",
            "run_command_targets": [],
            "sqs_target": [],
            "target_id": "vap-dani-s-test-api-key-rotation"
          },
          "sensitive_attributes": [],
          "private": "eyJzY2hlbWFfdmVyc2lvbiI6IjEifQ==",
          "dependencies": [
            "data.terraform_remote_state.vap-platform-infra",
            "module.cw.aws_cloudwatch_event_rule.trigger_api_key_rotation",
            "module.lambda.aws_lambda_function.lambda_api_key_rotation",
            "module.lambda.aws_lambda_layer_version.lambda-common-layer",
            "module.lambda.data.archive_file.lambda_api_key_rotation_function",
            "module.role.aws_iam_role.lambda_api_key_rotation_role"
          ]
        }
      ]
    },
    {
      "module": "module.cw",
      "mode": "managed",
      "type": "aws_lambda_permission",
      "name": "api_key_rotation_permission",
      "provider": "provider[\"registry.terraform.io/hashicorp/aws\"]",
      "instances": [
        {
          "schema_version": 0,
          "attributes": {
            "action": "lambda:InvokeFunction",
            "event_source_token": null,
            "function_name": "vap-dani-s-test-api-key-rotation",
            "id": "api-key-rotation",
            "principal": "events.amazonaws.com",
            "qualifier": "",
            "source_account": null,
            "source_arn": "arn:aws:events:us-east-2:489994096722:rule/vap-dani-s-test-api-key-rotation-cw",
            "statement_id": "api-key-rotation",
            "statement_id_prefix": null
          },
          "sensitive_attributes": [],
          "private": "bnVsbA==",
          "dependencies": [
            "data.terraform_remote_state.vap-platform-infra",
            "module.cw.aws_cloudwatch_event_rule.trigger_api_key_rotation",
            "module.lambda.aws_lambda_function.lambda_api_key_rotation",
            "module.lambda.aws_lambda_layer_version.lambda-common-layer",
            "module.lambda.data.archive_file.lambda_api_key_rotation_function",
            "module.role.aws_iam_role.lambda_api_key_rotation_role"
          ]
        }
      ]
    },
    {
      "module": "module.lambda",
      "mode": "data",
      "type": "archive_file",
      "name": "lambda_api_key_authoriser_function",
      "provider": "provider[\"registry.terraform.io/hashicorp/archive\"]",
      "instances": [
        {
          "schema_version": 0,
          "attributes": {
            "excludes": null,
            "id": "05ffff2d9624553507f8bfc23c31d674863b2869",
            "output_base64sha256": "B07PLU2RMWd9pHoPzOBFIHkAgUg+aibo1FcPok5iNhM=",
            "output_file_mode": null,
            "output_md5": "711784828d70f64b2cce587c12801571",
            "output_path": "modules/lambda/zip/authoriser.zip",
            "output_sha": "05ffff2d9624553507f8bfc23c31d674863b2869",
            "output_size": 9491400,
            "source": [],
            "source_content": null,
            "source_content_filename": null,
            "source_dir": "modules/lambda/code/authoriser",
            "source_file": null,
            "type": "zip"
          },
          "sensitive_attributes": []
        }
      ]
    },
    {
      "module": "module.lambda",
      "mode": "data",
      "type": "archive_file",
      "name": "lambda_api_key_rotation_function",
      "provider": "provider[\"registry.terraform.io/hashicorp/archive\"]",
      "instances": [
        {
          "schema_version": 0,
          "attributes": {
            "excludes": null,
            "id": "b68d79d0c70d8a29c7a2232ee8fc5cb3b3baa9a4",
            "output_base64sha256": "+QyKpW9H/Xwh0AFSqNY0z66cj9QSno13ffoHYRBpGsg=",
            "output_file_mode": null,
            "output_md5": "a8a067c51632cba8123f26f93510fed3",
            "output_path": "modules/lambda/zip/api-key-rotation.zip",
            "output_sha": "b68d79d0c70d8a29c7a2232ee8fc5cb3b3baa9a4",
            "output_size": 644,
            "source": [],
            "source_content": null,
            "source_content_filename": null,
            "source_dir": "modules/lambda/code/api-key-rotation",
            "source_file": null,
            "type": "zip"
          },
          "sensitive_attributes": []
        }
      ]
    },
    {
      "module": "module.lambda",
      "mode": "data",
      "type": "archive_file",
      "name": "lambda_backend_lambda_function",
      "provider": "provider[\"registry.terraform.io/hashicorp/archive\"]",
      "instances": [
        {
          "schema_version": 0,
          "attributes": {
            "excludes": null,
            "id": "a6b8683f33887645d521ca0824d196b0089e545a",
            "output_base64sha256": "KrKcHtIiJRkvtyaJaus1aEKezs1md4hB3s4PX7OrwqU=",
            "output_file_mode": null,
            "output_md5": "d4fbecbed47998ebfed85293b5f1bfb1",
            "output_path": "modules/lambda/zip/backend.zip",
            "output_sha": "a6b8683f33887645d521ca0824d196b0089e545a",
            "output_size": 996080,
            "source": [],
            "source_content": null,
            "source_content_filename": null,
            "source_dir": "modules/lambda/code/backend",
            "source_file": null,
            "type": "zip"
          },
          "sensitive_attributes": []
        }
      ]
    },
    {
      "module": "module.lambda",
      "mode": "data",
      "type": "archive_file",
      "name": "lambda_catalog_updater_lambda_function",
      "provider": "provider[\"registry.terraform.io/hashicorp/archive\"]",
      "instances": [
        {
          "schema_version": 0,
          "attributes": {
            "excludes": null,
            "id": "cf11db2b7f0fe75f44f01985826b32d51bfa675c",
            "output_base64sha256": "9kwnMcl51zW4HCLQaPlDQzqkOquZtOS6f9Rq2zytsDo=",
            "output_file_mode": null,
            "output_md5": "350e79c71c39b6b4274490cf5d2d8705",
            "output_path": "modules/lambda/zip/catalog-updater.zip",
            "output_sha": "cf11db2b7f0fe75f44f01985826b32d51bfa675c",
            "output_size": 226998,
            "source": [],
            "source_content": null,
            "source_content_filename": null,
            "source_dir": "modules/lambda/code/catalog-updater",
            "source_file": null,
            "type": "zip"
          },
          "sensitive_attributes": []
        }
      ]
    },
    {
      "module": "module.lambda",
      "mode": "data",
      "type": "archive_file",
      "name": "lambda_cloudfront_security_function",
      "provider": "provider[\"registry.terraform.io/hashicorp/archive\"]",
      "instances": [
        {
          "schema_version": 0,
          "attributes": {
            "excludes": null,
            "id": "bb6bb18f05fbd20e269f46afbbb964ded830124c",
            "output_base64sha256": "ok+nUT6ftHpir9w8FNvQP3r5shnofo+eelOcT+8OeHo=",
            "output_file_mode": null,
            "output_md5": "4ef6d2ea54a1f6d27238c8789c6f1e42",
            "output_path": "modules/lambda/zip/cloudfront-security.zip",
            "output_sha": "bb6bb18f05fbd20e269f46afbbb964ded830124c",
            "output_size": 1348114,
            "source": [],
            "source_content": null,
            "source_content_filename": null,
            "source_dir": "modules/lambda/code/cloudfront-security",
            "source_file": null,
            "type": "zip"
          },
          "sensitive_attributes": []
        }
      ]
    },
    {
      "module": "module.lambda",
      "mode": "data",
      "type": "archive_file",
      "name": "lambda_cognito_post_authentication_trigger_function",
      "provider": "provider[\"registry.terraform.io/hashicorp/archive\"]",
      "instances": [
        {
          "schema_version": 0,
          "attributes": {
            "excludes": null,
            "id": "9f3fbb4d7daaa1f59ca1370eb57275744ad4146d",
            "output_base64sha256": "6AKo4rXikgV0nGrhw5pfxVFXLWDPX6ZnuZt+81RaOu8=",
            "output_file_mode": null,
            "output_md5": "7d3d61ff46a7e3977700fd73c5d5ec7f",
            "output_path": "modules/lambda/zip/cognito-post-authentication-trigger.zip",
            "output_sha": "9f3fbb4d7daaa1f59ca1370eb57275744ad4146d",
            "output_size": 808,
            "source": [],
            "source_content": null,
            "source_content_filename": null,
            "source_dir": "modules/lambda/code/cognito-post-authentication-trigger",
            "source_file": null,
            "type": "zip"
          },
          "sensitive_attributes": []
        }
      ]
    },
    {
      "module": "module.lambda",
      "mode": "data",
      "type": "archive_file",
      "name": "lambda_cognito_post_confirmation_trigger_function",
      "provider": "provider[\"registry.terraform.io/hashicorp/archive\"]",
      "instances": [
        {
          "schema_version": 0,
          "attributes": {
            "excludes": null,
            "id": "c6e75d331afaab90c77f5470b9f2fbf3d777d43f",
            "output_base64sha256": "6kEaLkCByQ8UNOOU/w7zYt1RCdnXm/cEqJcEDmrKvVI=",
            "output_file_mode": null,
            "output_md5": "6112abce4f907f7d5c00e6405b636f28",
            "output_path": "modules/lambda/zip/cognito-post-confirmation-trigger.zip",
            "output_sha": "c6e75d331afaab90c77f5470b9f2fbf3d777d43f",
            "output_size": 936,
            "source": [],
            "source_content": null,
            "source_content_filename": null,
            "source_dir": "modules/lambda/code/cognito-post-confirmation-trigger",
            "source_file": null,
            "type": "zip"
          },
          "sensitive_attributes": []
        }
      ]
    },
    {
      "module": "module.lambda",
      "mode": "data",
      "type": "archive_file",
      "name": "lambda_cognito_pre_signup_trigger_function",
      "provider": "provider[\"registry.terraform.io/hashicorp/archive\"]",
      "instances": [
        {
          "schema_version": 0,
          "attributes": {
            "excludes": null,
            "id": "1c76b3100dd39b7ec9d4c4ca09bf34a72bedde8f",
            "output_base64sha256": "2m2oyGxWHqXRU/r8sWhIDhjePJTrbDeoq9AStoHUDlI=",
            "output_file_mode": null,
            "output_md5": "8dbfe193d1b5a38563fe24c2b2b1ca45",
            "output_path": "modules/lambda/zip/cognito-pre-signup-trigger.zip",
            "output_sha": "1c76b3100dd39b7ec9d4c4ca09bf34a72bedde8f",
            "output_size": 1520,
            "source": [],
            "source_content": null,
            "source_content_filename": null,
            "source_dir": "modules/lambda/code/cognito-pre-signup-trigger",
            "source_file": null,
            "type": "zip"
          },
          "sensitive_attributes": []
        }
      ]
    },
    {
      "module": "module.lambda",
      "mode": "data",
      "type": "archive_file",
      "name": "lambda_cognito_userpool_client_settings_function",
      "provider": "provider[\"registry.terraform.io/hashicorp/archive\"]",
      "instances": [
        {
          "schema_version": 0,
          "attributes": {
            "excludes": null,
            "id": "a071d5a5742b8b88d2bc94ca1150ef671e505219",
            "output_base64sha256": "ZPUrlsAneKziCm6FqAvVRJgL3jM5al2MlzHiktiF7B4=",
            "output_file_mode": null,
            "output_md5": "59617031345b53fdf3c01c7e6ebf932b",
            "output_path": "modules/lambda/zip/cfn-cognito-user-pools-client-settings.zip",
            "output_sha": "a071d5a5742b8b88d2bc94ca1150ef671e505219",
            "output_size": 853,
            "source": [],
            "source_content": null,
            "source_content_filename": null,
            "source_dir": "modules/lambda/code/cfn-cognito-user-pools-client-settings",
            "source_file": null,
            "type": "zip"
          },
          "sensitive_attributes": []
        }
      ]
    },
    {
      "module": "module.lambda",
      "mode": "data",
      "type": "archive_file",
      "name": "lambda_cognito_userpool_domain_function",
      "provider": "provider[\"registry.terraform.io/hashicorp/archive\"]",
      "instances": [
        {
          "schema_version": 0,
          "attributes": {
            "excludes": null,
            "id": "6eebe14b3c595174951b2e157fc60c348df3bdea",
            "output_base64sha256": "Q9244wFwtmR8SVpgiBfdsQVGIvsRE401nKXzTNDjsXs=",
            "output_file_mode": null,
            "output_md5": "0fe978a9e62d6e38f356356fef083c14",
            "output_path": "modules/lambda/zip/cfn-cognito-user-pools-domain.zip",
            "output_sha": "6eebe14b3c595174951b2e157fc60c348df3bdea",
            "output_size": 1042,
            "source": [],
            "source_content": null,
            "source_content_filename": null,
            "source_dir": "modules/lambda/code/cfn-cognito-user-pools-domain",
            "source_file": null,
            "type": "zip"
          },
          "sensitive_attributes": []
        }
      ]
    },
    {
      "module": "module.lambda",
      "mode": "data",
      "type": "archive_file",
      "name": "lambda_dump_v3_account_data_function",
      "provider": "provider[\"registry.terraform.io/hashicorp/archive\"]",
      "instances": [
        {
          "schema_version": 0,
          "attributes": {
            "excludes": null,
            "id": "556587e330113f74307069e4dbbea8024b5f1287",
            "output_base64sha256": "PclAv4BLNqy4Dz1R7Msywc/0xyP86jDaMi55bU5nraM=",
            "output_file_mode": null,
            "output_md5": "9d5a7d66d780ba87a90ccb2485413857",
            "output_path": "modules/lambda/zip/dump-v3-account-data.zip",
            "output_sha": "556587e330113f74307069e4dbbea8024b5f1287",
            "output_size": 1735,
            "source": [],
            "source_content": null,
            "source_content_filename": null,
            "source_dir": "modules/lambda/code/dump-v3-account-data",
            "source_file": null,
            "type": "zip"
          },
          "sensitive_attributes": []
        }
      ]
    },
    {
      "module": "module.lambda",
      "mode": "data",
      "type": "archive_file",
      "name": "lambda_invoke_api_key_rotation_function",
      "provider": "provider[\"registry.terraform.io/hashicorp/archive\"]",
      "instances": [
        {
          "schema_version": 0,
          "attributes": {
            "excludes": null,
            "id": "9e3cda319d166de090e16245e819a107529de111",
            "output_base64sha256": "I6/qsg7wcBbUU84yg03SU+YFbvKVBLkegwoyNJuMHio=",
            "output_file_mode": null,
            "output_md5": "dc76aff0bf1f3e74ef88c7208b3b2a7d",
            "output_path": "modules/lambda/zip/invoke-api-key-rotation.zip",
            "output_sha": "9e3cda319d166de090e16245e819a107529de111",
            "output_size": 523,
            "source": [],
            "source_content": null,
            "source_content_filename": null,
            "source_dir": "modules/lambda/code/invoke-api-key-rotation",
            "source_file": null,
            "type": "zip"
          },
          "sensitive_attributes": []
        }
      ]
    },
    {
      "module": "module.lambda",
      "mode": "data",
      "type": "archive_file",
      "name": "lambda_security_header_function",
      "provider": "provider[\"registry.terraform.io/hashicorp/archive\"]",
      "instances": [
        {
          "schema_version": 0,
          "attributes": {
            "excludes": null,
            "id": "5928834237a4453ee9bbff51782bc61cb593eba3",
            "output_base64sha256": "Ph21k/5adi93Qn9+clK5H/f2QD2s8/1Yib8Cd3BPx5o=",
            "output_file_mode": null,
            "output_md5": "32fef7e05b5dbbc23f293ef0b3f1c8d3",
            "output_path": "modules/lambda/zip/security-header.zip",
            "output_sha": "5928834237a4453ee9bbff51782bc61cb593eba3",
            "output_size": 617,
            "source": [],
            "source_content": null,
            "source_content_filename": null,
            "source_dir": "modules/lambda/code/security-header",
            "source_file": null,
            "type": "zip"
          },
          "sensitive_attributes": []
        }
      ]
    },
    {
      "module": "module.lambda",
      "mode": "data",
      "type": "archive_file",
      "name": "lambda_user_group_importer_function",
      "provider": "provider[\"registry.terraform.io/hashicorp/archive\"]",
      "instances": [
        {
          "schema_version": 0,
          "attributes": {
            "excludes": null,
            "id": "6d6e8b5f3d647f4ca57b6fd3f27d824d2c96599c",
            "output_base64sha256": "7sHP8aFQej7NjR6SXdhtifTPyuwTG4eZT5Bmj3wo3B8=",
            "output_file_mode": null,
            "output_md5": "a96bb4a81c471831a8b0767b6f223535",
            "output_path": "modules/lambda/zip/user-group-importer.zip",
            "output_sha": "6d6e8b5f3d647f4ca57b6fd3f27d824d2c96599c",
            "output_size": 2070,
            "source": [],
            "source_content": null,
            "source_content_filename": null,
            "source_dir": "modules/lambda/code/user-group-importer",
            "source_file": null,
            "type": "zip"
          },
          "sensitive_attributes": []
        }
      ]
    },
    {
      "module": "module.lambda",
      "mode": "managed",
      "type": "aws_lambda_function",
      "name": "lambda_api_key_authoriser_function",
      "provider": "provider[\"registry.terraform.io/hashicorp/aws\"]",
      "instances": [
        {
          "schema_version": 0,
          "attributes": {
            "arn": "arn:aws:lambda:us-east-2:489994096722:function:vap-dani-s-test-api-key-authoriser",
            "code_signing_config_arn": "",
            "dead_letter_config": [],
            "description": "",
            "environment": [
              {
                "variables": {
                  "CustomersTableName": "vap-dani-s-test-user",
                  "UserPoolId": "us-east-2_JA7tiuoKI"
                }
              }
            ],
            "file_system_config": [],
            "filename": "modules/lambda/zip/authoriser.zip",
            "function_name": "vap-dani-s-test-api-key-authoriser",
            "handler": "authoriser.handler",
            "id": "vap-dani-s-test-api-key-authoriser",
            "image_config": [],
            "image_uri": "",
            "invoke_arn": "arn:aws:apigateway:us-east-2:lambda:path/2015-03-31/functions/arn:aws:lambda:us-east-2:489994096722:function:vap-dani-s-test-api-key-authoriser/invocations",
            "kms_key_arn": "",
            "last_modified": "2021-11-17T18:28:14.620+0000",
            "layers": [
              "arn:aws:lambda:us-east-2:489994096722:layer:dev-portal-common:4"
            ],
            "memory_size": 512,
            "package_type": "Zip",
            "publish": false,
            "qualified_arn": "arn:aws:lambda:us-east-2:489994096722:function:vap-dani-s-test-api-key-authoriser:$LATEST",
            "reserved_concurrent_executions": -1,
            "role": "arn:aws:iam::489994096722:role/vap-dani-s-test-lambda_authorizer_role",
            "runtime": "nodejs12.x",
            "s3_bucket": null,
            "s3_key": null,
            "s3_object_version": null,
            "signing_job_arn": "",
            "signing_profile_version_arn": "",
            "source_code_hash": "B07PLU2RMWd9pHoPzOBFIHkAgUg+aibo1FcPok5iNhM=",
            "source_code_size": 9491400,
            "tags": null,
            "tags_all": {},
            "timeout": 900,
            "timeouts": null,
            "tracing_config": [
              {
                "mode": "PassThrough"
              }
            ],
            "version": "$LATEST",
            "vpc_config": []
          },
          "sensitive_attributes": [],
          "private": "eyJlMmJmYjczMC1lY2FhLTExZTYtOGY4OC0zNDM2M2JjN2M0YzAiOnsiY3JlYXRlIjo2MDAwMDAwMDAwMDB9fQ==",
          "dependencies": [
            "data.aws_caller_identity.current",
            "data.aws_region.current",
            "data.terraform_remote_state.vap-platform-infra",
            "module.cognito.aws_cognito_user_pool.cognito_user_pool",
            "module.lambda.aws_lambda_layer_version.lambda-common-layer",
            "module.lambda.data.archive_file.lambda_api_key_authoriser_function",
            "module.role.aws_iam_role.cognito_sms_caller_role",
            "module.role.aws_iam_role.lambda_authorizer_role"
          ]
        }
      ]
    },
    {
      "module": "module.lambda",
      "mode": "managed",
      "type": "aws_lambda_function",
      "name": "lambda_api_key_rotation",
      "provider": "provider[\"registry.terraform.io/hashicorp/aws\"]",
      "instances": [
        {
          "schema_version": 0,
          "attributes": {
            "arn": "arn:aws:lambda:us-east-2:489994096722:function:vap-dani-s-test-api-key-rotation",
            "code_signing_config_arn": "",
            "dead_letter_config": [],
            "description": "",
            "environment": [
              {
                "variables": {
                  "CustomersTableName": "vap-dani-s-test-user",
                  "InvokeLambdaFunction": "vap-dani-s-test-invoke-api-key-rotation"
                }
              }
            ],
            "file_system_config": [],
            "filename": "modules/lambda/zip/api-key-rotation.zip",
            "function_name": "vap-dani-s-test-api-key-rotation",
            "handler": "index.handler",
            "id": "vap-dani-s-test-api-key-rotation",
            "image_config": [],
            "image_uri": "",
            "invoke_arn": "arn:aws:apigateway:us-east-2:lambda:path/2015-03-31/functions/arn:aws:lambda:us-east-2:489994096722:function:vap-dani-s-test-api-key-rotation/invocations",
            "kms_key_arn": "",
            "last_modified": "2021-11-17T18:26:11.082+0000",
            "layers": [
              "arn:aws:lambda:us-east-2:489994096722:layer:dev-portal-common:4"
            ],
            "memory_size": 512,
            "package_type": "Zip",
            "publish": false,
            "qualified_arn": "arn:aws:lambda:us-east-2:489994096722:function:vap-dani-s-test-api-key-rotation:$LATEST",
            "reserved_concurrent_executions": -1,
            "role": "arn:aws:iam::489994096722:role/vap-dani-s-test-lambda_api_key_rotation_role",
            "runtime": "nodejs12.x",
            "s3_bucket": null,
            "s3_key": null,
            "s3_object_version": null,
            "signing_job_arn": "",
            "signing_profile_version_arn": "",
            "source_code_hash": "+QyKpW9H/Xwh0AFSqNY0z66cj9QSno13ffoHYRBpGsg=",
            "source_code_size": 644,
            "tags": null,
            "tags_all": {},
            "timeout": 900,
            "timeouts": null,
            "tracing_config": [
              {
                "mode": "PassThrough"
              }
            ],
            "version": "$LATEST",
            "vpc_config": []
          },
          "sensitive_attributes": [],
          "private": "eyJlMmJmYjczMC1lY2FhLTExZTYtOGY4OC0zNDM2M2JjN2M0YzAiOnsiY3JlYXRlIjo2MDAwMDAwMDAwMDB9fQ==",
          "dependencies": [
            "data.terraform_remote_state.vap-platform-infra",
            "module.lambda.aws_lambda_layer_version.lambda-common-layer",
            "module.lambda.data.archive_file.lambda_api_key_rotation_function",
            "module.role.aws_iam_role.lambda_api_key_rotation_role"
          ]
        }
      ]
    },
    {
      "module": "module.lambda",
      "mode": "managed",
      "type": "aws_lambda_function",
      "name": "lambda_backend_lambda_function",
      "provider": "provider[\"registry.terraform.io/hashicorp/aws\"]",
      "instances": [
        {
          "schema_version": 0,
          "attributes": {
            "arn": "arn:aws:lambda:us-east-2:489994096722:function:vap-dani-s-test-backend",
            "code_signing_config_arn": "",
            "dead_letter_config": [],
            "description": "",
            "environment": [
              {
                "variables": {
                  "AdminsGroupName": "vap-dani-s-test-admin-group",
                  "CatalogUpdaterFunctionArn": "arn:aws:lambda:us-east-2:489994096722:function:vap-dani-s-test-catalog-updater",
                  "CustomersTableName": "vap-dani-s-test-user",
                  "DevelopmentMode": "true",
                  "FeedbackSnsTopicArn": "",
                  "FeedbackTableName": "vap-dani-s-test-feedback",
                  "NODE_ENV": "production",
                  "PreLoginAccountsTableName": "vap-dani-s-test-prelogin-account",
                  "RegisteredGroupName": "vap-dani-s-test-registered-group",
                  "StaticBucketName": "vap-dani-s-test-artifacts-bucket",
                  "UserPoolId": "us-east-2_JA7tiuoKI",
                  "WEBSITE_BUCKET_NAME": "vap-dani-s-test-portal"
                }
              }
            ],
            "file_system_config": [],
            "filename": "modules/lambda/zip/backend.zip",
            "function_name": "vap-dani-s-test-backend",
            "handler": "index.handler",
            "id": "vap-dani-s-test-backend",
            "image_config": [],
            "image_uri": "",
            "invoke_arn": "arn:aws:apigateway:us-east-2:lambda:path/2015-03-31/functions/arn:aws:lambda:us-east-2:489994096722:function:vap-dani-s-test-backend/invocations",
            "kms_key_arn": "",
            "last_modified": "2021-11-17T18:28:31.865+0000",
            "layers": [
              "arn:aws:lambda:us-east-2:489994096722:layer:dev-portal-common:4"
            ],
            "memory_size": 128,
            "package_type": "Zip",
            "publish": false,
            "qualified_arn": "arn:aws:lambda:us-east-2:489994096722:function:vap-dani-s-test-backend:$LATEST",
            "reserved_concurrent_executions": -1,
            "role": "arn:aws:iam::489994096722:role/vap-dani-s-test-lambda_backend",
            "runtime": "nodejs12.x",
            "s3_bucket": null,
            "s3_key": null,
            "s3_object_version": null,
            "signing_job_arn": "",
            "signing_profile_version_arn": "",
            "source_code_hash": "KrKcHtIiJRkvtyaJaus1aEKezs1md4hB3s4PX7OrwqU=",
            "source_code_size": 996080,
            "tags": null,
            "tags_all": {},
            "timeout": 20,
            "timeouts": null,
            "tracing_config": [
              {
                "mode": "PassThrough"
              }
            ],
            "version": "$LATEST",
            "vpc_config": []
          },
          "sensitive_attributes": [],
          "private": "eyJlMmJmYjczMC1lY2FhLTExZTYtOGY4OC0zNDM2M2JjN2M0YzAiOnsiY3JlYXRlIjo2MDAwMDAwMDAwMDB9fQ==",
          "dependencies": [
            "data.aws_caller_identity.current",
            "data.aws_region.current",
            "data.terraform_remote_state.vap-platform-infra",
            "module.cognito.aws_cognito_user_pool.cognito_user_pool",
            "module.lambda.aws_lambda_function.lambda_catalog_updater_lambda_function",
            "module.lambda.aws_lambda_layer_version.lambda-common-layer",
            "module.lambda.data.archive_file.lambda_backend_lambda_function",
            "module.lambda.data.archive_file.lambda_catalog_updater_lambda_function",
            "module.role.aws_iam_role.cognito_sms_caller_role",
            "module.role.aws_iam_role.lambda_backend_role",
            "module.role.aws_iam_role.lambda_catalog_updater_role"
          ]
        }
      ]
    },
    {
      "module": "module.lambda",
      "mode": "managed",
      "type": "aws_lambda_function",
      "name": "lambda_catalog_updater_lambda_function",
      "provider": "provider[\"registry.terraform.io/hashicorp/aws\"]",
      "instances": [
        {
          "schema_version": 0,
          "attributes": {
            "arn": "arn:aws:lambda:us-east-2:489994096722:function:vap-dani-s-test-catalog-updater",
            "code_signing_config_arn": "",
            "dead_letter_config": [],
            "description": "",
            "environment": [
              {
                "variables": {
                  "BucketName": "vap-dani-s-test-artifacts-bucket"
                }
              }
            ],
            "file_system_config": [],
            "filename": "modules/lambda/zip/catalog-updater.zip",
            "function_name": "vap-dani-s-test-catalog-updater",
            "handler": "index.handler",
            "id": "vap-dani-s-test-catalog-updater",
            "image_config": [],
            "image_uri": "",
            "invoke_arn": "arn:aws:apigateway:us-east-2:lambda:path/2015-03-31/functions/arn:aws:lambda:us-east-2:489994096722:function:vap-dani-s-test-catalog-updater/invocations",
            "kms_key_arn": "",
            "last_modified": "2021-11-17T18:26:57.707+0000",
            "layers": [
              "arn:aws:lambda:us-east-2:489994096722:layer:dev-portal-common:4"
            ],
            "memory_size": 128,
            "package_type": "Zip",
            "publish": false,
            "qualified_arn": "arn:aws:lambda:us-east-2:489994096722:function:vap-dani-s-test-catalog-updater:$LATEST",
            "reserved_concurrent_executions": -1,
            "role": "arn:aws:iam::489994096722:role/vap-dani-s-test-lambda_catalog_updater",
            "runtime": "nodejs12.x",
            "s3_bucket": null,
            "s3_key": null,
            "s3_object_version": null,
            "signing_job_arn": "",
            "signing_profile_version_arn": "",
            "source_code_hash": "9kwnMcl51zW4HCLQaPlDQzqkOquZtOS6f9Rq2zytsDo=",
            "source_code_size": 226998,
            "tags": null,
            "tags_all": {},
            "timeout": 20,
            "timeouts": null,
            "tracing_config": [
              {
                "mode": "PassThrough"
              }
            ],
            "version": "$LATEST",
            "vpc_config": []
          },
          "sensitive_attributes": [],
          "private": "eyJlMmJmYjczMC1lY2FhLTExZTYtOGY4OC0zNDM2M2JjN2M0YzAiOnsiY3JlYXRlIjo2MDAwMDAwMDAwMDB9fQ==",
          "dependencies": [
            "data.terraform_remote_state.vap-platform-infra",
            "module.lambda.aws_lambda_layer_version.lambda-common-layer",
            "module.lambda.data.archive_file.lambda_catalog_updater_lambda_function",
            "module.role.aws_iam_role.lambda_catalog_updater_role"
          ]
        }
      ]
    },
    {
      "module": "module.lambda",
      "mode": "managed",
      "type": "aws_lambda_function",
      "name": "lambda_cloudfront_security_function",
      "provider": "provider[\"registry.terraform.io/hashicorp/aws\"].global_region",
      "instances": [
        {
          "schema_version": 0,
          "attributes": {
            "arn": "arn:aws:lambda:us-east-1:489994096722:function:vap-dani-s-test-cloudfront-security",
            "code_signing_config_arn": "",
            "dead_letter_config": [],
            "description": "",
            "environment": [],
            "file_system_config": [],
            "filename": "modules/lambda/zip/cloudfront-security.zip",
            "function_name": "vap-dani-s-test-cloudfront-security",
            "handler": "index.handler",
            "id": "vap-dani-s-test-cloudfront-security",
            "image_config": [],
            "image_uri": "",
            "invoke_arn": "arn:aws:apigateway:us-east-1:lambda:path/2015-03-31/functions/arn:aws:lambda:us-east-1:489994096722:function:vap-dani-s-test-cloudfront-security/invocations",
            "kms_key_arn": "",
            "last_modified": "2021-11-17T18:23:53.975+0000",
            "layers": null,
            "memory_size": 128,
            "package_type": "Zip",
            "publish": true,
            "qualified_arn": "arn:aws:lambda:us-east-1:489994096722:function:vap-dani-s-test-cloudfront-security:6",
            "reserved_concurrent_executions": -1,
            "role": "arn:aws:iam::489994096722:role/vap-dani-s-test-lambda_cloudfront_security_role",
            "runtime": "nodejs12.x",
            "s3_bucket": null,
            "s3_key": null,
            "s3_object_version": null,
            "signing_job_arn": "",
            "signing_profile_version_arn": "",
            "source_code_hash": "ok+nUT6ftHpir9w8FNvQP3r5shnofo+eelOcT+8OeHo=",
            "source_code_size": 1348114,
            "tags": null,
            "tags_all": {},
            "timeout": 30,
            "timeouts": null,
            "tracing_config": [
              {
                "mode": "PassThrough"
              }
            ],
            "version": "6",
            "vpc_config": []
          },
          "sensitive_attributes": [],
          "private": "eyJlMmJmYjczMC1lY2FhLTExZTYtOGY4OC0zNDM2M2JjN2M0YzAiOnsiY3JlYXRlIjo2MDAwMDAwMDAwMDB9fQ==",
          "dependencies": [
            "module.lambda.data.archive_file.lambda_cloudfront_security_function",
            "module.role.aws_iam_role.lambda_cloudfront_security_role"
          ]
        }
      ]
    },
    {
      "module": "module.lambda",
      "mode": "managed",
      "type": "aws_lambda_function",
      "name": "lambda_cognito_post_authentication_trigger_function",
      "provider": "provider[\"registry.terraform.io/hashicorp/aws\"]",
      "instances": [
        {
          "schema_version": 0,
          "attributes": {
            "arn": "arn:aws:lambda:us-east-2:489994096722:function:vap-dani-s-test-CognitoPostAuthenticationTriggerFn",
            "code_signing_config_arn": "",
            "dead_letter_config": [],
            "description": "",
            "environment": [
              {
                "variables": {
                  "AccountRegistrationMode": "open",
                  "CustomersTableName": "vap-dani-s-test-user",
                  "PreLoginAccountsTableName": "vap-dani-s-test-prelogin-account",
                  "RegisteredGroupName": "vap-dani-s-test-registered-group"
                }
              }
            ],
            "file_system_config": [],
            "filename": "modules/lambda/zip/cognito-post-authentication-trigger.zip",
            "function_name": "vap-dani-s-test-CognitoPostAuthenticationTriggerFn",
            "handler": "index.handler",
            "id": "vap-dani-s-test-CognitoPostAuthenticationTriggerFn",
            "image_config": [],
            "image_uri": "",
            "invoke_arn": "arn:aws:apigateway:us-east-2:lambda:path/2015-03-31/functions/arn:aws:lambda:us-east-2:489994096722:function:vap-dani-s-test-CognitoPostAuthenticationTriggerFn/invocations",
            "kms_key_arn": "",
            "last_modified": "2021-11-17T18:27:37.924+0000",
            "layers": [
              "arn:aws:lambda:us-east-2:489994096722:layer:dev-portal-common:4"
            ],
            "memory_size": 128,
            "package_type": "Zip",
            "publish": false,
            "qualified_arn": "arn:aws:lambda:us-east-2:489994096722:function:vap-dani-s-test-CognitoPostAuthenticationTriggerFn:$LATEST",
            "reserved_concurrent_executions": -1,
            "role": "arn:aws:iam::489994096722:role/vap-dani-s-test-lambda_cognito_post_authentication_trigger_role",
            "runtime": "nodejs12.x",
            "s3_bucket": null,
            "s3_key": null,
            "s3_object_version": null,
            "signing_job_arn": "",
            "signing_profile_version_arn": "",
            "source_code_hash": "6AKo4rXikgV0nGrhw5pfxVFXLWDPX6ZnuZt+81RaOu8=",
            "source_code_size": 808,
            "tags": null,
            "tags_all": {},
            "timeout": 3,
            "timeouts": null,
            "tracing_config": [
              {
                "mode": "PassThrough"
              }
            ],
            "version": "$LATEST",
            "vpc_config": []
          },
          "sensitive_attributes": [],
          "private": "eyJlMmJmYjczMC1lY2FhLTExZTYtOGY4OC0zNDM2M2JjN2M0YzAiOnsiY3JlYXRlIjo2MDAwMDAwMDAwMDB9fQ==",
          "dependencies": [
            "data.terraform_remote_state.vap-platform-infra",
            "module.lambda.aws_lambda_layer_version.lambda-common-layer",
            "module.lambda.data.archive_file.lambda_cognito_post_authentication_trigger_function",
            "module.role.aws_iam_role.lambda_cognito_post_authentication_trigger_role"
          ]
        }
      ]
    },
    {
      "module": "module.lambda",
      "mode": "managed",
      "type": "aws_lambda_function",
      "name": "lambda_cognito_post_confirmation_trigger_function",
      "provider": "provider[\"registry.terraform.io/hashicorp/aws\"]",
      "instances": [
        {
          "schema_version": 0,
          "attributes": {
            "arn": "arn:aws:lambda:us-east-2:489994096722:function:vap-dani-s-test-CognitoPostConfirmationTriggerFn",
            "code_signing_config_arn": "",
            "dead_letter_config": [],
            "description": "",
            "environment": [
              {
                "variables": {
                  "AccountRegistrationMode": "open",
                  "PreLoginAccountsTableName": "vap-dani-s-test-prelogin-account",
                  "RegisteredGroupName": "vap-dani-s-test-registered-group"
                }
              }
            ],
            "file_system_config": [],
            "filename": "modules/lambda/zip/cognito-post-confirmation-trigger.zip",
            "function_name": "vap-dani-s-test-CognitoPostConfirmationTriggerFn",
            "handler": "index.handler",
            "id": "vap-dani-s-test-CognitoPostConfirmationTriggerFn",
            "image_config": [],
            "image_uri": "",
            "invoke_arn": "arn:aws:apigateway:us-east-2:lambda:path/2015-03-31/functions/arn:aws:lambda:us-east-2:489994096722:function:vap-dani-s-test-CognitoPostConfirmationTriggerFn/invocations",
            "kms_key_arn": "",
            "last_modified": "2021-11-17T18:26:37.309+0000",
            "layers": [
              "arn:aws:lambda:us-east-2:489994096722:layer:dev-portal-common:4"
            ],
            "memory_size": 128,
            "package_type": "Zip",
            "publish": false,
            "qualified_arn": "arn:aws:lambda:us-east-2:489994096722:function:vap-dani-s-test-CognitoPostConfirmationTriggerFn:$LATEST",
            "reserved_concurrent_executions": -1,
            "role": "arn:aws:iam::489994096722:role/vap-dani-s-test-lambda_cognito_presignup_trigger_role",
            "runtime": "nodejs12.x",
            "s3_bucket": null,
            "s3_key": null,
            "s3_object_version": null,
            "signing_job_arn": "",
            "signing_profile_version_arn": "",
            "source_code_hash": "6kEaLkCByQ8UNOOU/w7zYt1RCdnXm/cEqJcEDmrKvVI=",
            "source_code_size": 936,
            "tags": null,
            "tags_all": {},
            "timeout": 3,
            "timeouts": null,
            "tracing_config": [
              {
                "mode": "PassThrough"
              }
            ],
            "version": "$LATEST",
            "vpc_config": []
          },
          "sensitive_attributes": [],
          "private": "eyJlMmJmYjczMC1lY2FhLTExZTYtOGY4OC0zNDM2M2JjN2M0YzAiOnsiY3JlYXRlIjo2MDAwMDAwMDAwMDB9fQ==",
          "dependencies": [
            "data.terraform_remote_state.vap-platform-infra",
            "module.lambda.aws_lambda_layer_version.lambda-common-layer",
            "module.lambda.data.archive_file.lambda_cognito_post_confirmation_trigger_function",
            "module.role.aws_iam_role.lambda_cognito_presignup_trigger_role"
          ]
        }
      ]
    },
    {
      "module": "module.lambda",
      "mode": "managed",
      "type": "aws_lambda_function",
      "name": "lambda_cognito_presignup_trigger_function",
      "provider": "provider[\"registry.terraform.io/hashicorp/aws\"]",
      "instances": [
        {
          "schema_version": 0,
          "attributes": {
            "arn": "arn:aws:lambda:us-east-2:489994096722:function:vap-dani-s-test-CognitoPreSignupTriggerFn",
            "code_signing_config_arn": "",
            "dead_letter_config": [],
            "description": "",
            "environment": [
              {
                "variables": {
                  "AccountRegistrationMode": "open"
                }
              }
            ],
            "file_system_config": [],
            "filename": "modules/lambda/zip/cognito-pre-signup-trigger.zip",
            "function_name": "vap-dani-s-test-CognitoPreSignupTriggerFn",
            "handler": "index.handler",
            "id": "vap-dani-s-test-CognitoPreSignupTriggerFn",
            "image_config": [],
            "image_uri": "",
            "invoke_arn": "arn:aws:apigateway:us-east-2:lambda:path/2015-03-31/functions/arn:aws:lambda:us-east-2:489994096722:function:vap-dani-s-test-CognitoPreSignupTriggerFn/invocations",
            "kms_key_arn": "",
            "last_modified": "2021-11-17T18:25:44.462+0000",
            "layers": [
              "arn:aws:lambda:us-east-2:489994096722:layer:dev-portal-common:4"
            ],
            "memory_size": 128,
            "package_type": "Zip",
            "publish": false,
            "qualified_arn": "arn:aws:lambda:us-east-2:489994096722:function:vap-dani-s-test-CognitoPreSignupTriggerFn:$LATEST",
            "reserved_concurrent_executions": -1,
            "role": "arn:aws:iam::489994096722:role/vap-dani-s-test-lambda_cognito_presignup_trigger_role",
            "runtime": "nodejs12.x",
            "s3_bucket": null,
            "s3_key": null,
            "s3_object_version": null,
            "signing_job_arn": "",
            "signing_profile_version_arn": "",
            "source_code_hash": "2m2oyGxWHqXRU/r8sWhIDhjePJTrbDeoq9AStoHUDlI=",
            "source_code_size": 1520,
            "tags": null,
            "tags_all": {},
            "timeout": 3,
            "timeouts": null,
            "tracing_config": [
              {
                "mode": "PassThrough"
              }
            ],
            "version": "$LATEST",
            "vpc_config": []
          },
          "sensitive_attributes": [],
          "private": "eyJlMmJmYjczMC1lY2FhLTExZTYtOGY4OC0zNDM2M2JjN2M0YzAiOnsiY3JlYXRlIjo2MDAwMDAwMDAwMDB9fQ==",
          "dependencies": [
            "module.lambda.aws_lambda_layer_version.lambda-common-layer",
            "module.lambda.data.archive_file.lambda_cognito_pre_signup_trigger_function",
            "module.role.aws_iam_role.lambda_cognito_presignup_trigger_role"
          ]
        }
      ]
    },
    {
      "module": "module.lambda",
      "mode": "managed",
      "type": "aws_lambda_function",
      "name": "lambda_cognito_userpool_client_settings_function",
      "provider": "provider[\"registry.terraform.io/hashicorp/aws\"]",
      "instances": [
        {
          "schema_version": 0,
          "attributes": {
            "arn": "arn:aws:lambda:us-east-2:489994096722:function:vap-dani-s-test-CognitoUserPoolClientSettingsBackingFn",
            "code_signing_config_arn": "",
            "dead_letter_config": [],
            "description": "",
            "environment": [],
            "file_system_config": [],
            "filename": "modules/lambda/zip/cfn-cognito-user-pools-client-settings.zip",
            "function_name": "vap-dani-s-test-CognitoUserPoolClientSettingsBackingFn",
            "handler": "index.handler",
            "id": "vap-dani-s-test-CognitoUserPoolClientSettingsBackingFn",
            "image_config": [],
            "image_uri": "",
            "invoke_arn": "arn:aws:apigateway:us-east-2:lambda:path/2015-03-31/functions/arn:aws:lambda:us-east-2:489994096722:function:vap-dani-s-test-CognitoUserPoolClientSettingsBackingFn/invocations",
            "kms_key_arn": "",
            "last_modified": "2021-11-17T18:25:58.516+0000",
            "layers": [
              "arn:aws:lambda:us-east-2:489994096722:layer:dev-portal-common:4"
            ],
            "memory_size": 128,
            "package_type": "Zip",
            "publish": false,
            "qualified_arn": "arn:aws:lambda:us-east-2:489994096722:function:vap-dani-s-test-CognitoUserPoolClientSettingsBackingFn:$LATEST",
            "reserved_concurrent_executions": -1,
            "role": "arn:aws:iam::489994096722:role/vap-dani-s-test-lambda_cognito_userpool_client_settings_role",
            "runtime": "nodejs12.x",
            "s3_bucket": null,
            "s3_key": null,
            "s3_object_version": null,
            "signing_job_arn": "",
            "signing_profile_version_arn": "",
            "source_code_hash": "ZPUrlsAneKziCm6FqAvVRJgL3jM5al2MlzHiktiF7B4=",
            "source_code_size": 853,
            "tags": null,
            "tags_all": {},
            "timeout": 300,
            "timeouts": null,
            "tracing_config": [
              {
                "mode": "PassThrough"
              }
            ],
            "version": "$LATEST",
            "vpc_config": []
          },
          "sensitive_attributes": [],
          "private": "eyJlMmJmYjczMC1lY2FhLTExZTYtOGY4OC0zNDM2M2JjN2M0YzAiOnsiY3JlYXRlIjo2MDAwMDAwMDAwMDB9fQ==",
          "dependencies": [
            "module.lambda.aws_lambda_layer_version.lambda-common-layer",
            "module.lambda.data.archive_file.lambda_cognito_userpool_client_settings_function",
            "module.role.aws_iam_role.lambda_cognito_userpool_client_settings_role"
          ]
        }
      ]
    },
    {
      "module": "module.lambda",
      "mode": "managed",
      "type": "aws_lambda_function",
      "name": "lambda_cognito_userpool_domain_function",
      "provider": "provider[\"registry.terraform.io/hashicorp/aws\"]",
      "instances": [
        {
          "schema_version": 0,
          "attributes": {
            "arn": "arn:aws:lambda:us-east-2:489994096722:function:vap-dani-s-test-CognitoUserPoolDomainBackingFn",
            "code_signing_config_arn": "",
            "dead_letter_config": [],
            "description": "",
            "environment": [],
            "file_system_config": [],
            "filename": "modules/lambda/zip/cfn-cognito-user-pools-domain.zip",
            "function_name": "vap-dani-s-test-CognitoUserPoolDomainBackingFn",
            "handler": "index.handler",
            "id": "vap-dani-s-test-CognitoUserPoolDomainBackingFn",
            "image_config": [],
            "image_uri": "",
            "invoke_arn": "arn:aws:apigateway:us-east-2:lambda:path/2015-03-31/functions/arn:aws:lambda:us-east-2:489994096722:function:vap-dani-s-test-CognitoUserPoolDomainBackingFn/invocations",
            "kms_key_arn": "",
            "last_modified": "2021-11-17T18:26:23.102+0000",
            "layers": [
              "arn:aws:lambda:us-east-2:489994096722:layer:dev-portal-common:4"
            ],
            "memory_size": 128,
            "package_type": "Zip",
            "publish": false,
            "qualified_arn": "arn:aws:lambda:us-east-2:489994096722:function:vap-dani-s-test-CognitoUserPoolDomainBackingFn:$LATEST",
            "reserved_concurrent_executions": -1,
            "role": "arn:aws:iam::489994096722:role/vap-dani-s-test-lambda_cognito_userpool_domain_role",
            "runtime": "nodejs12.x",
            "s3_bucket": null,
            "s3_key": null,
            "s3_object_version": null,
            "signing_job_arn": "",
            "signing_profile_version_arn": "",
            "source_code_hash": "Q9244wFwtmR8SVpgiBfdsQVGIvsRE401nKXzTNDjsXs=",
            "source_code_size": 1042,
            "tags": null,
            "tags_all": {},
            "timeout": 300,
            "timeouts": null,
            "tracing_config": [
              {
                "mode": "PassThrough"
              }
            ],
            "version": "$LATEST",
            "vpc_config": []
          },
          "sensitive_attributes": [],
          "private": "eyJlMmJmYjczMC1lY2FhLTExZTYtOGY4OC0zNDM2M2JjN2M0YzAiOnsiY3JlYXRlIjo2MDAwMDAwMDAwMDB9fQ==",
          "dependencies": [
            "module.lambda.aws_lambda_layer_version.lambda-common-layer",
            "module.lambda.data.archive_file.lambda_cognito_userpool_domain_function",
            "module.role.aws_iam_role.lambda_cognito_userpool_domain_role"
          ]
        }
      ]
    },
    {
      "module": "module.lambda",
      "mode": "managed",
      "type": "aws_lambda_function",
      "name": "lambda_dump_v3_account_data_function",
      "provider": "provider[\"registry.terraform.io/hashicorp/aws\"]",
      "instances": [
        {
          "schema_version": 0,
          "attributes": {
            "arn": "arn:aws:lambda:us-east-2:489994096722:function:vap-dani-s-test-DumpV3AccountDataFn",
            "code_signing_config_arn": "",
            "dead_letter_config": [],
            "description": "",
            "environment": [
              {
                "variables": {
                  "AdminGroupName": "vap-dani-s-test-admin-group",
                  "CustomersTableName": "vap-dani-s-test-user",
                  "UserPoolId": "us-east-2_JA7tiuoKI"
                }
              }
            ],
            "file_system_config": [],
            "filename": "modules/lambda/zip/dump-v3-account-data.zip",
            "function_name": "vap-dani-s-test-DumpV3AccountDataFn",
            "handler": "index.handler",
            "id": "vap-dani-s-test-DumpV3AccountDataFn",
            "image_config": [],
            "image_uri": "",
            "invoke_arn": "arn:aws:apigateway:us-east-2:lambda:path/2015-03-31/functions/arn:aws:lambda:us-east-2:489994096722:function:vap-dani-s-test-DumpV3AccountDataFn/invocations",
            "kms_key_arn": "",
            "last_modified": "2021-11-17T18:27:51.530+0000",
            "layers": [
              "arn:aws:lambda:us-east-2:489994096722:layer:dev-portal-common:4"
            ],
            "memory_size": 512,
            "package_type": "Zip",
            "publish": false,
            "qualified_arn": "arn:aws:lambda:us-east-2:489994096722:function:vap-dani-s-test-DumpV3AccountDataFn:$LATEST",
            "reserved_concurrent_executions": -1,
            "role": "arn:aws:iam::489994096722:role/vap-dani-s-test-lambda_dump_v3_account_role",
            "runtime": "nodejs12.x",
            "s3_bucket": null,
            "s3_key": null,
            "s3_object_version": null,
            "signing_job_arn": "",
            "signing_profile_version_arn": "",
            "source_code_hash": "PclAv4BLNqy4Dz1R7Msywc/0xyP86jDaMi55bU5nraM=",
            "source_code_size": 1735,
            "tags": null,
            "tags_all": {},
            "timeout": 300,
            "timeouts": null,
            "tracing_config": [
              {
                "mode": "PassThrough"
              }
            ],
            "version": "$LATEST",
            "vpc_config": []
          },
          "sensitive_attributes": [],
          "private": "eyJlMmJmYjczMC1lY2FhLTExZTYtOGY4OC0zNDM2M2JjN2M0YzAiOnsiY3JlYXRlIjo2MDAwMDAwMDAwMDB9fQ==",
          "dependencies": [
            "data.aws_caller_identity.current",
            "data.aws_region.current",
            "data.terraform_remote_state.vap-platform-infra",
            "module.cognito.aws_cognito_user_pool.cognito_user_pool",
            "module.lambda.aws_lambda_layer_version.lambda-common-layer",
            "module.lambda.data.archive_file.lambda_dump_v3_account_data_function",
            "module.role.aws_iam_role.cognito_sms_caller_role",
            "module.role.aws_iam_role.lambda_dump_v3_account_role"
          ]
        }
      ]
    },
    {
      "module": "module.lambda",
      "mode": "managed",
      "type": "aws_lambda_function",
      "name": "lambda_invoke_api_key_rotation",
      "provider": "provider[\"registry.terraform.io/hashicorp/aws\"]",
      "instances": [
        {
          "schema_version": 0,
          "attributes": {
            "arn": "arn:aws:lambda:us-east-2:489994096722:function:vap-dani-s-test-invoke-api-key-rotation",
            "code_signing_config_arn": "",
            "dead_letter_config": [],
            "description": "",
            "environment": [
              {
                "variables": {
                  "CustomersTableName": "vap-dani-s-test-user"
                }
              }
            ],
            "file_system_config": [],
            "filename": "modules/lambda/zip/invoke-api-key-rotation.zip",
            "function_name": "vap-dani-s-test-invoke-api-key-rotation",
            "handler": "index.handler",
            "id": "vap-dani-s-test-invoke-api-key-rotation",
            "image_config": [],
            "image_uri": "",
            "invoke_arn": "arn:aws:apigateway:us-east-2:lambda:path/2015-03-31/functions/arn:aws:lambda:us-east-2:489994096722:function:vap-dani-s-test-invoke-api-key-rotation/invocations",
            "kms_key_arn": "",
            "last_modified": "2021-11-17T18:27:10.041+0000",
            "layers": [
              "arn:aws:lambda:us-east-2:489994096722:layer:dev-portal-common:4"
            ],
            "memory_size": 512,
            "package_type": "Zip",
            "publish": false,
            "qualified_arn": "arn:aws:lambda:us-east-2:489994096722:function:vap-dani-s-test-invoke-api-key-rotation:$LATEST",
            "reserved_concurrent_executions": -1,
            "role": "arn:aws:iam::489994096722:role/vap-dani-s-test-lambda_invoke_api_key_rotation_role",
            "runtime": "nodejs12.x",
            "s3_bucket": null,
            "s3_key": null,
            "s3_object_version": null,
            "signing_job_arn": "",
            "signing_profile_version_arn": "",
            "source_code_hash": "I6/qsg7wcBbUU84yg03SU+YFbvKVBLkegwoyNJuMHio=",
            "source_code_size": 523,
            "tags": null,
            "tags_all": {},
            "timeout": 900,
            "timeouts": null,
            "tracing_config": [
              {
                "mode": "PassThrough"
              }
            ],
            "version": "$LATEST",
            "vpc_config": []
          },
          "sensitive_attributes": [],
          "private": "eyJlMmJmYjczMC1lY2FhLTExZTYtOGY4OC0zNDM2M2JjN2M0YzAiOnsiY3JlYXRlIjo2MDAwMDAwMDAwMDB9fQ==",
          "dependencies": [
            "data.terraform_remote_state.vap-platform-infra",
            "module.lambda.aws_lambda_layer_version.lambda-common-layer",
            "module.lambda.data.archive_file.lambda_invoke_api_key_rotation_function",
            "module.role.aws_iam_role.lambda_invoke_api_key_rotation_role"
          ]
        }
      ]
    },
    {
      "module": "module.lambda",
      "mode": "managed",
      "type": "aws_lambda_function",
      "name": "lambda_user_group_importer_function",
      "provider": "provider[\"registry.terraform.io/hashicorp/aws\"]",
      "instances": [
        {
          "schema_version": 0,
          "attributes": {
            "arn": "arn:aws:lambda:us-east-2:489994096722:function:vap-dani-s-test-UserGroupImporter",
            "code_signing_config_arn": "",
            "dead_letter_config": [],
            "description": "",
            "environment": [
              {
                "variables": {
                  "AdminGroupName": "vap-dani-s-test-admin-group",
                  "CustomersTableName": "vap-dani-s-test-user",
                  "RegisteredGroupName": "vap-dani-s-test-registered-group",
                  "UserPoolId": "us-east-2_JA7tiuoKI"
                }
              }
            ],
            "file_system_config": [],
            "filename": "modules/lambda/zip/user-group-importer.zip",
            "function_name": "vap-dani-s-test-UserGroupImporter",
            "handler": "index.handler",
            "id": "vap-dani-s-test-UserGroupImporter",
            "image_config": [],
            "image_uri": "",
            "invoke_arn": "arn:aws:apigateway:us-east-2:lambda:path/2015-03-31/functions/arn:aws:lambda:us-east-2:489994096722:function:vap-dani-s-test-UserGroupImporter/invocations",
            "kms_key_arn": "",
            "last_modified": "2021-11-17T18:27:23.706+0000",
            "layers": [
              "arn:aws:lambda:us-east-2:489994096722:layer:dev-portal-common:4"
            ],
            "memory_size": 512,
            "package_type": "Zip",
            "publish": false,
            "qualified_arn": "arn:aws:lambda:us-east-2:489994096722:function:vap-dani-s-test-UserGroupImporter:$LATEST",
            "reserved_concurrent_executions": -1,
            "role": "arn:aws:iam::489994096722:role/vap-dani-s-test-lambda_usergroup_importer_role",
            "runtime": "nodejs12.x",
            "s3_bucket": null,
            "s3_key": null,
            "s3_object_version": null,
            "signing_job_arn": "",
            "signing_profile_version_arn": "",
            "source_code_hash": "7sHP8aFQej7NjR6SXdhtifTPyuwTG4eZT5Bmj3wo3B8=",
            "source_code_size": 2070,
            "tags": null,
            "tags_all": {},
            "timeout": 900,
            "timeouts": null,
            "tracing_config": [
              {
                "mode": "PassThrough"
              }
            ],
            "version": "$LATEST",
            "vpc_config": []
          },
          "sensitive_attributes": [],
          "private": "eyJlMmJmYjczMC1lY2FhLTExZTYtOGY4OC0zNDM2M2JjN2M0YzAiOnsiY3JlYXRlIjo2MDAwMDAwMDAwMDB9fQ==",
          "dependencies": [
            "data.aws_caller_identity.current",
            "data.aws_region.current",
            "data.terraform_remote_state.vap-platform-infra",
            "module.cognito.aws_cognito_user_pool.cognito_user_pool",
            "module.lambda.aws_lambda_layer_version.lambda-common-layer",
            "module.lambda.data.archive_file.lambda_user_group_importer_function",
            "module.role.aws_iam_role.cognito_sms_caller_role",
            "module.role.aws_iam_role.lambda_usergroup_importer_role"
          ]
        }
      ]
    },
    {
      "module": "module.lambda",
      "mode": "managed",
      "type": "aws_lambda_layer_version",
      "name": "lambda-common-layer",
      "provider": "provider[\"registry.terraform.io/hashicorp/aws\"]",
      "instances": [
        {
          "schema_version": 0,
          "attributes": {
            "arn": "arn:aws:lambda:us-east-2:489994096722:layer:dev-portal-common:4",
            "compatible_runtimes": [
              "nodejs12.x"
            ],
            "created_date": "2021-11-17T18:25:42.160+0000",
            "description": "",
            "filename": "modules/lambda/layers/nodejs.zip",
            "id": "arn:aws:lambda:us-east-2:489994096722:layer:dev-portal-common:4",
            "layer_arn": "arn:aws:lambda:us-east-2:489994096722:layer:dev-portal-common",
            "layer_name": "dev-portal-common",
            "license_info": "",
            "s3_bucket": null,
            "s3_key": null,
            "s3_object_version": null,
            "signing_job_arn": "",
            "signing_profile_version_arn": "",
            "source_code_hash": "rayvihLuSBZMq8gHko57+5IPOzEYWP53RvB8oNzs0tI=",
            "source_code_size": 9692532,
            "version": "4"
          },
          "sensitive_attributes": [],
          "private": "bnVsbA=="
        }
      ]
    },
    {
      "module": "module.lambda",
      "mode": "managed",
      "type": "aws_lambda_permission",
      "name": "lambda_authorizer_all_api_gateway_perm",
      "provider": "provider[\"registry.terraform.io/hashicorp/aws\"]",
      "instances": [
        {
          "schema_version": 0,
          "attributes": {
            "action": "lambda:InvokeFunction",
            "event_source_token": null,
            "function_name": "vap-dani-s-test-api-key-authoriser",
            "id": "all-current-account-apigateways",
            "principal": "apigateway.amazonaws.com",
            "qualifier": "",
            "source_account": null,
            "source_arn": "arn:aws:execute-api:us-east-2:489994096722:*",
            "statement_id": "all-current-account-apigateways",
            "statement_id_prefix": null
          },
          "sensitive_attributes": [],
          "private": "bnVsbA==",
          "dependencies": [
            "data.aws_caller_identity.current",
            "data.aws_region.current",
            "data.terraform_remote_state.vap-platform-infra",
            "module.cognito.aws_cognito_user_pool.cognito_user_pool",
            "module.lambda.aws_lambda_function.lambda_api_key_authoriser_function",
            "module.lambda.aws_lambda_layer_version.lambda-common-layer",
            "module.lambda.data.archive_file.lambda_api_key_authoriser_function",
            "module.role.aws_iam_role.cognito_sms_caller_role",
            "module.role.aws_iam_role.lambda_authorizer_role"
          ]
        }
      ]
    },
    {
      "module": "module.lambda",
      "mode": "managed",
      "type": "time_sleep",
      "name": "wait_30_seconds",
      "provider": "provider[\"registry.terraform.io/hashicorp/time\"]",
      "instances": [
        {
          "schema_version": 0,
          "attributes": {
            "create_duration": null,
            "destroy_duration": "900s",
            "id": "2021-11-17T18:24:04Z",
            "triggers": null
          },
          "sensitive_attributes": [],
          "private": "bnVsbA==",
          "dependencies": [
            "module.lambda.aws_lambda_function.lambda_cloudfront_security_function",
            "module.lambda.data.archive_file.lambda_cloudfront_security_function",
            "module.role.aws_iam_role.lambda_cloudfront_security_role"
          ]
        }
      ]
    },
    {
      "module": "module.policy",
      "mode": "managed",
      "type": "aws_iam_policy",
      "name": "api_key_invocation_policy",
      "provider": "provider[\"registry.terraform.io/hashicorp/aws\"]",
      "instances": [
        {
          "schema_version": 0,
          "attributes": {
            "arn": "arn:aws:iam::489994096722:policy/vap-dani-s-test-api_key_invocation_policy",
            "description": "",
            "id": "arn:aws:iam::489994096722:policy/vap-dani-s-test-api_key_invocation_policy",
            "name": "vap-dani-s-test-api_key_invocation_policy",
            "name_prefix": null,
            "path": "/",
            "policy": "{\n  \"Version\": \"2012-10-17\",\n  \"Statement\": [\n    {\n      \"Action\": \"lambda:InvokeFunction\",\n      \"Effect\": \"Allow\",\n      \"Resource\": \"arn:aws:lambda:us-east-2:489994096722:function:vap-dani-s-test-api-key-authoriser\"\n    },\n    {\n      \"Effect\": \"Allow\",\n      \"Action\": [\n          \"apigateway:GET\"\n      ],\n      \"Resource\": \"arn:aws:apigateway:*::/*\"\n    },\n    {\n      \"Effect\": \"Allow\",\n      \"Action\": [\n          \"dynamodb:Query\"\n      ],\n      \"Resource\": \"*\"\n    },\n    {\n      \"Effect\": \"Allow\",\n      \"Action\": [\n          \"cognito-idp:AdminGetUser\"\n      ],\n      \"Resource\": \"*\"\n    }\n  ]\n}\n",
            "policy_id": "ANPAXEFPMSBJNKGQLGK7W",
            "tags": null,
            "tags_all": {}
          },
          "sensitive_attributes": [],
          "private": "bnVsbA==",
          "dependencies": [
            "data.aws_caller_identity.current",
            "data.aws_region.current",
            "data.terraform_remote_state.vap-platform-infra",
            "module.cognito.aws_cognito_user_pool.cognito_user_pool",
            "module.lambda.aws_lambda_function.lambda_api_key_authoriser_function",
            "module.lambda.aws_lambda_layer_version.lambda-common-layer",
            "module.lambda.data.archive_file.lambda_api_key_authoriser_function",
            "module.role.aws_iam_role.cognito_sms_caller_role",
            "module.role.aws_iam_role.lambda_authorizer_role"
          ]
        }
      ]
    },
    {
      "module": "module.policy",
      "mode": "managed",
      "type": "aws_iam_policy",
      "name": "cloudfront_security_policy",
      "provider": "provider[\"registry.terraform.io/hashicorp/aws\"]",
      "instances": [
        {
          "schema_version": 0,
          "attributes": {
            "arn": "arn:aws:iam::489994096722:policy/vap-dani-s-test-Cloudfront-security",
            "description": "",
            "id": "arn:aws:iam::489994096722:policy/vap-dani-s-test-Cloudfront-security",
            "name": "vap-dani-s-test-Cloudfront-security",
            "name_prefix": null,
            "path": "/",
            "policy": "{\n  \"Version\": \"2012-10-17\",\n  \"Statement\": [\n    {\n        \"Effect\": \"Allow\",\n        \"Action\": [\n           \"lambda:CreateFunction\",\n            \"lambda:GetFunction\",\n            \"lambda:UpdateFunctionCode\",\n            \"lambda:PublishVersion\"\n        ],\n        \"Resource\": \"arn:aws:lambda:*:*:*\"\n    },\n    {\n            \"Effect\": \"Allow\",\n            \"Action\": [\n                \"logs:CreateLogGroup\",\n                \"logs:CreateLogStream\",\n                \"logs:PutLogEvents\"\n            ],\n            \"Resource\": \"*\"\n        },\n    {\n        \"Effect\": \"Allow\",\n        \"Action\": [\n          \"iam:PassRole\"\n        ],\n        \"Resource\": \"arn:aws:iam::489994096722:role/*\"\n    },\n    {\n        \"Effect\": \"Allow\",\n        \"Action\": [\n          \"s3:GetObject\",\n          \"s3:DeleteObject\",\n          \"s3:PutObject\"\n        ],\n        \"Resource\": [\"arn:aws:s3:::vap-dani-s-test-artifacts-bucket/*\", \"arn:aws:s3:::vap-dani-s-test-artifacts-bucket\"]\n    }\n\n   ]\n}\n",
            "policy_id": "ANPAXEFPMSBJCUOOULV4S",
            "tags": null,
            "tags_all": {}
          },
          "sensitive_attributes": [],
          "private": "bnVsbA==",
          "dependencies": [
            "data.aws_caller_identity.current",
            "data.terraform_remote_state.vap-platform-infra"
          ]
        }
      ]
    },
    {
      "module": "module.policy",
      "mode": "managed",
      "type": "aws_iam_policy",
      "name": "cognito_admin_group_policy",
      "provider": "provider[\"registry.terraform.io/hashicorp/aws\"]",
      "instances": [
        {
          "schema_version": 0,
          "attributes": {
            "arn": "arn:aws:iam::489994096722:policy/vap-dani-s-test-CognitoAdminRole",
            "description": "",
            "id": "arn:aws:iam::489994096722:policy/vap-dani-s-test-CognitoAdminRole",
            "name": "vap-dani-s-test-CognitoAdminRole",
            "name_prefix": null,
            "path": "/",
            "policy": "{\n  \"Version\": \"2012-10-17\",\n  \"Statement\": [\n    {\n        \"Effect\": \"Allow\",\n        \"Action\": [\n          \"execute-api:Invoke\"\n        ],\n        \"Resource\": \"arn:aws:execute-api:us-east-2:489994096722:oz2ts9grb4/prod/*/*\"\n    }\n   ]\n}\n",
            "policy_id": "ANPAXEFPMSBJPDXLDPLWK",
            "tags": null,
            "tags_all": {}
          },
          "sensitive_attributes": [],
          "private": "bnVsbA==",
          "dependencies": [
            "module.api.aws_api_gateway_rest_api.api-gateway"
          ]
        }
      ]
    },
    {
      "module": "module.policy",
      "mode": "managed",
      "type": "aws_iam_policy",
      "name": "cognito_registered_group_policy",
      "provider": "provider[\"registry.terraform.io/hashicorp/aws\"]",
      "instances": [
        {
          "schema_version": 0,
          "attributes": {
            "arn": "arn:aws:iam::489994096722:policy/vap-dani-s-test-CognitoRegisteredRole",
            "description": "",
            "id": "arn:aws:iam::489994096722:policy/vap-dani-s-test-CognitoRegisteredRole",
            "name": "vap-dani-s-test-CognitoRegisteredRole",
            "name_prefix": null,
            "path": "/",
            "policy": "{\n  \"Version\": \"2012-10-17\",\n  \"Statement\": [\n    {\n        \"Effect\": \"Allow\",\n        \"Action\": [\n          \"execute-api:Invoke\"\n        ],\n        \"Resource\": \"arn:aws:execute-api:us-east-2:489994096722:oz2ts9grb4/prod/*\"\n    },\n    {\n        \"Effect\": \"Allow\",\n        \"Action\": [\n          \"execute-api:Invoke\"\n        ],\n        \"Resource\": \"arn:aws:execute-api:us-east-2:489994096722:oz2ts9grb4/prod/*/admin/*\"\n    }\n   ]\n}\n",
            "policy_id": "ANPAXEFPMSBJMND5ZCYQT",
            "tags": null,
            "tags_all": {}
          },
          "sensitive_attributes": [],
          "private": "bnVsbA==",
          "dependencies": [
            "module.api.aws_api_gateway_rest_api.api-gateway"
          ]
        }
      ]
    },
    {
      "module": "module.policy",
      "mode": "managed",
      "type": "aws_iam_policy",
      "name": "cognito_sms_caller_role_policy",
      "provider": "provider[\"registry.terraform.io/hashicorp/aws\"]",
      "instances": [
        {
          "schema_version": 0,
          "attributes": {
            "arn": "arn:aws:iam::489994096722:policy/vap-dani-s-test-cognito-sms-caller-role-policy",
            "description": "",
            "id": "arn:aws:iam::489994096722:policy/vap-dani-s-test-cognito-sms-caller-role-policy",
            "name": "vap-dani-s-test-cognito-sms-caller-role-policy",
            "name_prefix": null,
            "path": "/",
            "policy": "{\n    \"Version\": \"2012-10-17\",\n    \"Statement\": [\n        {\n            \"Effect\": \"Allow\",\n            \"Action\": [\n                \"sns:publish\"\n            ],\n            \"Resource\": [\n                \"*\"\n            ]\n        }\n    ]\n}\n",
            "policy_id": "ANPAXEFPMSBJKPCPMNXV3",
            "tags": null,
            "tags_all": {}
          },
          "sensitive_attributes": [],
          "private": "bnVsbA=="
        }
      ]
    },
    {
      "module": "module.policy",
      "mode": "managed",
      "type": "aws_iam_policy",
      "name": "lambda_api_key_rotation_role_policy",
      "provider": "provider[\"registry.terraform.io/hashicorp/aws\"]",
      "instances": [
        {
          "schema_version": 0,
          "attributes": {
            "arn": "arn:aws:iam::489994096722:policy/vap-dani-s-test-lambda-api-key-rotation-role-policy",
            "description": "",
            "id": "arn:aws:iam::489994096722:policy/vap-dani-s-test-lambda-api-key-rotation-role-policy",
            "name": "vap-dani-s-test-lambda-api-key-rotation-role-policy",
            "name_prefix": null,
            "path": "/",
            "policy": "{\n    \"Version\": \"2012-10-17\",\n    \"Statement\": [\n        {\n          \"Effect\":\"Allow\",\n          \"Action\":[\n              \"logs:CreateLogGroup\",\n              \"logs:CreateLogStream\",\n              \"logs:PutLogEvents\"\n          ],\n          \"Resource\": \"arn:aws:logs:us-east-2:489994096722:log-group:/aws/lambda/vap-dani-s-test-api-key-rotation:*\"\n        },\n        {\n          \"Effect\": \"Allow\",\n          \"Action\": [\n              \"apigateway:GET\"\n          ],\n          \"Resource\": \"arn:aws:apigateway:us-east-2::/*\"\n        },\n        {\n          \"Effect\": \"Allow\",\n          \"Action\": [\n              \"dynamodb:Scan\"\n          ],\n          \"Resource\": [\n              \"arn:aws:dynamodb:us-east-2:489994096722:table/vap-dani-s-test-user\"\n            ]\n        },\n        {\n          \"Effect\": \"Allow\",\n          \"Action\": [\n                \"lambda:InvokeFunction\"\n          ],\n          \"Resource\": [\n              \"*\"\n            ]\n        }\n    ]\n}\n",
            "policy_id": "ANPAXEFPMSBJCEMDETVR3",
            "tags": null,
            "tags_all": {}
          },
          "sensitive_attributes": [],
          "private": "bnVsbA==",
          "dependencies": [
            "data.aws_caller_identity.current",
            "data.aws_region.current",
            "data.terraform_remote_state.vap-platform-infra",
            "module.lambda.aws_lambda_function.lambda_api_key_rotation",
            "module.lambda.aws_lambda_layer_version.lambda-common-layer",
            "module.lambda.data.archive_file.lambda_api_key_rotation_function",
            "module.role.aws_iam_role.lambda_api_key_rotation_role"
          ]
        }
      ]
    },
    {
      "module": "module.policy",
      "mode": "managed",
      "type": "aws_iam_policy",
      "name": "lambda_asset_uploader_policy",
      "provider": "provider[\"registry.terraform.io/hashicorp/aws\"]",
      "instances": [
        {
          "schema_version": 0,
          "attributes": {
            "arn": "arn:aws:iam::489994096722:policy/vap-dani-s-test-lambda-asset-uploader-policy",
            "description": "",
            "id": "arn:aws:iam::489994096722:policy/vap-dani-s-test-lambda-asset-uploader-policy",
            "name": "vap-dani-s-test-lambda-asset-uploader-policy",
            "name_prefix": null,
            "path": "/",
            "policy": "{\n   \"Version\":\"2012-10-17\",\n   \"Statement\":[\n      {\n         \"Effect\":\"Allow\",\n         \"Action\":[\n            \"logs:CreateLogGroup\",\n            \"logs:CreateLogStream\",\n            \"logs:PutLogEvents\"\n         ],\n         \"Resource\":\"arn:aws:logs:*:*:*\"\n      },\n      {\n         \"Effect\":\"Allow\",\n         \"Action\":[\n            \"s3:PutObject\"\n         ],\n         \"Resource\":[\n            \"arn:aws:s3:::vap-dani-s-test-portal/*\",\n            \"arn:aws:s3:::vap-dani-s-test-portal\"\n         ]\n      },\n      {\n         \"Effect\":\"Allow\",\n         \"Action\":[\n            \"s3:PutObjectAcl\"\n         ],\n         \"Resource\":[\n            \"arn:aws:s3:::vap-dani-s-test-portal/*\",\n            \"arn:aws:s3:::vap-dani-s-test-portal\"\n         ]\n      },\n      {\n         \"Effect\":\"Allow\",\n         \"Action\":[\n            \"s3:ListBucket\"\n         ],\n         \"Resource\":[\n            \"arn:aws:s3:::vap-dani-s-test-portal\",\n            \"arn:aws:s3:::vap-dani-s-test-portal/*\"\n         ]\n      },\n      {\n         \"Effect\":\"Allow\",\n         \"Action\":[\n            \"s3:DeleteObject\"\n         ],\n         \"Resource\":[\n            \"arn:aws:s3:::vap-dani-s-test-portal/*\",\n            \"arn:aws:s3:::vap-dani-s-test-portal\"\n         ]\n      },\n      {\n         \"Effect\":\"Allow\",\n         \"Action\":[\n            \"s3:DeleteObject\"\n         ],\n         \"Resource\":[\n            \"arn:aws:s3:::vap-dani-s-test-artifacts-bucket\",\n            \"arn:aws:s3:::vap-dani-s-test-artifacts-bucket/*\"\n         ]\n      },\n      {\n         \"Effect\":\"Allow\",\n         \"Action\":[\n            \"s3:ListBucket\"\n         ],\n         \"Resource\":[\n            \"arn:aws:s3:::vap-dani-s-test-artifacts-bucket\",\n            \"arn:aws:s3:::vap-dani-s-test-artifacts-bucket/*\"\n         ]\n      },\n      {\n         \"Effect\":\"Allow\",\n         \"Action\":[\n            \"s3:GetObject\",\n            \"s3:Putobject\"\n         ],\n         \"Resource\":[\n            \"arn:aws:s3:::vap-dani-s-test-artifacts-bucket/*\",\n            \"arn:aws:s3:::vap-dani-s-test-artifacts-bucket\"\n         ]\n      }\n   ]\n}\n",
            "policy_id": "ANPAXEFPMSBJKCAIFYHHF",
            "tags": null,
            "tags_all": {}
          },
          "sensitive_attributes": [],
          "private": "bnVsbA==",
          "dependencies": [
            "data.terraform_remote_state.vap-platform-infra"
          ]
        }
      ]
    },
    {
      "module": "module.policy",
      "mode": "managed",
      "type": "aws_iam_policy",
      "name": "lambda_authorizer_role_policy",
      "provider": "provider[\"registry.terraform.io/hashicorp/aws\"]",
      "instances": [
        {
          "schema_version": 0,
          "attributes": {
            "arn": "arn:aws:iam::489994096722:policy/vap-dani-s-test-lambda-authorizer-role-policy",
            "description": "",
            "id": "arn:aws:iam::489994096722:policy/vap-dani-s-test-lambda-authorizer-role-policy",
            "name": "vap-dani-s-test-lambda-authorizer-role-policy",
            "name_prefix": null,
            "path": "/",
            "policy": "{\n    \"Version\": \"2012-10-17\",\n    \"Statement\": [\n        {\n         \"Effect\":\"Allow\",\n         \"Action\":[\n            \"logs:CreateLogGroup\",\n            \"logs:CreateLogStream\",\n            \"logs:PutLogEvents\"\n         ],\n         \"Resource\":\"arn:aws:logs:*:*:*\"\n        },\n        {\n            \"Effect\": \"Allow\",\n            \"Action\": [\n                \"apigateway:GET\"\n            ],\n            \"Resource\": \"arn:aws:apigateway:*::/*\"\n        },\n        {\n            \"Effect\": \"Allow\",\n            \"Action\": [\n                \"dynamodb:Query\"\n            ],\n            \"Resource\": \"*\"\n        },\n        {\n            \"Effect\": \"Allow\",\n            \"Action\": [\n                \"cognito-idp:AdminGetUser\"\n            ],\n            \"Resource\": \"*\"\n        }\n    ]\n}\n",
            "policy_id": "ANPAXEFPMSBJHYUSNNKSX",
            "tags": null,
            "tags_all": {}
          },
          "sensitive_attributes": [],
          "private": "bnVsbA=="
        }
      ]
    },
    {
      "module": "module.policy",
      "mode": "managed",
      "type": "aws_iam_policy",
      "name": "lambda_backend_policy",
      "provider": "provider[\"registry.terraform.io/hashicorp/aws\"]",
      "instances": [
        {
          "schema_version": 0,
          "attributes": {
            "arn": "arn:aws:iam::489994096722:policy/vap-dani-s-test-lambda-backend-policy",
            "description": "",
            "id": "arn:aws:iam::489994096722:policy/vap-dani-s-test-lambda-backend-policy",
            "name": "vap-dani-s-test-lambda-backend-policy",
            "name_prefix": null,
            "path": "/",
            "policy": "{\n  \"Version\": \"2012-10-17\",\n  \"Statement\": [\n    {\n        \"Effect\": \"Allow\",\n        \"Action\": [\n          \"logs:CreateLogGroup\",\n          \"logs:CreateLogStream\",\n          \"logs:PutLogEvents\"\n        ],\n        \"Resource\": \"arn:aws:logs:*:*:*\"\n        \n    },\n    {\n      \"Effect\": \"Allow\",\n      \"Action\": [\n        \"apigateway:*\"\n      ],\n      \"Resource\": [\n        \"*\"\n      ]\n    },\n    {\n      \"Effect\": \"Allow\",\n      \"Action\": [\n        \"s3:GetObject\",\n        \"s3:DeleteObject\",\n        \"s3:PutObject\"\n      ],\n      \"Resource\": [\n        \"*\"\n      ]\n    },\n    {\n      \"Effect\": \"Allow\",\n      \"Action\": [\n        \"dynamodb:GetItem\",\n        \"dynamodb:Query\",\n        \"dynamodb:PutItem\",\n        \"dynamodb:UpdateItem\",\n        \"dynamodb:DeleteItem\",\n        \"dynamodb:Scan\"\n\n      ],\n      \"Resource\": [\n        \"arn:aws:dynamodb:us-east-2:489994096722:table/vap-dani-s-test-user\",\n        \"arn:aws:dynamodb:us-east-1:489994096722:table/vap-dani-s-test-prelogin-account\"\n      ]\n    },\n    {\n      \"Effect\": \"Allow\",\n      \"Action\": [\n        \"s3:GetObject\",\n        \"s3:DeleteObject\",\n        \"s3:PutObject\"\n      ],\n      \"Resource\": [\n        \"*\"\n      ]\n    },\n{\n      \"Effect\": \"Allow\",\n      \"Action\": [\n        \"cognito-idp:AdminListGroupsForUser\",\n        \"cognito-idp:ListUsersInGroup\",\n        \"cognito-idp:ListUsers\",\n        \"cognito-idp:AdminCreateUser\",\n        \"cognito-idp:AdminDeleteUser\",\n        \"cognito-idp:AdminSetUserMFAPreference\",\n        \"cognito-idp:AdminUpdateUserAttributes\",\n        \"cognito-idp:AdminAddUserToGroup\"\n      ],\n      \"Resource\": [\n        \"*\"\n      ]\n    \n},\n{\n      \"Effect\": \"Allow\",\n      \"Action\": [\n        \"lambda:InvokeFunction\"\n      ],\n      \"Resource\": \"arn:aws:lambda:us-east-2:489994096722:function:vap-dani-s-test-catalog-updater\"\n\n},\n{\n      \"Effect\": \"Allow\",\n      \"Action\": [\n        \"secretsmanager:CreateSecret\",\n        \"secretsmanager:PutSecretValue\",\n        \"secretsmanager:GetSecretValue\"\n      ],\n      \"Resource\": \"arn:aws:secretsmanager:us-east-2:489994096722:secret:*\"\n  },\n  {\n      \"Effect\": \"Allow\",\n      \"Action\": [\n        \"iam:GetUser\"\n      ],\n      \"Resource\": \"arn:aws:iam::489994096722:user/*\"\n  }\n]\n}\n",
            "policy_id": "ANPAXEFPMSBJFWPTCIDB6",
            "tags": null,
            "tags_all": {}
          },
          "sensitive_attributes": [],
          "private": "bnVsbA==",
          "dependencies": [
            "data.aws_caller_identity.current",
            "data.aws_region.current",
            "data.terraform_remote_state.vap-platform-infra",
            "module.lambda.aws_lambda_function.lambda_catalog_updater_lambda_function",
            "module.lambda.aws_lambda_layer_version.lambda-common-layer",
            "module.lambda.data.archive_file.lambda_catalog_updater_lambda_function",
            "module.role.aws_iam_role.lambda_catalog_updater_role"
          ]
        }
      ]
    },
    {
      "module": "module.policy",
      "mode": "managed",
      "type": "aws_iam_policy",
      "name": "lambda_catalog_updater_policy",
      "provider": "provider[\"registry.terraform.io/hashicorp/aws\"]",
      "instances": [
        {
          "schema_version": 0,
          "attributes": {
            "arn": "arn:aws:iam::489994096722:policy/vap-dani-s-test-lambda-catalog-updater-policy",
            "description": "",
            "id": "arn:aws:iam::489994096722:policy/vap-dani-s-test-lambda-catalog-updater-policy",
            "name": "vap-dani-s-test-lambda-catalog-updater-policy",
            "name_prefix": null,
            "path": "/",
            "policy": "{\n  \"Version\": \"2012-10-17\",\n  \"Statement\": [\n    {\n        \"Effect\": \"Allow\",\n        \"Action\": [\n          \"logs:CreateLogGroup\",\n          \"logs:CreateLogStream\",\n          \"logs:PutLogEvents\"\n        ],\n        \"Resource\": \"arn:aws:logs:*:*:*\"\n        \n    },\n    {\n      \"Effect\": \"Allow\",\n      \"Action\": [\n        \"apigateway:*\"\n      ],\n      \"Resource\": [\n        \"*\"\n      ]\n    },\n    {\n      \"Effect\": \"Allow\",\n      \"Action\": [\n        \"s3:*\"\n      ],\n      \"Resource\": [\n        \"arn:aws:s3:::vap-dani-s-test-portal\",\n        \"arn:aws:s3:::vap-dani-s-test-portal/*\",\n        \"arn:aws:s3:::vap-dani-s-test-artifacts-bucket\",\n        \"arn:aws:s3:::vap-dani-s-test-artifacts-bucket/*\"\n      ]\n    },\n        {\n      \"Effect\": \"Allow\",\n      \"Action\": [\n        \"s3:GetObject\",\n        \"s3:PutObject\"\n      ],\n      \"Resource\": [\n        \"arn:aws:s3:::vap-dani-s-test-artifacts-bucket\",\n        \"arn:aws:s3:::vap-dani-s-test-artifacts-bucket/*\"\n      ]\n    },\n    {\n        \"Effect\": \"Allow\",\n        \"Action\": [\n            \"lambda:InvokeFunction\",\n            \"lambda:InvokeAsync\"\n        ],\n        \"Resource\": \"arn:aws:lambda:us-east-2:489994096722:function:vap-dani-s-test-catalog-updater\"\n    },\n    {\n      \"Effect\": \"Allow\",\n      \"Action\": [\n        \"secretsmanager:CreateSecret\",\n        \"secretsmanager:PutSecretValue\",\n        \"secretsmanager:GetSecretValue\"\n      ],\n      \"Resource\": \"arn:aws:secretsmanager:us-east-2:489994096722:secret:*\"\n    }\n  ]\n}\n",
            "policy_id": "ANPAXEFPMSBJFCCNP5ESO",
            "tags": null,
            "tags_all": {}
          },
          "sensitive_attributes": [],
          "private": "bnVsbA==",
          "dependencies": [
            "data.aws_caller_identity.current",
            "data.aws_region.current",
            "data.terraform_remote_state.vap-platform-infra",
            "module.lambda.aws_lambda_function.lambda_catalog_updater_lambda_function",
            "module.lambda.aws_lambda_layer_version.lambda-common-layer",
            "module.lambda.data.archive_file.lambda_catalog_updater_lambda_function",
            "module.role.aws_iam_role.lambda_catalog_updater_role"
          ]
        }
      ]
    },
    {
      "module": "module.policy",
      "mode": "managed",
      "type": "aws_iam_policy",
      "name": "lambda_cognito_post_authentication_trigger_policy",
      "provider": "provider[\"registry.terraform.io/hashicorp/aws\"]",
      "instances": [
        {
          "schema_version": 0,
          "attributes": {
            "arn": "arn:aws:iam::489994096722:policy/vap-dani-s-test-lambda-cognito-post-authentication-trigger-policy",
            "description": "",
            "id": "arn:aws:iam::489994096722:policy/vap-dani-s-test-lambda-cognito-post-authentication-trigger-policy",
            "name": "vap-dani-s-test-lambda-cognito-post-authentication-trigger-policy",
            "name_prefix": null,
            "path": "/",
            "policy": "{\n  \"Version\": \"2012-10-17\",\n  \"Statement\": [\n    {\n        \"Effect\": \"Allow\",\n        \"Action\": [\n          \"logs:CreateLogGroup\",\n          \"logs:CreateLogStream\",\n          \"logs:PutLogEvents\"\n        ],\n        \"Resource\": \"arn:aws:logs:*:*:*\"\n        \n    },\n    {\n        \"Effect\": \"Allow\",\n        \"Action\": [\n          \"dynamodb:PutItem\",\n          \"dynamodb:Scan\"\n        ],\n        \"Resource\": \"arn:aws:dynamodb:us-east-1:489994096722:table/vap-dani-s-test-user\"\n        \n    },\n        {\n        \"Effect\": \"Allow\",\n        \"Action\": [\n          \"dynamodb:GetItem\",\n          \"dynamodb:PutItem\"\n        ],\n        \"Resource\": \"arn:aws:dynamodb:us-east-1:489994096722:table/vap-dani-s-test-prelogin-account\"\n    },\n        {\n        \"Effect\": \"Allow\",\n        \"Action\": [\n          \"cognito-idp:AdminAddUserToGroup\"\n        ],\n        \"Resource\": \"arn:aws:cognito-idp:us-east-2:489994096722:userpool/us-east-2_JA7tiuoKI\"\n        \n    }\n   ]\n}\n",
            "policy_id": "ANPAXEFPMSBJPSP5BHWM2",
            "tags": null,
            "tags_all": {}
          },
          "sensitive_attributes": [],
          "private": "bnVsbA==",
          "dependencies": [
            "data.aws_caller_identity.current",
            "data.aws_region.current",
            "data.terraform_remote_state.vap-platform-infra",
            "module.cognito.aws_cognito_user_pool.cognito_user_pool",
            "module.role.aws_iam_role.cognito_sms_caller_role"
          ]
        }
      ]
    },
    {
      "module": "module.policy",
      "mode": "managed",
      "type": "aws_iam_policy",
      "name": "lambda_cognito_post_confirmation_trigger_policy",
      "provider": "provider[\"registry.terraform.io/hashicorp/aws\"]",
      "instances": [
        {
          "schema_version": 0,
          "attributes": {
            "arn": "arn:aws:iam::489994096722:policy/vap-dani-s-test-lambda-cognito-post-confirmation-trigger-policy",
            "description": "",
            "id": "arn:aws:iam::489994096722:policy/vap-dani-s-test-lambda-cognito-post-confirmation-trigger-policy",
            "name": "vap-dani-s-test-lambda-cognito-post-confirmation-trigger-policy",
            "name_prefix": null,
            "path": "/",
            "policy": "{\n  \"Version\": \"2012-10-17\",\n  \"Statement\": [\n    {\n        \"Effect\": \"Allow\",\n        \"Action\": [\n          \"logs:CreateLogGroup\",\n          \"logs:CreateLogStream\",\n          \"logs:PutLogEvents\"\n        ],\n        \"Resource\": \"arn:aws:logs:*:*:*\"\n        \n    },\n    {\n        \"Effect\": \"Allow\",\n        \"Action\": [\n          \"dynamodb:PutItem\"\n        ],\n        \"Resource\": \"arn:aws:dynamodb:us-east-1:489994096722:table/vap-dani-s-test-prelogin-account\"\n        \n    },\n        {\n        \"Effect\": \"Allow\",\n        \"Action\": [\n          \"cognito-idp:AdminAddUserToGroup\"\n        ],\n        \"Resource\": \"arn:aws:cognito-idp:us-east-2:489994096722:userpool/us-east-2_JA7tiuoKI\"\n        \n    }\n   ]\n}\n",
            "policy_id": "ANPAXEFPMSBJEONN2HHMR",
            "tags": null,
            "tags_all": {}
          },
          "sensitive_attributes": [],
          "private": "bnVsbA==",
          "dependencies": [
            "data.aws_caller_identity.current",
            "data.aws_region.current",
            "data.terraform_remote_state.vap-platform-infra",
            "module.cognito.aws_cognito_user_pool.cognito_user_pool",
            "module.role.aws_iam_role.cognito_sms_caller_role"
          ]
        }
      ]
    },
    {
      "module": "module.policy",
      "mode": "managed",
      "type": "aws_iam_policy",
      "name": "lambda_cognito_presignup_trigger_policy",
      "provider": "provider[\"registry.terraform.io/hashicorp/aws\"]",
      "instances": [
        {
          "schema_version": 0,
          "attributes": {
            "arn": "arn:aws:iam::489994096722:policy/vap-dani-s-test-lambda-cognito-presignup-trigger-policy",
            "description": "",
            "id": "arn:aws:iam::489994096722:policy/vap-dani-s-test-lambda-cognito-presignup-trigger-policy",
            "name": "vap-dani-s-test-lambda-cognito-presignup-trigger-policy",
            "name_prefix": null,
            "path": "/",
            "policy": "{\n  \"Version\": \"2012-10-17\",\n  \"Statement\": [\n    {\n        \"Effect\": \"Allow\",\n        \"Action\": [\n          \"logs:CreateLogGroup\",\n          \"logs:CreateLogStream\",\n          \"logs:PutLogEvents\"\n        ],\n        \"Resource\": \"arn:aws:logs:*:*:*\"\n    },\n    {\n        \"Effect\": \"Allow\",\n        \"Action\": [\n          \"logs:CreateLogGroup\",\n          \"logs:CreateLogStream\",\n          \"logs:PutLogEvents\"\n        ],\n        \"Resource\": \"arn:aws:logs:*:*:*\"\n    }\n   ]\n}\n",
            "policy_id": "ANPAXEFPMSBJHTOTKNF3H",
            "tags": null,
            "tags_all": {}
          },
          "sensitive_attributes": [],
          "private": "bnVsbA=="
        }
      ]
    },
    {
      "module": "module.policy",
      "mode": "managed",
      "type": "aws_iam_policy",
      "name": "lambda_cognito_userpool_client_setting_policy",
      "provider": "provider[\"registry.terraform.io/hashicorp/aws\"]",
      "instances": [
        {
          "schema_version": 0,
          "attributes": {
            "arn": "arn:aws:iam::489994096722:policy/vap-dani-s-test-lambda-cognito-userpool-client-setting-policy",
            "description": "",
            "id": "arn:aws:iam::489994096722:policy/vap-dani-s-test-lambda-cognito-userpool-client-setting-policy",
            "name": "vap-dani-s-test-lambda-cognito-userpool-client-setting-policy",
            "name_prefix": null,
            "path": "/",
            "policy": "{\n  \"Version\": \"2012-10-17\",\n  \"Statement\": [\n    {\n        \"Effect\": \"Allow\",\n        \"Action\": [\n          \"logs:CreateLogGroup\",\n          \"logs:CreateLogStream\",\n          \"logs:PutLogEvents\"\n        ],\n        \"Resource\": \"arn:aws:logs:*:*:*\"\n        \n    },\n    {\n        \"Effect\": \"Allow\",\n        \"Action\": [\n          \"dynamodb:PutItem\"\n        ],\n        \"Resource\": \"arn:aws:dynamodb:us-east-1:489994096722:table/vap-dani-s-test-prelogin-account\"\n        \n    },\n        {\n        \"Effect\": \"Allow\",\n        \"Action\": [\n          \"cognito-idp:AdminAddUserToGroup\"\n        ],\n        \"Resource\": \"arn:aws:cognito-idp:us-east-2:489994096722:userpool/us-east-2_JA7tiuoKI\"\n        \n    }\n   ]\n}\n",
            "policy_id": "ANPAXEFPMSBJOKJ7EW23O",
            "tags": null,
            "tags_all": {}
          },
          "sensitive_attributes": [],
          "private": "bnVsbA==",
          "dependencies": [
            "data.aws_caller_identity.current",
            "data.aws_region.current",
            "data.terraform_remote_state.vap-platform-infra",
            "module.cognito.aws_cognito_user_pool.cognito_user_pool",
            "module.role.aws_iam_role.cognito_sms_caller_role"
          ]
        }
      ]
    },
    {
      "module": "module.policy",
      "mode": "managed",
      "type": "aws_iam_policy",
      "name": "lambda_invoke_api_key_rotation_role_policy",
      "provider": "provider[\"registry.terraform.io/hashicorp/aws\"]",
      "instances": [
        {
          "schema_version": 0,
          "attributes": {
            "arn": "arn:aws:iam::489994096722:policy/vap-dani-s-test-lambda-invoke-api-key-rotation-role-policy",
            "description": "",
            "id": "arn:aws:iam::489994096722:policy/vap-dani-s-test-lambda-invoke-api-key-rotation-role-policy",
            "name": "vap-dani-s-test-lambda-invoke-api-key-rotation-role-policy",
            "name_prefix": null,
            "path": "/",
            "policy": "{\n    \"Version\": \"2012-10-17\",\n    \"Statement\": [\n        {\n          \"Effect\":\"Allow\",\n          \"Action\":[\n              \"logs:CreateLogGroup\",\n              \"logs:CreateLogStream\",\n              \"logs:PutLogEvents\"\n          ],\n          \"Resource\": \"arn:aws:logs:us-east-2:489994096722:log-group:/aws/lambda/vap-dani-s-test-invoke-api-key-rotation:*\"\n        },\n        {\n          \"Effect\": \"Allow\",\n          \"Action\": [\n              \"apigateway:POST\",\n              \"apigateway:DELETE\"\n          ],\n          \"Resource\": \"arn:aws:apigateway:us-east-2::/*\"\n        },\n        {\n          \"Effect\": \"Allow\",\n          \"Action\": [\n              \"dynamodb:UpdateItem\"\n          ],\n          \"Resource\": [\n              \"arn:aws:dynamodb:us-east-2:489994096722:table/vap-dani-s-test-user\"\n            ]\n        },\n        {\n          \"Effect\": \"Allow\",\n          \"Action\": [\n                \"lambda:InvokeFunction\"\n          ],\n          \"Resource\": [\n              \"*\"\n            ]\n        }\n    ]\n}\n",
            "policy_id": "ANPAXEFPMSBJF57R752JK",
            "tags": null,
            "tags_all": {}
          },
          "sensitive_attributes": [],
          "private": "bnVsbA==",
          "dependencies": [
            "data.aws_caller_identity.current",
            "data.aws_region.current",
            "data.terraform_remote_state.vap-platform-infra",
            "module.lambda.aws_lambda_function.lambda_invoke_api_key_rotation",
            "module.lambda.aws_lambda_layer_version.lambda-common-layer",
            "module.lambda.data.archive_file.lambda_invoke_api_key_rotation_function",
            "module.role.aws_iam_role.lambda_invoke_api_key_rotation_role"
          ]
        }
      ]
    },
    {
      "module": "module.policy",
      "mode": "managed",
      "type": "aws_iam_policy",
      "name": "lambda_s3_get_object_policy",
      "provider": "provider[\"registry.terraform.io/hashicorp/aws\"]",
      "instances": [
        {
          "schema_version": 0,
          "attributes": {
            "arn": "arn:aws:iam::489994096722:policy/vap-dani-s-test-S3GetObject",
            "description": "",
            "id": "arn:aws:iam::489994096722:policy/vap-dani-s-test-S3GetObject",
            "name": "vap-dani-s-test-S3GetObject",
            "name_prefix": null,
            "path": "/",
            "policy": "{\n  \"Version\": \"2012-10-17\",\n  \"Statement\": [\n    {\n        \"Effect\": \"Allow\",\n        \"Action\": [\n          \"s3:getObject\"\n        ],\n        \"Resource\": \"arn:aws:s3:::*/*\"\n        \n    }\n   ]\n}\n",
            "policy_id": "ANPAXEFPMSBJHBVLPLAWP",
            "tags": null,
            "tags_all": {}
          },
          "sensitive_attributes": [],
          "private": "bnVsbA=="
        }
      ]
    },
    {
      "module": "module.policy",
      "mode": "managed",
      "type": "aws_iam_policy",
      "name": "list_user_pool_policy",
      "provider": "provider[\"registry.terraform.io/hashicorp/aws\"]",
      "instances": [
        {
          "schema_version": 0,
          "attributes": {
            "arn": "arn:aws:iam::489994096722:policy/vap-dani-s-test-ReadCognitoCustomersTable",
            "description": "",
            "id": "arn:aws:iam::489994096722:policy/vap-dani-s-test-ReadCognitoCustomersTable",
            "name": "vap-dani-s-test-ReadCognitoCustomersTable",
            "name_prefix": null,
            "path": "/",
            "policy": "{\n  \"Version\": \"2012-10-17\",\n  \"Statement\": [\n    {\n        \"Effect\": \"Allow\",\n        \"Action\": [\n          \"cognito-idp:ListUsers\",\n          \"cognito-idp:ListUsersInGroup\"\n        ],\n        \"Resource\": \"arn:aws:cognito-idp:us-east-2:489994096722:userpool/us-east-2_JA7tiuoKI\"\n        \n    }\n   ]\n}\n",
            "policy_id": "ANPAXEFPMSBJJ2I3CPAY7",
            "tags": null,
            "tags_all": {}
          },
          "sensitive_attributes": [],
          "private": "bnVsbA==",
          "dependencies": [
            "data.aws_caller_identity.current",
            "data.aws_region.current",
            "module.cognito.aws_cognito_user_pool.cognito_user_pool",
            "module.role.aws_iam_role.cognito_sms_caller_role"
          ]
        }
      ]
    },
    {
      "module": "module.policy",
      "mode": "managed",
      "type": "aws_iam_policy",
      "name": "manage_user_pool_domain",
      "provider": "provider[\"registry.terraform.io/hashicorp/aws\"]",
      "instances": [
        {
          "schema_version": 0,
          "attributes": {
            "arn": "arn:aws:iam::489994096722:policy/vap-dani-s-test-ManageUserPoolDomain",
            "description": "",
            "id": "arn:aws:iam::489994096722:policy/vap-dani-s-test-ManageUserPoolDomain",
            "name": "vap-dani-s-test-ManageUserPoolDomain",
            "name_prefix": null,
            "path": "/",
            "policy": "{\n  \"Version\": \"2012-10-17\",\n  \"Statement\": [\n    {\n        \"Effect\": \"Allow\",\n        \"Action\": [\n          \"cognito-idp:CreateUserPoolDomain\"\n        ],\n        \"Resource\": \"arn:aws:cognito-idp:*:*:userpool/*\"\n        \n    },\n    {\n        \"Effect\": \"Allow\",\n        \"Action\": [\n          \"cognito-idp:DeleteUserPoolDomain\"\n        ],\n        \"Resource\": \"arn:aws:cognito-idp:*:*:userpool/*\"\n        \n    },\n    {\n        \"Effect\": \"Allow\",\n        \"Action\": [\n          \"cognito-idp:DescribeUserPoolDomain\"\n        ],\n        \"Resource\": \"*\"\n        \n    }\n   ]\n}\n",
            "policy_id": "ANPAXEFPMSBJBU4N732F2",
            "tags": null,
            "tags_all": {}
          },
          "sensitive_attributes": [],
          "private": "bnVsbA=="
        }
      ]
    },
    {
      "module": "module.policy",
      "mode": "managed",
      "type": "aws_iam_policy",
      "name": "read_customer_table_policy",
      "provider": "provider[\"registry.terraform.io/hashicorp/aws\"]",
      "instances": [
        {
          "schema_version": 0,
          "attributes": {
            "arn": "arn:aws:iam::489994096722:policy/vap-dani-s-test-ReadCustomersTable",
            "description": "",
            "id": "arn:aws:iam::489994096722:policy/vap-dani-s-test-ReadCustomersTable",
            "name": "vap-dani-s-test-ReadCustomersTable",
            "name_prefix": null,
            "path": "/",
            "policy": "{\n  \"Version\": \"2012-10-17\",\n  \"Statement\": [\n    {\n        \"Effect\": \"Allow\",\n        \"Action\": [\n          \"dynamodb:Scan\"\n        ],\n        \"Resource\": \"arn:aws:dynamodb:us-east-1:489994096722:table/vap-dani-s-test-user\"\n        \n    }\n   ]\n}\n",
            "policy_id": "ANPAXEFPMSBJPGQSHNDEV",
            "tags": null,
            "tags_all": {}
          },
          "sensitive_attributes": [],
          "private": "bnVsbA==",
          "dependencies": [
            "data.terraform_remote_state.vap-platform-infra"
          ]
        }
      ]
    },
    {
      "module": "module.policy",
      "mode": "managed",
      "type": "aws_iam_policy",
      "name": "update_cognito_user_list_policy",
      "provider": "provider[\"registry.terraform.io/hashicorp/aws\"]",
      "instances": [
        {
          "schema_version": 0,
          "attributes": {
            "arn": "arn:aws:iam::489994096722:policy/vap-dani-s-test-CognitoUserGroup",
            "description": "",
            "id": "arn:aws:iam::489994096722:policy/vap-dani-s-test-CognitoUserGroup",
            "name": "vap-dani-s-test-CognitoUserGroup",
            "name_prefix": null,
            "path": "/",
            "policy": "{\n  \"Version\": \"2012-10-17\",\n  \"Statement\": [\n    {\n        \"Effect\": \"Allow\",\n        \"Action\": [\n          \"cognito-idp:AdminCreateUser\",\n          \"cognito-idp:AdminCreateUserToGroup\"\n        ],\n        \"Resource\":\"arn:aws:cognito-idp:us-east-2:489994096722:userpool/us-east-2_JA7tiuoKI\"\n        \n    }\n   ]\n}\n",
            "policy_id": "ANPAXEFPMSBJDQSVV4GA4",
            "tags": null,
            "tags_all": {}
          },
          "sensitive_attributes": [],
          "private": "bnVsbA==",
          "dependencies": [
            "data.aws_caller_identity.current",
            "data.aws_region.current",
            "module.cognito.aws_cognito_user_pool.cognito_user_pool",
            "module.role.aws_iam_role.cognito_sms_caller_role"
          ]
        }
      ]
    },
    {
      "module": "module.policy",
      "mode": "managed",
      "type": "aws_iam_policy",
      "name": "write_cloudwatch_logs_policy",
      "provider": "provider[\"registry.terraform.io/hashicorp/aws\"]",
      "instances": [
        {
          "schema_version": 0,
          "attributes": {
            "arn": "arn:aws:iam::489994096722:policy/vap-dani-s-test-WriteCloudWatchLogs",
            "description": "",
            "id": "arn:aws:iam::489994096722:policy/vap-dani-s-test-WriteCloudWatchLogs",
            "name": "vap-dani-s-test-WriteCloudWatchLogs",
            "name_prefix": null,
            "path": "/",
            "policy": "{\n  \"Version\": \"2012-10-17\",\n  \"Statement\": [\n    {\n        \"Effect\": \"Allow\",\n        \"Action\": [\n          \"logs:CreateLogGroup\",\n          \"logs:CreateLogStream\",\n          \"logs:PutLogEvents\"\n        ],\n        \"Resource\": \"arn:aws:logs:*:*:*\"\n        \n    }\n   ]\n}\n",
            "policy_id": "ANPAXEFPMSBJFBD5WA3J4",
            "tags": null,
            "tags_all": {}
          },
          "sensitive_attributes": [],
          "private": "bnVsbA=="
        }
      ]
    },
    {
      "module": "module.policy",
      "mode": "managed",
      "type": "aws_iam_role_policy_attachment",
      "name": "api_key_invocation_policy_role_attachment",
      "provider": "provider[\"registry.terraform.io/hashicorp/aws\"]",
      "instances": [
        {
          "schema_version": 0,
          "attributes": {
            "id": "vap-dani-s-test-api-key-authoriser_role-20211117182833883200000015",
            "policy_arn": "arn:aws:iam::489994096722:policy/vap-dani-s-test-api_key_invocation_policy",
            "role": "vap-dani-s-test-api-key-authoriser_role"
          },
          "sensitive_attributes": [],
          "private": "bnVsbA==",
          "dependencies": [
            "data.aws_caller_identity.current",
            "data.aws_region.current",
            "data.terraform_remote_state.vap-platform-infra",
            "module.cognito.aws_cognito_user_pool.cognito_user_pool",
            "module.lambda.aws_lambda_function.lambda_api_key_authoriser_function",
            "module.lambda.aws_lambda_layer_version.lambda-common-layer",
            "module.lambda.data.archive_file.lambda_api_key_authoriser_function",
            "module.policy.aws_iam_policy.api_key_invocation_policy",
            "module.role.aws_iam_role.api_key_authoriser_invocation_role",
            "module.role.aws_iam_role.cognito_sms_caller_role",
            "module.role.aws_iam_role.lambda_authorizer_role"
          ]
        }
      ]
    },
    {
      "module": "module.policy",
      "mode": "managed",
      "type": "aws_iam_role_policy_attachment",
      "name": "cloudfront-security-policy-role-attachment",
      "provider": "provider[\"registry.terraform.io/hashicorp/aws\"]",
      "instances": [
        {
          "schema_version": 0,
          "attributes": {
            "id": "vap-dani-s-test-lambda_cloudfront_security_role-2021111718235786970000000c",
            "policy_arn": "arn:aws:iam::489994096722:policy/vap-dani-s-test-Cloudfront-security",
            "role": "vap-dani-s-test-lambda_cloudfront_security_role"
          },
          "sensitive_attributes": [],
          "private": "bnVsbA==",
          "dependencies": [
            "data.aws_caller_identity.current",
            "data.terraform_remote_state.vap-platform-infra",
            "module.policy.aws_iam_policy.cloudfront_security_policy",
            "module.role.aws_iam_role.lambda_cloudfront_security_role"
          ]
        }
      ]
    },
    {
      "module": "module.policy",
      "mode": "managed",
      "type": "aws_iam_role_policy_attachment",
      "name": "cognito-admin-group-policy-role-attachment",
      "provider": "provider[\"registry.terraform.io/hashicorp/aws\"]",
      "instances": [
        {
          "schema_version": 0,
          "attributes": {
            "id": "vap-dani-s-test-CognitoAdminRole-role-20211117182838358300000016",
            "policy_arn": "arn:aws:iam::489994096722:policy/vap-dani-s-test-CognitoAdminRole",
            "role": "vap-dani-s-test-CognitoAdminRole-role"
          },
          "sensitive_attributes": [],
          "private": "bnVsbA==",
          "dependencies": [
            "data.aws_caller_identity.current",
            "data.aws_region.current",
            "data.terraform_remote_state.vap-platform-infra",
            "module.api.aws_api_gateway_rest_api.api-gateway",
            "module.cloudfront.aws_cloudfront_distribution.default_domain_cloudfront_distribution",
            "module.cloudfront.aws_cloudfront_distribution.s3_distribution",
            "module.cloudfront.aws_cloudfront_origin_access_identity.cloudfront_origin_access_identity",
            "module.cognito.aws_cognito_identity_pool.cognito_identity_pool",
            "module.cognito.aws_cognito_user_pool.cognito_user_pool",
            "module.cognito.aws_cognito_user_pool_client.cognito_user_pool_client",
            "module.lambda.aws_lambda_function.lambda_cloudfront_security_function",
            "module.lambda.data.archive_file.lambda_cloudfront_security_function",
            "module.policy.aws_iam_policy.cognito_admin_group_policy",
            "module.role.aws_iam_role.cognito_admin_group_role",
            "module.role.aws_iam_role.cognito_sms_caller_role",
            "module.role.aws_iam_role.lambda_cloudfront_security_role"
          ]
        }
      ]
    },
    {
      "module": "module.policy",
      "mode": "managed",
      "type": "aws_iam_role_policy_attachment",
      "name": "cognito-registered-group-policy-role-attachment",
      "provider": "provider[\"registry.terraform.io/hashicorp/aws\"]",
      "instances": [
        {
          "schema_version": 0,
          "attributes": {
            "id": "vap-dani-s-test-CognitoRegisteredRole-role-20211117182838359900000017",
            "policy_arn": "arn:aws:iam::489994096722:policy/vap-dani-s-test-CognitoRegisteredRole",
            "role": "vap-dani-s-test-CognitoRegisteredRole-role"
          },
          "sensitive_attributes": [],
          "private": "bnVsbA==",
          "dependencies": [
            "data.aws_caller_identity.current",
            "data.aws_region.current",
            "data.terraform_remote_state.vap-platform-infra",
            "module.api.aws_api_gateway_rest_api.api-gateway",
            "module.cloudfront.aws_cloudfront_distribution.default_domain_cloudfront_distribution",
            "module.cloudfront.aws_cloudfront_distribution.s3_distribution",
            "module.cloudfront.aws_cloudfront_origin_access_identity.cloudfront_origin_access_identity",
            "module.cognito.aws_cognito_identity_pool.cognito_identity_pool",
            "module.cognito.aws_cognito_user_pool.cognito_user_pool",
            "module.cognito.aws_cognito_user_pool_client.cognito_user_pool_client",
            "module.lambda.aws_lambda_function.lambda_cloudfront_security_function",
            "module.lambda.data.archive_file.lambda_cloudfront_security_function",
            "module.policy.aws_iam_policy.cognito_registered_group_policy",
            "module.role.aws_iam_role.cognito_registered_group_role",
            "module.role.aws_iam_role.cognito_sms_caller_role",
            "module.role.aws_iam_role.lambda_cloudfront_security_role"
          ]
        }
      ]
    },
    {
      "module": "module.policy",
      "mode": "managed",
      "type": "aws_iam_role_policy_attachment",
      "name": "cognito-userpool-domain-manage-user-pool-policy-role-attachment",
      "provider": "provider[\"registry.terraform.io/hashicorp/aws\"]",
      "instances": [
        {
          "schema_version": 0,
          "attributes": {
            "id": "vap-dani-s-test-lambda_cognito_userpool_domain_role-20211117182352303600000007",
            "policy_arn": "arn:aws:iam::489994096722:policy/vap-dani-s-test-ManageUserPoolDomain",
            "role": "vap-dani-s-test-lambda_cognito_userpool_domain_role"
          },
          "sensitive_attributes": [],
          "private": "bnVsbA==",
          "dependencies": [
            "module.policy.aws_iam_policy.manage_user_pool_domain",
            "module.role.aws_iam_role.lambda_cognito_userpool_domain_role"
          ]
        }
      ]
    },
    {
      "module": "module.policy",
      "mode": "managed",
      "type": "aws_iam_role_policy_attachment",
      "name": "cognito-userpool-domain-write-cloudwatch-policy-role-attachment",
      "provider": "provider[\"registry.terraform.io/hashicorp/aws\"]",
      "instances": [
        {
          "schema_version": 0,
          "attributes": {
            "id": "vap-dani-s-test-lambda_cognito_userpool_domain_role-20211117182352800000000008",
            "policy_arn": "arn:aws:iam::489994096722:policy/vap-dani-s-test-WriteCloudWatchLogs",
            "role": "vap-dani-s-test-lambda_cognito_userpool_domain_role"
          },
          "sensitive_attributes": [],
          "private": "bnVsbA==",
          "dependencies": [
            "module.policy.aws_iam_policy.write_cloudwatch_logs_policy",
            "module.role.aws_iam_role.lambda_cognito_userpool_domain_role"
          ]
        }
      ]
    },
    {
      "module": "module.policy",
      "mode": "managed",
      "type": "aws_iam_role_policy_attachment",
      "name": "cognito_sns_policy_role_attachment",
      "provider": "provider[\"registry.terraform.io/hashicorp/aws\"]",
      "instances": [
        {
          "schema_version": 0,
          "attributes": {
            "id": "vap-dani-s-test-cognito_sms_caller_role-20211117182348276100000002",
            "policy_arn": "arn:aws:iam::489994096722:policy/vap-dani-s-test-cognito-sms-caller-role-policy",
            "role": "vap-dani-s-test-cognito_sms_caller_role"
          },
          "sensitive_attributes": [],
          "private": "bnVsbA==",
          "dependencies": [
            "module.policy.aws_iam_policy.cognito_sms_caller_role_policy",
            "module.role.aws_iam_role.cognito_sms_caller_role"
          ]
        }
      ]
    },
    {
      "module": "module.policy",
      "mode": "managed",
      "type": "aws_iam_role_policy_attachment",
      "name": "dump-v3-account-read-customer-table-policy-role-attachment",
      "provider": "provider[\"registry.terraform.io/hashicorp/aws\"]",
      "instances": [
        {
          "schema_version": 0,
          "attributes": {
            "id": "vap-dani-s-test-lambda_dump_v3_account_role-20211117182349915400000003",
            "policy_arn": "arn:aws:iam::489994096722:policy/vap-dani-s-test-ReadCustomersTable",
            "role": "vap-dani-s-test-lambda_dump_v3_account_role"
          },
          "sensitive_attributes": [],
          "private": "bnVsbA==",
          "dependencies": [
            "data.terraform_remote_state.vap-platform-infra",
            "module.policy.aws_iam_policy.read_customer_table_policy",
            "module.role.aws_iam_role.lambda_dump_v3_account_role"
          ]
        }
      ]
    },
    {
      "module": "module.policy",
      "mode": "managed",
      "type": "aws_iam_role_policy_attachment",
      "name": "dump-v3-account-write-cloud-watchlog-policy-role-attachment",
      "provider": "provider[\"registry.terraform.io/hashicorp/aws\"]",
      "instances": [
        {
          "schema_version": 0,
          "attributes": {
            "id": "vap-dani-s-test-lambda_dump_v3_account_role-20211117182350356400000005",
            "policy_arn": "arn:aws:iam::489994096722:policy/vap-dani-s-test-WriteCloudWatchLogs",
            "role": "vap-dani-s-test-lambda_dump_v3_account_role"
          },
          "sensitive_attributes": [],
          "private": "bnVsbA==",
          "dependencies": [
            "module.policy.aws_iam_policy.write_cloudwatch_logs_policy",
            "module.role.aws_iam_role.lambda_dump_v3_account_role"
          ]
        }
      ]
    },
    {
      "module": "module.policy",
      "mode": "managed",
      "type": "aws_iam_role_policy_attachment",
      "name": "dump-v3-list-user-pool-policy-role-attachment",
      "provider": "provider[\"registry.terraform.io/hashicorp/aws\"]",
      "instances": [
        {
          "schema_version": 0,
          "attributes": {
            "id": "vap-dani-s-test-lambda_dump_v3_account_role-2021111718241052620000000f",
            "policy_arn": "arn:aws:iam::489994096722:policy/vap-dani-s-test-ReadCognitoCustomersTable",
            "role": "vap-dani-s-test-lambda_dump_v3_account_role"
          },
          "sensitive_attributes": [],
          "private": "bnVsbA==",
          "dependencies": [
            "data.aws_caller_identity.current",
            "data.aws_region.current",
            "module.cognito.aws_cognito_user_pool.cognito_user_pool",
            "module.policy.aws_iam_policy.list_user_pool_policy",
            "module.role.aws_iam_role.cognito_sms_caller_role",
            "module.role.aws_iam_role.lambda_dump_v3_account_role"
          ]
        }
      ]
    },
    {
      "module": "module.policy",
      "mode": "managed",
      "type": "aws_iam_role_policy_attachment",
      "name": "lambda-asset-uploader-policy-role-attachment",
      "provider": "provider[\"registry.terraform.io/hashicorp/aws\"]",
      "instances": [
        {
          "schema_version": 0,
          "attributes": {
            "id": "vap-dani-s-test-lambda_backend-20211117182356393200000009",
            "policy_arn": "arn:aws:iam::489994096722:policy/vap-dani-s-test-lambda-asset-uploader-policy",
            "role": "vap-dani-s-test-lambda_backend"
          },
          "sensitive_attributes": [],
          "private": "bnVsbA==",
          "dependencies": [
            "data.terraform_remote_state.vap-platform-infra",
            "module.policy.aws_iam_policy.lambda_asset_uploader_policy",
            "module.role.aws_iam_role.lambda_backend_role"
          ]
        }
      ]
    },
    {
      "module": "module.policy",
      "mode": "managed",
      "type": "aws_iam_role_policy_attachment",
      "name": "lambda-backend-policy-role-attachment",
      "provider": "provider[\"registry.terraform.io/hashicorp/aws\"]",
      "instances": [
        {
          "schema_version": 0,
          "attributes": {
            "id": "vap-dani-s-test-lambda_backend-20211117182713412100000012",
            "policy_arn": "arn:aws:iam::489994096722:policy/vap-dani-s-test-lambda-backend-policy",
            "role": "vap-dani-s-test-lambda_backend"
          },
          "sensitive_attributes": [],
          "private": "bnVsbA==",
          "dependencies": [
            "data.aws_caller_identity.current",
            "data.aws_region.current",
            "data.terraform_remote_state.vap-platform-infra",
            "module.lambda.aws_lambda_function.lambda_catalog_updater_lambda_function",
            "module.lambda.aws_lambda_layer_version.lambda-common-layer",
            "module.lambda.data.archive_file.lambda_catalog_updater_lambda_function",
            "module.policy.aws_iam_policy.lambda_backend_policy",
            "module.role.aws_iam_role.lambda_backend_role",
            "module.role.aws_iam_role.lambda_catalog_updater_role"
          ]
        }
      ]
    },
    {
      "module": "module.policy",
      "mode": "managed",
      "type": "aws_iam_role_policy_attachment",
      "name": "lambda-catalog-updater-policy-role-attachment",
      "provider": "provider[\"registry.terraform.io/hashicorp/aws\"]",
      "instances": [
        {
          "schema_version": 0,
          "attributes": {
            "id": "vap-dani-s-test-lambda_catalog_updater-20211117182713414800000013",
            "policy_arn": "arn:aws:iam::489994096722:policy/vap-dani-s-test-lambda-catalog-updater-policy",
            "role": "vap-dani-s-test-lambda_catalog_updater"
          },
          "sensitive_attributes": [],
          "private": "bnVsbA==",
          "dependencies": [
            "data.aws_caller_identity.current",
            "data.aws_region.current",
            "data.terraform_remote_state.vap-platform-infra",
            "module.lambda.aws_lambda_function.lambda_catalog_updater_lambda_function",
            "module.lambda.aws_lambda_layer_version.lambda-common-layer",
            "module.lambda.data.archive_file.lambda_catalog_updater_lambda_function",
            "module.policy.aws_iam_policy.lambda_catalog_updater_policy",
            "module.role.aws_iam_role.lambda_catalog_updater_role"
          ]
        }
      ]
    },
    {
      "module": "module.policy",
      "mode": "managed",
      "type": "aws_iam_role_policy_attachment",
      "name": "lambda-cognito-post-authentication-trigger-policy-role-attachment",
      "provider": "provider[\"registry.terraform.io/hashicorp/aws\"]",
      "instances": [
        {
          "schema_version": 0,
          "attributes": {
            "id": "vap-dani-s-test-lambda_cognito_post_authentication_trigger_role-2021111718241045280000000e",
            "policy_arn": "arn:aws:iam::489994096722:policy/vap-dani-s-test-lambda-cognito-post-authentication-trigger-policy",
            "role": "vap-dani-s-test-lambda_cognito_post_authentication_trigger_role"
          },
          "sensitive_attributes": [],
          "private": "bnVsbA==",
          "dependencies": [
            "data.aws_caller_identity.current",
            "data.aws_region.current",
            "data.terraform_remote_state.vap-platform-infra",
            "module.cognito.aws_cognito_user_pool.cognito_user_pool",
            "module.policy.aws_iam_policy.lambda_cognito_post_authentication_trigger_policy",
            "module.role.aws_iam_role.cognito_sms_caller_role",
            "module.role.aws_iam_role.lambda_cognito_post_authentication_trigger_role"
          ]
        }
      ]
    },
    {
      "module": "module.policy",
      "mode": "managed",
      "type": "aws_iam_role_policy_attachment",
      "name": "lambda-cognito-post-confirmation-trigger-policy-role-attachment",
      "provider": "provider[\"registry.terraform.io/hashicorp/aws\"]",
      "instances": [
        {
          "schema_version": 0,
          "attributes": {
            "id": "vap-dani-s-test-lambda_cognito_presignup_trigger_role-2021111718241019540000000d",
            "policy_arn": "arn:aws:iam::489994096722:policy/vap-dani-s-test-lambda-cognito-post-confirmation-trigger-policy",
            "role": "vap-dani-s-test-lambda_cognito_presignup_trigger_role"
          },
          "sensitive_attributes": [],
          "private": "bnVsbA==",
          "dependencies": [
            "data.aws_caller_identity.current",
            "data.aws_region.current",
            "data.terraform_remote_state.vap-platform-infra",
            "module.cognito.aws_cognito_user_pool.cognito_user_pool",
            "module.policy.aws_iam_policy.lambda_cognito_post_confirmation_trigger_policy",
            "module.role.aws_iam_role.cognito_sms_caller_role",
            "module.role.aws_iam_role.lambda_cognito_presignup_trigger_role"
          ]
        }
      ]
    },
    {
      "module": "module.policy",
      "mode": "managed",
      "type": "aws_iam_role_policy_attachment",
      "name": "lambda-cognito-presignup-trigger-policy-role-attachment",
      "provider": "provider[\"registry.terraform.io/hashicorp/aws\"]",
      "instances": [
        {
          "schema_version": 0,
          "attributes": {
            "id": "vap-dani-s-test-lambda_cognito_presignup_trigger_role-20211117182348267900000001",
            "policy_arn": "arn:aws:iam::489994096722:policy/vap-dani-s-test-lambda-cognito-presignup-trigger-policy",
            "role": "vap-dani-s-test-lambda_cognito_presignup_trigger_role"
          },
          "sensitive_attributes": [],
          "private": "bnVsbA==",
          "dependencies": [
            "module.policy.aws_iam_policy.lambda_cognito_presignup_trigger_policy",
            "module.role.aws_iam_role.lambda_cognito_presignup_trigger_role"
          ]
        }
      ]
    },
    {
      "module": "module.policy",
      "mode": "managed",
      "type": "aws_iam_role_policy_attachment",
      "name": "lambda-cognito-userpool-client-setting-policy-role-attachment",
      "provider": "provider[\"registry.terraform.io/hashicorp/aws\"]",
      "instances": [
        {
          "schema_version": 0,
          "attributes": {
            "id": "vap-dani-s-test-lambda_cognito_userpool_client_settings_role-20211117182351457100000006",
            "policy_arn": "arn:aws:iam::489994096722:policy/vap-dani-s-test-lambda-cognito-presignup-trigger-policy",
            "role": "vap-dani-s-test-lambda_cognito_userpool_client_settings_role"
          },
          "sensitive_attributes": [],
          "private": "bnVsbA==",
          "dependencies": [
            "module.policy.aws_iam_policy.lambda_cognito_presignup_trigger_policy",
            "module.role.aws_iam_role.lambda_cognito_userpool_client_settings_role"
          ]
        }
      ]
    },
    {
      "module": "module.policy",
      "mode": "managed",
      "type": "aws_iam_role_policy_attachment",
      "name": "lambda-s3-get-objects-role-attachment",
      "provider": "provider[\"registry.terraform.io/hashicorp/aws\"]",
      "instances": [
        {
          "schema_version": 0,
          "attributes": {
            "id": "vap-dani-s-test-lambda_usergroup_importer_role-2021111718235662600000000a",
            "policy_arn": "arn:aws:iam::489994096722:policy/vap-dani-s-test-S3GetObject",
            "role": "vap-dani-s-test-lambda_usergroup_importer_role"
          },
          "sensitive_attributes": [],
          "private": "bnVsbA==",
          "dependencies": [
            "module.policy.aws_iam_policy.lambda_s3_get_object_policy",
            "module.role.aws_iam_role.lambda_usergroup_importer_role"
          ]
        }
      ]
    },
    {
      "module": "module.policy",
      "mode": "managed",
      "type": "aws_iam_role_policy_attachment",
      "name": "lambda-write-cloudwatch-logs-role-attachment",
      "provider": "provider[\"registry.terraform.io/hashicorp/aws\"]",
      "instances": [
        {
          "schema_version": 0,
          "attributes": {
            "id": "vap-dani-s-test-lambda_usergroup_importer_role-2021111718235666240000000b",
            "policy_arn": "arn:aws:iam::489994096722:policy/vap-dani-s-test-WriteCloudWatchLogs",
            "role": "vap-dani-s-test-lambda_usergroup_importer_role"
          },
          "sensitive_attributes": [],
          "private": "bnVsbA==",
          "dependencies": [
            "module.policy.aws_iam_policy.write_cloudwatch_logs_policy",
            "module.role.aws_iam_role.lambda_usergroup_importer_role"
          ]
        }
      ]
    },
    {
      "module": "module.policy",
      "mode": "managed",
      "type": "aws_iam_role_policy_attachment",
      "name": "lambda_api_key_rotation_role_policy_attachement",
      "provider": "provider[\"registry.terraform.io/hashicorp/aws\"]",
      "instances": [
        {
          "schema_version": 0,
          "attributes": {
            "id": "vap-dani-s-test-lambda_api_key_rotation_role-20211117182633412800000011",
            "policy_arn": "arn:aws:iam::489994096722:policy/vap-dani-s-test-lambda-api-key-rotation-role-policy",
            "role": "vap-dani-s-test-lambda_api_key_rotation_role"
          },
          "sensitive_attributes": [],
          "private": "bnVsbA==",
          "dependencies": [
            "data.aws_caller_identity.current",
            "data.aws_region.current",
            "data.terraform_remote_state.vap-platform-infra",
            "module.lambda.aws_lambda_function.lambda_api_key_rotation",
            "module.lambda.aws_lambda_layer_version.lambda-common-layer",
            "module.lambda.data.archive_file.lambda_api_key_rotation_function",
            "module.policy.aws_iam_policy.lambda_api_key_rotation_role_policy",
            "module.role.aws_iam_role.lambda_api_key_rotation_role"
          ]
        }
      ]
    },
    {
      "module": "module.policy",
      "mode": "managed",
      "type": "aws_iam_role_policy_attachment",
      "name": "lambda_authorizer_role_policy_attachement",
      "provider": "provider[\"registry.terraform.io/hashicorp/aws\"]",
      "instances": [
        {
          "schema_version": 0,
          "attributes": {
            "id": "vap-dani-s-test-lambda_authorizer_role-20211117182350034400000004",
            "policy_arn": "arn:aws:iam::489994096722:policy/vap-dani-s-test-lambda-authorizer-role-policy",
            "role": "vap-dani-s-test-lambda_authorizer_role"
          },
          "sensitive_attributes": [],
          "private": "bnVsbA==",
          "dependencies": [
            "module.policy.aws_iam_policy.lambda_authorizer_role_policy",
            "module.role.aws_iam_role.lambda_authorizer_role"
          ]
        }
      ]
    },
    {
      "module": "module.policy",
      "mode": "managed",
      "type": "aws_iam_role_policy_attachment",
      "name": "lambda_invoke_api_key_rotation_role_policy_attachement",
      "provider": "provider[\"registry.terraform.io/hashicorp/aws\"]",
      "instances": [
        {
          "schema_version": 0,
          "attributes": {
            "id": "vap-dani-s-test-lambda_invoke_api_key_rotation_role-20211117182728524900000014",
            "policy_arn": "arn:aws:iam::489994096722:policy/vap-dani-s-test-lambda-invoke-api-key-rotation-role-policy",
            "role": "vap-dani-s-test-lambda_invoke_api_key_rotation_role"
          },
          "sensitive_attributes": [],
          "private": "bnVsbA==",
          "dependencies": [
            "data.aws_caller_identity.current",
            "data.aws_region.current",
            "data.terraform_remote_state.vap-platform-infra",
            "module.lambda.aws_lambda_function.lambda_invoke_api_key_rotation",
            "module.lambda.aws_lambda_layer_version.lambda-common-layer",
            "module.lambda.data.archive_file.lambda_invoke_api_key_rotation_function",
            "module.policy.aws_iam_policy.lambda_invoke_api_key_rotation_role_policy",
            "module.role.aws_iam_role.lambda_invoke_api_key_rotation_role"
          ]
        }
      ]
    },
    {
      "module": "module.policy",
      "mode": "managed",
      "type": "aws_iam_role_policy_attachment",
      "name": "update-config-user-s3-get-objects-role-attachment",
      "provider": "provider[\"registry.terraform.io/hashicorp/aws\"]",
      "instances": [
        {
          "schema_version": 0,
          "attributes": {
            "id": "vap-dani-s-test-lambda_usergroup_importer_role-20211117182410725300000010",
            "policy_arn": "arn:aws:iam::489994096722:policy/vap-dani-s-test-CognitoUserGroup",
            "role": "vap-dani-s-test-lambda_usergroup_importer_role"
          },
          "sensitive_attributes": [],
          "private": "bnVsbA==",
          "dependencies": [
            "data.aws_caller_identity.current",
            "data.aws_region.current",
            "module.cognito.aws_cognito_user_pool.cognito_user_pool",
            "module.policy.aws_iam_policy.update_cognito_user_list_policy",
            "module.role.aws_iam_role.cognito_sms_caller_role",
            "module.role.aws_iam_role.lambda_usergroup_importer_role"
          ]
        }
      ]
    },
    {
      "module": "module.policy",
      "mode": "managed",
      "type": "aws_lambda_permission",
      "name": "cloudfront_security_lambda_permission",
      "provider": "provider[\"registry.terraform.io/hashicorp/aws\"].global_region",
      "instances": [
        {
          "schema_version": 0,
          "attributes": {
            "action": "lambda:GetFunction",
            "event_source_token": null,
            "function_name": "vap-dani-s-test-cloudfront-security",
            "id": "vap-dani-s-test-cloudfront-security-security-lambda-permission",
            "principal": "replicator.lambda.amazonaws.com",
            "qualifier": "",
            "source_account": null,
            "source_arn": null,
            "statement_id": "vap-dani-s-test-cloudfront-security-security-lambda-permission",
            "statement_id_prefix": null
          },
          "sensitive_attributes": [],
          "private": "bnVsbA==",
          "dependencies": [
            "module.lambda.aws_lambda_function.lambda_cloudfront_security_function",
            "module.lambda.data.archive_file.lambda_cloudfront_security_function",
            "module.role.aws_iam_role.lambda_cloudfront_security_role"
          ]
        }
      ]
    },
    {
      "module": "module.policy",
      "mode": "managed",
      "type": "aws_lambda_permission",
      "name": "post_authentication_lambda_permission",
      "provider": "provider[\"registry.terraform.io/hashicorp/aws\"]",
      "instances": [
        {
          "schema_version": 0,
          "attributes": {
            "action": "lambda:InvokeFunction",
            "event_source_token": null,
            "function_name": "vap-dani-s-test-CognitoPostAuthenticationTriggerFn",
            "id": "vap-dani-s-test-CognitoPostAuthenticationTriggerFn-lambda-permission",
            "principal": "cognito-idp.amazonaws.com",
            "qualifier": "",
            "source_account": null,
            "source_arn": "arn:aws:cognito-idp:us-east-2:489994096722:userpool/us-east-2_JA7tiuoKI",
            "statement_id": "vap-dani-s-test-CognitoPostAuthenticationTriggerFn-lambda-permission",
            "statement_id_prefix": null
          },
          "sensitive_attributes": [],
          "private": "bnVsbA==",
          "dependencies": [
            "data.aws_caller_identity.current",
            "data.aws_region.current",
            "data.terraform_remote_state.vap-platform-infra",
            "module.cognito.aws_cognito_user_pool.cognito_user_pool",
            "module.lambda.aws_lambda_function.lambda_cognito_post_authentication_trigger_function",
            "module.lambda.aws_lambda_layer_version.lambda-common-layer",
            "module.lambda.data.archive_file.lambda_cognito_post_authentication_trigger_function",
            "module.role.aws_iam_role.cognito_sms_caller_role",
            "module.role.aws_iam_role.lambda_cognito_post_authentication_trigger_role"
          ]
        }
      ]
    },
    {
      "module": "module.policy",
      "mode": "managed",
      "type": "aws_lambda_permission",
      "name": "post_confirmation_lambda_permission",
      "provider": "provider[\"registry.terraform.io/hashicorp/aws\"]",
      "instances": [
        {
          "schema_version": 0,
          "attributes": {
            "action": "lambda:InvokeFunction",
            "event_source_token": null,
            "function_name": "vap-dani-s-test-CognitoPostConfirmationTriggerFn",
            "id": "vap-dani-s-test-CognitoPostConfirmationTriggerFn-lambda-permission",
            "principal": "cognito-idp.amazonaws.com",
            "qualifier": "",
            "source_account": null,
            "source_arn": "arn:aws:cognito-idp:us-east-2:489994096722:userpool/us-east-2_JA7tiuoKI",
            "statement_id": "vap-dani-s-test-CognitoPostConfirmationTriggerFn-lambda-permission",
            "statement_id_prefix": null
          },
          "sensitive_attributes": [],
          "private": "bnVsbA==",
          "dependencies": [
            "data.aws_caller_identity.current",
            "data.aws_region.current",
            "data.terraform_remote_state.vap-platform-infra",
            "module.cognito.aws_cognito_user_pool.cognito_user_pool",
            "module.lambda.aws_lambda_function.lambda_cognito_post_confirmation_trigger_function",
            "module.lambda.aws_lambda_layer_version.lambda-common-layer",
            "module.lambda.data.archive_file.lambda_cognito_post_confirmation_trigger_function",
            "module.role.aws_iam_role.cognito_sms_caller_role",
            "module.role.aws_iam_role.lambda_cognito_presignup_trigger_role"
          ]
        }
      ]
    },
    {
      "module": "module.policy",
      "mode": "managed",
      "type": "aws_lambda_permission",
      "name": "pre_signup_lambda_permission",
      "provider": "provider[\"registry.terraform.io/hashicorp/aws\"]",
      "instances": [
        {
          "schema_version": 0,
          "attributes": {
            "action": "lambda:InvokeFunction",
            "event_source_token": null,
            "function_name": "vap-dani-s-test-CognitoPreSignupTriggerFn",
            "id": "vap-dani-s-test-CognitoPreSignupTriggerFn-lambda-permission",
            "principal": "cognito-idp.amazonaws.com",
            "qualifier": "",
            "source_account": null,
            "source_arn": "arn:aws:cognito-idp:us-east-2:489994096722:userpool/us-east-2_JA7tiuoKI",
            "statement_id": "vap-dani-s-test-CognitoPreSignupTriggerFn-lambda-permission",
            "statement_id_prefix": null
          },
          "sensitive_attributes": [],
          "private": "bnVsbA==",
          "dependencies": [
            "data.aws_caller_identity.current",
            "data.aws_region.current",
            "module.cognito.aws_cognito_user_pool.cognito_user_pool",
            "module.lambda.aws_lambda_function.lambda_cognito_presignup_trigger_function",
            "module.lambda.aws_lambda_layer_version.lambda-common-layer",
            "module.lambda.data.archive_file.lambda_cognito_pre_signup_trigger_function",
            "module.role.aws_iam_role.cognito_sms_caller_role",
            "module.role.aws_iam_role.lambda_cognito_presignup_trigger_role"
          ]
        }
      ]
    },
    {
      "module": "module.role",
      "mode": "managed",
      "type": "aws_iam_role",
      "name": "api_key_authoriser_invocation_role",
      "provider": "provider[\"registry.terraform.io/hashicorp/aws\"]",
      "instances": [
        {
          "schema_version": 0,
          "attributes": {
            "arn": "arn:aws:iam::489994096722:role/vap-dani-s-test-api-key-authoriser_role",
            "assume_role_policy": "{\"Version\":\"2012-10-17\",\"Statement\":[{\"Effect\":\"Allow\",\"Principal\":{\"Service\":\"apigateway.amazonaws.com\"},\"Action\":\"sts:AssumeRole\"}]}",
            "create_date": "2021-11-17T18:23:43Z",
            "description": "",
            "force_detach_policies": false,
            "id": "vap-dani-s-test-api-key-authoriser_role",
            "inline_policy": [
              {
                "name": "",
                "policy": ""
              }
            ],
            "managed_policy_arns": [],
            "max_session_duration": 3600,
            "name": "vap-dani-s-test-api-key-authoriser_role",
            "name_prefix": null,
            "path": "/",
            "permissions_boundary": null,
            "tags": null,
            "tags_all": {},
            "unique_id": "AROAXEFPMSBJBXMZ5NE2J"
          },
          "sensitive_attributes": [],
          "private": "bnVsbA=="
        }
      ]
    },
    {
      "module": "module.role",
      "mode": "managed",
      "type": "aws_iam_role",
      "name": "cognito_admin_group_role",
      "provider": "provider[\"registry.terraform.io/hashicorp/aws\"]",
      "instances": [
        {
          "schema_version": 0,
          "attributes": {
            "arn": "arn:aws:iam::489994096722:role/vap-dani-s-test-CognitoAdminRole-role",
            "assume_role_policy": "{\"Version\":\"2012-10-17\",\"Statement\":[{\"Effect\":\"Allow\",\"Principal\":{\"Federated\":\"cognito-identity.amazonaws.com\"},\"Action\":\"sts:AssumeRoleWithWebIdentity\",\"Condition\":{\"StringEquals\":{\"cognito-identity.amazonaws.com:aud\":\"us-east-2:5cf626e4-2b9b-44d2-8df9-c270722e419a\"},\"ForAnyValue:StringLike\":{\"cognito-identity.amazonaws.com:amr\":\"authenticated\"}}}]}",
            "create_date": "2021-11-17T18:28:34Z",
            "description": "",
            "force_detach_policies": false,
            "id": "vap-dani-s-test-CognitoAdminRole-role",
            "inline_policy": [
              {
                "name": "",
                "policy": ""
              }
            ],
            "managed_policy_arns": [],
            "max_session_duration": 3600,
            "name": "vap-dani-s-test-CognitoAdminRole-role",
            "name_prefix": null,
            "path": "/",
            "permissions_boundary": null,
            "tags": null,
            "tags_all": {},
            "unique_id": "AROAXEFPMSBJJT4NRRPBR"
          },
          "sensitive_attributes": [],
          "private": "bnVsbA==",
          "dependencies": [
            "data.aws_caller_identity.current",
            "data.aws_region.current",
            "data.terraform_remote_state.vap-platform-infra",
            "module.cloudfront.aws_cloudfront_distribution.default_domain_cloudfront_distribution",
            "module.cloudfront.aws_cloudfront_distribution.s3_distribution",
            "module.cloudfront.aws_cloudfront_origin_access_identity.cloudfront_origin_access_identity",
            "module.cognito.aws_cognito_identity_pool.cognito_identity_pool",
            "module.cognito.aws_cognito_user_pool.cognito_user_pool",
            "module.cognito.aws_cognito_user_pool_client.cognito_user_pool_client",
            "module.lambda.aws_lambda_function.lambda_cloudfront_security_function",
            "module.lambda.data.archive_file.lambda_cloudfront_security_function",
            "module.role.aws_iam_role.cognito_sms_caller_role",
            "module.role.aws_iam_role.lambda_cloudfront_security_role"
          ]
        }
      ]
    },
    {
      "module": "module.role",
      "mode": "managed",
      "type": "aws_iam_role",
      "name": "cognito_registered_group_role",
      "provider": "provider[\"registry.terraform.io/hashicorp/aws\"]",
      "instances": [
        {
          "schema_version": 0,
          "attributes": {
            "arn": "arn:aws:iam::489994096722:role/vap-dani-s-test-CognitoRegisteredRole-role",
            "assume_role_policy": "{\"Version\":\"2012-10-17\",\"Statement\":[{\"Effect\":\"Allow\",\"Principal\":{\"Federated\":\"cognito-identity.amazonaws.com\"},\"Action\":\"sts:AssumeRoleWithWebIdentity\",\"Condition\":{\"StringEquals\":{\"cognito-identity.amazonaws.com:aud\":\"us-east-2:5cf626e4-2b9b-44d2-8df9-c270722e419a\"},\"ForAnyValue:StringLike\":{\"cognito-identity.amazonaws.com:amr\":\"authenticated\"}}}]}",
            "create_date": "2021-11-17T18:28:34Z",
            "description": "",
            "force_detach_policies": false,
            "id": "vap-dani-s-test-CognitoRegisteredRole-role",
            "inline_policy": [
              {
                "name": "",
                "policy": ""
              }
            ],
            "managed_policy_arns": [],
            "max_session_duration": 3600,
            "name": "vap-dani-s-test-CognitoRegisteredRole-role",
            "name_prefix": null,
            "path": "/",
            "permissions_boundary": null,
            "tags": null,
            "tags_all": {},
            "unique_id": "AROAXEFPMSBJGM2O4XQ52"
          },
          "sensitive_attributes": [],
          "private": "bnVsbA==",
          "dependencies": [
            "data.aws_caller_identity.current",
            "data.aws_region.current",
            "data.terraform_remote_state.vap-platform-infra",
            "module.cloudfront.aws_cloudfront_distribution.default_domain_cloudfront_distribution",
            "module.cloudfront.aws_cloudfront_distribution.s3_distribution",
            "module.cloudfront.aws_cloudfront_origin_access_identity.cloudfront_origin_access_identity",
            "module.cognito.aws_cognito_identity_pool.cognito_identity_pool",
            "module.cognito.aws_cognito_user_pool.cognito_user_pool",
            "module.cognito.aws_cognito_user_pool_client.cognito_user_pool_client",
            "module.lambda.aws_lambda_function.lambda_cloudfront_security_function",
            "module.lambda.data.archive_file.lambda_cloudfront_security_function",
            "module.role.aws_iam_role.cognito_sms_caller_role",
            "module.role.aws_iam_role.lambda_cloudfront_security_role"
          ]
        }
      ]
    },
    {
      "module": "module.role",
      "mode": "managed",
      "type": "aws_iam_role",
      "name": "cognito_sms_caller_role",
      "provider": "provider[\"registry.terraform.io/hashicorp/aws\"]",
      "instances": [
        {
          "schema_version": 0,
          "attributes": {
            "arn": "arn:aws:iam::489994096722:role/vap-dani-s-test-cognito_sms_caller_role",
            "assume_role_policy": "{\"Version\":\"2012-10-17\",\"Statement\":[{\"Sid\":\"\",\"Effect\":\"Allow\",\"Principal\":{\"Service\":\"cognito-idp.amazonaws.com\"},\"Action\":\"sts:AssumeRole\"}]}",
            "create_date": "2021-11-17T18:23:37Z",
            "description": "",
            "force_detach_policies": false,
            "id": "vap-dani-s-test-cognito_sms_caller_role",
            "inline_policy": [
              {
                "name": "",
                "policy": ""
              }
            ],
            "managed_policy_arns": [],
            "max_session_duration": 3600,
            "name": "vap-dani-s-test-cognito_sms_caller_role",
            "name_prefix": null,
            "path": "/",
            "permissions_boundary": null,
            "tags": null,
            "tags_all": {},
            "unique_id": "AROAXEFPMSBJA6P3YQZ6V"
          },
          "sensitive_attributes": [],
          "private": "bnVsbA=="
        }
      ]
    },
    {
      "module": "module.role",
      "mode": "managed",
      "type": "aws_iam_role",
      "name": "lambda_api_key_rotation_role",
      "provider": "provider[\"registry.terraform.io/hashicorp/aws\"]",
      "instances": [
        {
          "schema_version": 0,
          "attributes": {
            "arn": "arn:aws:iam::489994096722:role/vap-dani-s-test-lambda_api_key_rotation_role",
            "assume_role_policy": "{\"Version\":\"2012-10-17\",\"Statement\":[{\"Effect\":\"Allow\",\"Principal\":{\"Service\":\"lambda.amazonaws.com\"},\"Action\":\"sts:AssumeRole\"}]}",
            "create_date": "2021-11-17T18:23:33Z",
            "description": "",
            "force_detach_policies": false,
            "id": "vap-dani-s-test-lambda_api_key_rotation_role",
            "inline_policy": [
              {
                "name": "",
                "policy": ""
              }
            ],
            "managed_policy_arns": [],
            "max_session_duration": 3600,
            "name": "vap-dani-s-test-lambda_api_key_rotation_role",
            "name_prefix": null,
            "path": "/",
            "permissions_boundary": null,
            "tags": null,
            "tags_all": {},
            "unique_id": "AROAXEFPMSBJHOTA25QZO"
          },
          "sensitive_attributes": [],
          "private": "bnVsbA=="
        }
      ]
    },
    {
      "module": "module.role",
      "mode": "managed",
      "type": "aws_iam_role",
      "name": "lambda_asset_uploader_role",
      "provider": "provider[\"registry.terraform.io/hashicorp/aws\"]",
      "instances": [
        {
          "schema_version": 0,
          "attributes": {
            "arn": "arn:aws:iam::489994096722:role/vap-dani-s-test-lambda_asset_uploader_role",
            "assume_role_policy": "{\"Version\":\"2012-10-17\",\"Statement\":[{\"Effect\":\"Allow\",\"Principal\":{\"Service\":\"lambda.amazonaws.com\"},\"Action\":\"sts:AssumeRole\"}]}",
            "create_date": "2021-11-17T18:23:32Z",
            "description": "",
            "force_detach_policies": false,
            "id": "vap-dani-s-test-lambda_asset_uploader_role",
            "inline_policy": [
              {
                "name": "",
                "policy": ""
              }
            ],
            "managed_policy_arns": [],
            "max_session_duration": 3600,
            "name": "vap-dani-s-test-lambda_asset_uploader_role",
            "name_prefix": null,
            "path": "/",
            "permissions_boundary": null,
            "tags": null,
            "tags_all": {},
            "unique_id": "AROAXEFPMSBJDSG52NSWT"
          },
          "sensitive_attributes": [],
          "private": "bnVsbA=="
        }
      ]
    },
    {
      "module": "module.role",
      "mode": "managed",
      "type": "aws_iam_role",
      "name": "lambda_authorizer_role",
      "provider": "provider[\"registry.terraform.io/hashicorp/aws\"]",
      "instances": [
        {
          "schema_version": 0,
          "attributes": {
            "arn": "arn:aws:iam::489994096722:role/vap-dani-s-test-lambda_authorizer_role",
            "assume_role_policy": "{\"Version\":\"2012-10-17\",\"Statement\":[{\"Effect\":\"Allow\",\"Principal\":{\"Service\":\"lambda.amazonaws.com\"},\"Action\":\"sts:AssumeRole\"}]}",
            "create_date": "2021-11-17T18:23:33Z",
            "description": "",
            "force_detach_policies": false,
            "id": "vap-dani-s-test-lambda_authorizer_role",
            "inline_policy": [
              {
                "name": "",
                "policy": ""
              }
            ],
            "managed_policy_arns": [],
            "max_session_duration": 3600,
            "name": "vap-dani-s-test-lambda_authorizer_role",
            "name_prefix": null,
            "path": "/",
            "permissions_boundary": null,
            "tags": null,
            "tags_all": {},
            "unique_id": "AROAXEFPMSBJGTIQQRBCK"
          },
          "sensitive_attributes": [],
          "private": "bnVsbA=="
        }
      ]
    },
    {
      "module": "module.role",
      "mode": "managed",
      "type": "aws_iam_role",
      "name": "lambda_backend_role",
      "provider": "provider[\"registry.terraform.io/hashicorp/aws\"]",
      "instances": [
        {
          "schema_version": 0,
          "attributes": {
            "arn": "arn:aws:iam::489994096722:role/vap-dani-s-test-lambda_backend",
            "assume_role_policy": "{\"Version\":\"2012-10-17\",\"Statement\":[{\"Effect\":\"Allow\",\"Principal\":{\"Service\":\"lambda.amazonaws.com\"},\"Action\":\"sts:AssumeRole\"}]}",
            "create_date": "2021-11-17T18:23:40Z",
            "description": "",
            "force_detach_policies": false,
            "id": "vap-dani-s-test-lambda_backend",
            "inline_policy": [
              {
                "name": "",
                "policy": ""
              }
            ],
            "managed_policy_arns": [],
            "max_session_duration": 3600,
            "name": "vap-dani-s-test-lambda_backend",
            "name_prefix": null,
            "path": "/",
            "permissions_boundary": null,
            "tags": null,
            "tags_all": {},
            "unique_id": "AROAXEFPMSBJDH65W2FVE"
          },
          "sensitive_attributes": [],
          "private": "bnVsbA=="
        }
      ]
    },
    {
      "module": "module.role",
      "mode": "managed",
      "type": "aws_iam_role",
      "name": "lambda_catalog_updater_role",
      "provider": "provider[\"registry.terraform.io/hashicorp/aws\"]",
      "instances": [
        {
          "schema_version": 0,
          "attributes": {
            "arn": "arn:aws:iam::489994096722:role/vap-dani-s-test-lambda_catalog_updater",
            "assume_role_policy": "{\"Version\":\"2012-10-17\",\"Statement\":[{\"Effect\":\"Allow\",\"Principal\":{\"Service\":\"lambda.amazonaws.com\"},\"Action\":\"sts:AssumeRole\"}]}",
            "create_date": "2021-11-17T18:23:33Z",
            "description": "",
            "force_detach_policies": false,
            "id": "vap-dani-s-test-lambda_catalog_updater",
            "inline_policy": [
              {
                "name": "",
                "policy": ""
              }
            ],
            "managed_policy_arns": [],
            "max_session_duration": 3600,
            "name": "vap-dani-s-test-lambda_catalog_updater",
            "name_prefix": null,
            "path": "/",
            "permissions_boundary": null,
            "tags": null,
            "tags_all": {},
            "unique_id": "AROAXEFPMSBJGY44D4P6W"
          },
          "sensitive_attributes": [],
          "private": "bnVsbA=="
        }
      ]
    },
    {
      "module": "module.role",
      "mode": "managed",
      "type": "aws_iam_role",
      "name": "lambda_cloudfront_security_role",
      "provider": "provider[\"registry.terraform.io/hashicorp/aws\"]",
      "instances": [
        {
          "schema_version": 0,
          "attributes": {
            "arn": "arn:aws:iam::489994096722:role/vap-dani-s-test-lambda_cloudfront_security_role",
            "assume_role_policy": "{\"Version\":\"2012-10-17\",\"Statement\":[{\"Effect\":\"Allow\",\"Principal\":{\"Service\":[\"lambda.amazonaws.com\",\"edgelambda.amazonaws.com\"]},\"Action\":\"sts:AssumeRole\"}]}",
            "create_date": "2021-11-17T18:23:38Z",
            "description": "",
            "force_detach_policies": false,
            "id": "vap-dani-s-test-lambda_cloudfront_security_role",
            "inline_policy": [
              {
                "name": "",
                "policy": ""
              }
            ],
            "managed_policy_arns": [],
            "max_session_duration": 3600,
            "name": "vap-dani-s-test-lambda_cloudfront_security_role",
            "name_prefix": null,
            "path": "/",
            "permissions_boundary": null,
            "tags": null,
            "tags_all": {},
            "unique_id": "AROAXEFPMSBJEPNICV5OD"
          },
          "sensitive_attributes": [],
          "private": "bnVsbA=="
        }
      ]
    },
    {
      "module": "module.role",
      "mode": "managed",
      "type": "aws_iam_role",
      "name": "lambda_cognito_post_authentication_trigger_role",
      "provider": "provider[\"registry.terraform.io/hashicorp/aws\"]",
      "instances": [
        {
          "schema_version": 0,
          "attributes": {
            "arn": "arn:aws:iam::489994096722:role/vap-dani-s-test-lambda_cognito_post_authentication_trigger_role",
            "assume_role_policy": "{\"Version\":\"2012-10-17\",\"Statement\":[{\"Effect\":\"Allow\",\"Principal\":{\"Service\":\"lambda.amazonaws.com\"},\"Action\":\"sts:AssumeRole\"}]}",
            "create_date": "2021-11-17T18:23:33Z",
            "description": "",
            "force_detach_policies": false,
            "id": "vap-dani-s-test-lambda_cognito_post_authentication_trigger_role",
            "inline_policy": [
              {
                "name": "",
                "policy": ""
              }
            ],
            "managed_policy_arns": [],
            "max_session_duration": 3600,
            "name": "vap-dani-s-test-lambda_cognito_post_authentication_trigger_role",
            "name_prefix": null,
            "path": "/",
            "permissions_boundary": null,
            "tags": null,
            "tags_all": {},
            "unique_id": "AROAXEFPMSBJAYJ6UPHN7"
          },
          "sensitive_attributes": [],
          "private": "bnVsbA=="
        }
      ]
    },
    {
      "module": "module.role",
      "mode": "managed",
      "type": "aws_iam_role",
      "name": "lambda_cognito_post_confirmation_trigger_role",
      "provider": "provider[\"registry.terraform.io/hashicorp/aws\"]",
      "instances": [
        {
          "schema_version": 0,
          "attributes": {
            "arn": "arn:aws:iam::489994096722:role/vap-dani-s-test-lambda_cognito_post_confirmation_trigger_role",
            "assume_role_policy": "{\"Version\":\"2012-10-17\",\"Statement\":[{\"Effect\":\"Allow\",\"Principal\":{\"Service\":\"lambda.amazonaws.com\"},\"Action\":\"sts:AssumeRole\"}]}",
            "create_date": "2021-11-17T18:23:40Z",
            "description": "",
            "force_detach_policies": false,
            "id": "vap-dani-s-test-lambda_cognito_post_confirmation_trigger_role",
            "inline_policy": [
              {
                "name": "",
                "policy": ""
              }
            ],
            "managed_policy_arns": [],
            "max_session_duration": 3600,
            "name": "vap-dani-s-test-lambda_cognito_post_confirmation_trigger_role",
            "name_prefix": null,
            "path": "/",
            "permissions_boundary": null,
            "tags": null,
            "tags_all": {},
            "unique_id": "AROAXEFPMSBJADV4ZBNFC"
          },
          "sensitive_attributes": [],
          "private": "bnVsbA=="
        }
      ]
    },
    {
      "module": "module.role",
      "mode": "managed",
      "type": "aws_iam_role",
      "name": "lambda_cognito_presignup_trigger_role",
      "provider": "provider[\"registry.terraform.io/hashicorp/aws\"]",
      "instances": [
        {
          "schema_version": 0,
          "attributes": {
            "arn": "arn:aws:iam::489994096722:role/vap-dani-s-test-lambda_cognito_presignup_trigger_role",
            "assume_role_policy": "{\"Version\":\"2012-10-17\",\"Statement\":[{\"Effect\":\"Allow\",\"Principal\":{\"Service\":\"lambda.amazonaws.com\"},\"Action\":\"sts:AssumeRole\"}]}",
            "create_date": "2021-11-17T18:23:32Z",
            "description": "",
            "force_detach_policies": false,
            "id": "vap-dani-s-test-lambda_cognito_presignup_trigger_role",
            "inline_policy": [
              {
                "name": "",
                "policy": ""
              }
            ],
            "managed_policy_arns": [],
            "max_session_duration": 3600,
            "name": "vap-dani-s-test-lambda_cognito_presignup_trigger_role",
            "name_prefix": null,
            "path": "/",
            "permissions_boundary": null,
            "tags": null,
            "tags_all": {},
            "unique_id": "AROAXEFPMSBJAZRLVBD27"
          },
          "sensitive_attributes": [],
          "private": "bnVsbA=="
        }
      ]
    },
    {
      "module": "module.role",
      "mode": "managed",
      "type": "aws_iam_role",
      "name": "lambda_cognito_userpool_client_settings_role",
      "provider": "provider[\"registry.terraform.io/hashicorp/aws\"]",
      "instances": [
        {
          "schema_version": 0,
          "attributes": {
            "arn": "arn:aws:iam::489994096722:role/vap-dani-s-test-lambda_cognito_userpool_client_settings_role",
            "assume_role_policy": "{\"Version\":\"2012-10-17\",\"Statement\":[{\"Effect\":\"Allow\",\"Principal\":{\"Service\":\"lambda.amazonaws.com\"},\"Action\":\"sts:AssumeRole\"}]}",
            "create_date": "2021-11-17T18:23:37Z",
            "description": "",
            "force_detach_policies": false,
            "id": "vap-dani-s-test-lambda_cognito_userpool_client_settings_role",
            "inline_policy": [
              {
                "name": "",
                "policy": ""
              }
            ],
            "managed_policy_arns": [],
            "max_session_duration": 3600,
            "name": "vap-dani-s-test-lambda_cognito_userpool_client_settings_role",
            "name_prefix": null,
            "path": "/",
            "permissions_boundary": null,
            "tags": null,
            "tags_all": {},
            "unique_id": "AROAXEFPMSBJCVRDAB437"
          },
          "sensitive_attributes": [],
          "private": "bnVsbA=="
        }
      ]
    },
    {
      "module": "module.role",
      "mode": "managed",
      "type": "aws_iam_role",
      "name": "lambda_cognito_userpool_domain_role",
      "provider": "provider[\"registry.terraform.io/hashicorp/aws\"]",
      "instances": [
        {
          "schema_version": 0,
          "attributes": {
            "arn": "arn:aws:iam::489994096722:role/vap-dani-s-test-lambda_cognito_userpool_domain_role",
            "assume_role_policy": "{\"Version\":\"2012-10-17\",\"Statement\":[{\"Effect\":\"Allow\",\"Principal\":{\"Service\":\"lambda.amazonaws.com\"},\"Action\":\"sts:AssumeRole\"}]}",
            "create_date": "2021-11-17T18:23:39Z",
            "description": "",
            "force_detach_policies": false,
            "id": "vap-dani-s-test-lambda_cognito_userpool_domain_role",
            "inline_policy": [
              {
                "name": "",
                "policy": ""
              }
            ],
            "managed_policy_arns": [],
            "max_session_duration": 3600,
            "name": "vap-dani-s-test-lambda_cognito_userpool_domain_role",
            "name_prefix": null,
            "path": "/",
            "permissions_boundary": null,
            "tags": null,
            "tags_all": {},
            "unique_id": "AROAXEFPMSBJO66IFFIEQ"
          },
          "sensitive_attributes": [],
          "private": "bnVsbA=="
        }
      ]
    },
    {
      "module": "module.role",
      "mode": "managed",
      "type": "aws_iam_role",
      "name": "lambda_dump_v3_account_role",
      "provider": "provider[\"registry.terraform.io/hashicorp/aws\"]",
      "instances": [
        {
          "schema_version": 0,
          "attributes": {
            "arn": "arn:aws:iam::489994096722:role/vap-dani-s-test-lambda_dump_v3_account_role",
            "assume_role_policy": "{\"Version\":\"2012-10-17\",\"Statement\":[{\"Effect\":\"Allow\",\"Principal\":{\"Service\":\"lambda.amazonaws.com\"},\"Action\":\"sts:AssumeRole\"}]}",
            "create_date": "2021-11-17T18:23:37Z",
            "description": "",
            "force_detach_policies": false,
            "id": "vap-dani-s-test-lambda_dump_v3_account_role",
            "inline_policy": [
              {
                "name": "",
                "policy": ""
              }
            ],
            "managed_policy_arns": [],
            "max_session_duration": 3600,
            "name": "vap-dani-s-test-lambda_dump_v3_account_role",
            "name_prefix": null,
            "path": "/",
            "permissions_boundary": null,
            "tags": null,
            "tags_all": {},
            "unique_id": "AROAXEFPMSBJH2RECELXK"
          },
          "sensitive_attributes": [],
          "private": "bnVsbA=="
        }
      ]
    },
    {
      "module": "module.role",
      "mode": "managed",
      "type": "aws_iam_role",
      "name": "lambda_invoke_api_key_rotation_role",
      "provider": "provider[\"registry.terraform.io/hashicorp/aws\"]",
      "instances": [
        {
          "schema_version": 0,
          "attributes": {
            "arn": "arn:aws:iam::489994096722:role/vap-dani-s-test-lambda_invoke_api_key_rotation_role",
            "assume_role_policy": "{\"Version\":\"2012-10-17\",\"Statement\":[{\"Effect\":\"Allow\",\"Principal\":{\"Service\":\"lambda.amazonaws.com\"},\"Action\":\"sts:AssumeRole\"}]}",
            "create_date": "2021-11-17T18:23:38Z",
            "description": "",
            "force_detach_policies": false,
            "id": "vap-dani-s-test-lambda_invoke_api_key_rotation_role",
            "inline_policy": [
              {
                "name": "",
                "policy": ""
              }
            ],
            "managed_policy_arns": [],
            "max_session_duration": 3600,
            "name": "vap-dani-s-test-lambda_invoke_api_key_rotation_role",
            "name_prefix": null,
            "path": "/",
            "permissions_boundary": null,
            "tags": null,
            "tags_all": {},
            "unique_id": "AROAXEFPMSBJJDGP7GWTZ"
          },
          "sensitive_attributes": [],
          "private": "bnVsbA=="
        }
      ]
    },
    {
      "module": "module.role",
      "mode": "managed",
      "type": "aws_iam_role",
      "name": "lambda_usergroup_importer_role",
      "provider": "provider[\"registry.terraform.io/hashicorp/aws\"]",
      "instances": [
        {
          "schema_version": 0,
          "attributes": {
            "arn": "arn:aws:iam::489994096722:role/vap-dani-s-test-lambda_usergroup_importer_role",
            "assume_role_policy": "{\"Version\":\"2012-10-17\",\"Statement\":[{\"Effect\":\"Allow\",\"Principal\":{\"Service\":\"lambda.amazonaws.com\"},\"Action\":\"sts:AssumeRole\"}]}",
            "create_date": "2021-11-17T18:23:40Z",
            "description": "",
            "force_detach_policies": false,
            "id": "vap-dani-s-test-lambda_usergroup_importer_role",
            "inline_policy": [
              {
                "name": "",
                "policy": ""
              }
            ],
            "managed_policy_arns": [],
            "max_session_duration": 3600,
            "name": "vap-dani-s-test-lambda_usergroup_importer_role",
            "name_prefix": null,
            "path": "/",
            "permissions_boundary": null,
            "tags": null,
            "tags_all": {},
            "unique_id": "AROAXEFPMSBJOADFOA5X6"
          },
          "sensitive_attributes": [],
          "private": "bnVsbA=="
        }
      ]
    }
  ]
}
